// !$*UTF8*$!
{
	archiveVersion = 1;
	classes = {
	};
	objectVersion = 46;
	objects = {

/* Begin PBXBuildFile section */
		346BBE7C75AFB8BCAE468978 /* Pods_nWorkout.framework in Frameworks */ = {isa = PBXBuildFile; fileRef = 297284437228E456B1EA50E8 /* Pods_nWorkout.framework */; };
		3C43096E39B063C43C284465 /* Pods_SnapshotTarget.framework in Frameworks */ = {isa = PBXBuildFile; fileRef = D248BDE05F2A3BFCF6C05C6D /* Pods_SnapshotTarget.framework */; };
		B30314681E302F1F00E13EBE /* Assets.xcassets in Resources */ = {isa = PBXBuildFile; fileRef = B30314671E302F1F00E13EBE /* Assets.xcassets */; };
		B3170D151DE3C405001A11CE /* TextFieldBehaviorHandler.swift in Sources */ = {isa = PBXBuildFile; fileRef = B3170D141DE3C405001A11CE /* TextFieldBehaviorHandler.swift */; };
		B31953A61E305F6000AC2687 /* WorkoutDetailCoordinator.swift in Sources */ = {isa = PBXBuildFile; fileRef = B31953A51E305F6000AC2687 /* WorkoutDetailCoordinator.swift */; };
		B31953A81E305F7900AC2687 /* WorkoutDetailVC.swift in Sources */ = {isa = PBXBuildFile; fileRef = B31953A71E305F7900AC2687 /* WorkoutDetailVC.swift */; };
		B31B63F71ED53DEA0020AF5E /* HealthKitManager.swift in Sources */ = {isa = PBXBuildFile; fileRef = B31B63F61ED53DEA0020AF5E /* HealthKitManager.swift */; };
		B31CEC641DDAA764002F826C /* LiftTypeTVC.swift in Sources */ = {isa = PBXBuildFile; fileRef = B31CEC631DDAA764002F826C /* LiftTypeTVC.swift */; };
		B31CEC661DDB02A1002F826C /* LiftCell.swift in Sources */ = {isa = PBXBuildFile; fileRef = B31CEC651DDB02A1002F826C /* LiftCell.swift */; };
		B31E9FB91DD6AE0100B9AEFC /* WorkoutDataSource.swift in Sources */ = {isa = PBXBuildFile; fileRef = B31E9FB81DD6AE0100B9AEFC /* WorkoutDataSource.swift */; };
		B31E9FBB1DD6AE2000B9AEFC /* RoutinesDataSource.swift in Sources */ = {isa = PBXBuildFile; fileRef = B31E9FBA1DD6AE2000B9AEFC /* RoutinesDataSource.swift */; };
		B31E9FBD1DD6AE2B00B9AEFC /* RoutineDataSource.swift in Sources */ = {isa = PBXBuildFile; fileRef = B31E9FBC1DD6AE2B00B9AEFC /* RoutineDataSource.swift */; };
		B31E9FBF1DD6AE3400B9AEFC /* RoutinesTVC.swift in Sources */ = {isa = PBXBuildFile; fileRef = B31E9FBE1DD6AE3400B9AEFC /* RoutinesTVC.swift */; };
		B32504021E34447300C51909 /* StatisticsCell.swift in Sources */ = {isa = PBXBuildFile; fileRef = B32504011E34447300C51909 /* StatisticsCell.swift */; };
		B32504041E34455900C51909 /* SingleLiftStatisticsCoordinator.swift in Sources */ = {isa = PBXBuildFile; fileRef = B32504031E34455900C51909 /* SingleLiftStatisticsCoordinator.swift */; };
		B32504061E34456C00C51909 /* CarbonStatisticsVC.swift in Sources */ = {isa = PBXBuildFile; fileRef = B32504051E34456C00C51909 /* CarbonStatisticsVC.swift */; };
		B32525C21E768C08003835DF /* SelectWorkoutCell.swift in Sources */ = {isa = PBXBuildFile; fileRef = B360593C1E1C4ACE00EBE620 /* SelectWorkoutCell.swift */; };
		B32525C31E768C08003835DF /* BaseDataProvider.swift in Sources */ = {isa = PBXBuildFile; fileRef = B38208741DC2B1FA0008D6F8 /* BaseDataProvider.swift */; };
		B32525C41E768C08003835DF /* DataSource.swift in Sources */ = {isa = PBXBuildFile; fileRef = B3780EEE1DD5A7010087CEC1 /* DataSource.swift */; };
		B32525C51E768C08003835DF /* LiftTypeCoordinator.swift in Sources */ = {isa = PBXBuildFile; fileRef = B36059401E1C4B5600EBE620 /* LiftTypeCoordinator.swift */; };
		B32525C61E768C08003835DF /* WorkoutCell.swift in Sources */ = {isa = PBXBuildFile; fileRef = B38208711DC2B1850008D6F8 /* WorkoutCell.swift */; };
		B32525C71E768C08003835DF /* BaseWorkoutsTVC.swift in Sources */ = {isa = PBXBuildFile; fileRef = B3FCCD221E137728003EF14E /* BaseWorkoutsTVC.swift */; };
		B32525C81E768C08003835DF /* WeightAndRepsTextField.swift in Sources */ = {isa = PBXBuildFile; fileRef = B360592D1E1C3E8900EBE620 /* WeightAndRepsTextField.swift */; };
		B32525C91E768C08003835DF /* ViewInfo.swift in Sources */ = {isa = PBXBuildFile; fileRef = B36059431E1C92A600EBE620 /* ViewInfo.swift */; };
		B32525CA1E768C08003835DF /* WorkoutFooterView.swift in Sources */ = {isa = PBXBuildFile; fileRef = B335C3661DEEAD7100D21562 /* WorkoutFooterView.swift */; };
		B32525CB1E768C08003835DF /* CombinedView.swift in Sources */ = {isa = PBXBuildFile; fileRef = B36059471E1C951C00EBE620 /* CombinedView.swift */; };
		B32525CC1E768C08003835DF /* TextFieldBehaviorHandler.swift in Sources */ = {isa = PBXBuildFile; fileRef = B3170D141DE3C405001A11CE /* TextFieldBehaviorHandler.swift */; };
		B32525CD1E768C08003835DF /* SettingsCell.swift in Sources */ = {isa = PBXBuildFile; fileRef = B36059451E1C92C100EBE620 /* SettingsCell.swift */; };
		B32525CE1E768C08003835DF /* CompletedWeightAndRepsTextField.swift in Sources */ = {isa = PBXBuildFile; fileRef = B360592F1E1C3EA700EBE620 /* CompletedWeightAndRepsTextField.swift */; };
		B32525CF1E768C08003835DF /* SelectWorkoutVC.swift in Sources */ = {isa = PBXBuildFile; fileRef = B3773F921DD7CF630067746D /* SelectWorkoutVC.swift */; };
		B32525D01E768C08003835DF /* Workout.swift in Sources */ = {isa = PBXBuildFile; fileRef = B34BA0591DC1CC4B006B6A51 /* Workout.swift */; };
		B32525D11E768C08003835DF /* Base.swift in Sources */ = {isa = PBXBuildFile; fileRef = B38208781DC2B23E0008D6F8 /* Base.swift */; };
		B32525D21E768C08003835DF /* SettingsCoordinator.swift in Sources */ = {isa = PBXBuildFile; fileRef = B3BB318F1DDAA24C0015F9B0 /* SettingsCoordinator.swift */; };
		B32525D31E768C08003835DF /* StatisticsCoordinator.swift in Sources */ = {isa = PBXBuildFile; fileRef = B3BB318D1DDAA2360015F9B0 /* StatisticsCoordinator.swift */; };
		B32525D41E768C08003835DF /* StatisticsHistoryTVC.swift in Sources */ = {isa = PBXBuildFile; fileRef = B37951921E34ACF0000F7428 /* StatisticsHistoryTVC.swift */; };
		B32525D51E768C08003835DF /* Theme.swift in Sources */ = {isa = PBXBuildFile; fileRef = B34BA0551DC1CC29006B6A51 /* Theme.swift */; };
		B32525D61E768C08003835DF /* LiftTypeTVC.swift in Sources */ = {isa = PBXBuildFile; fileRef = B31CEC631DDAA764002F826C /* LiftTypeTVC.swift */; };
		B32525D71E768C08003835DF /* WorkoutFooterViewButton.swift in Sources */ = {isa = PBXBuildFile; fileRef = B3FCCD311E17249D003EF14E /* WorkoutFooterViewButton.swift */; };
		B32525D81E768C08003835DF /* WorkoutDetailCoordinator.swift in Sources */ = {isa = PBXBuildFile; fileRef = B31953A51E305F6000AC2687 /* WorkoutDetailCoordinator.swift */; };
		B32525D91E768C08003835DF /* ColumnRowView.swift in Sources */ = {isa = PBXBuildFile; fileRef = B360591F1E1C3D8F00EBE620 /* ColumnRowView.swift */; };
		B32525DA1E768C08003835DF /* Lift.swift in Sources */ = {isa = PBXBuildFile; fileRef = B34BA05B1DC1CCED006B6A51 /* Lift.swift */; };
		B32525DB1E768C08003835DF /* WorkoutCoordinator.swift in Sources */ = {isa = PBXBuildFile; fileRef = B3BB31831DDAA15B0015F9B0 /* WorkoutCoordinator.swift */; };
		B32525DC1E768C08003835DF /* SettingsTVC.swift in Sources */ = {isa = PBXBuildFile; fileRef = B328D8131DD6FA5E000948ED /* SettingsTVC.swift */; };
		B32525DD1E768C08003835DF /* AcrtiveWorkoutCoordinator.swift in Sources */ = {isa = PBXBuildFile; fileRef = B3BB31891DDAA1B60015F9B0 /* AcrtiveWorkoutCoordinator.swift */; };
		B32525DE1E768C08003835DF /* RoutineCell.swift in Sources */ = {isa = PBXBuildFile; fileRef = B36059211E1C3DB000EBE620 /* RoutineCell.swift */; };
		B32525DF1E768C08003835DF /* RoutineSetRowView.swift in Sources */ = {isa = PBXBuildFile; fileRef = B360592B1E1C3E7600EBE620 /* RoutineSetRowView.swift */; };
		B32525E01E768C08003835DF /* WorkoutLiftCell.swift in Sources */ = {isa = PBXBuildFile; fileRef = B3FCCD381E172AC3003EF14E /* WorkoutLiftCell.swift */; };
		B32525E11E768C08003835DF /* WorkoutsCoordinator.swift in Sources */ = {isa = PBXBuildFile; fileRef = B3BB31811DDAA1390015F9B0 /* WorkoutsCoordinator.swift */; };
		B32525E21E768C08003835DF /* ArrayProvider.swift in Sources */ = {isa = PBXBuildFile; fileRef = B3780EF21DD5A7100087CEC1 /* ArrayProvider.swift */; };
		B32525E31E768C08003835DF /* RoutineDataSource.swift in Sources */ = {isa = PBXBuildFile; fileRef = B31E9FBC1DD6AE2B00B9AEFC /* RoutineDataSource.swift */; };
		B32525E41E768C08003835DF /* SelectWorkoutCoordinator.swift in Sources */ = {isa = PBXBuildFile; fileRef = B3BB318B1DDAA1F10015F9B0 /* SelectWorkoutCoordinator.swift */; };
		B32525E51E768C08003835DF /* RLM.swift in Sources */ = {isa = PBXBuildFile; fileRef = B36F37E71E0F7FF100667263 /* RLM.swift */; };
		B32525E61E768C08003835DF /* ConfigurableCell.swift in Sources */ = {isa = PBXBuildFile; fileRef = B3780EF71DD5B0C80087CEC1 /* ConfigurableCell.swift */; };
		B32525E71E768C08003835DF /* LiftTableHeaderView.swift in Sources */ = {isa = PBXBuildFile; fileRef = B3B6DB351E1F000700090C45 /* LiftTableHeaderView.swift */; };
		B32525E81E768C08003835DF /* RoutinesCoordinator.swift in Sources */ = {isa = PBXBuildFile; fileRef = B3BB31851DDAA17B0015F9B0 /* RoutinesCoordinator.swift */; };
		B32525E91E768C08003835DF /* CarbonStatisticsVC.swift in Sources */ = {isa = PBXBuildFile; fileRef = B32504051E34456C00C51909 /* CarbonStatisticsVC.swift */; };
		B32525EA1E768C08003835DF /* CompleteButton.swift in Sources */ = {isa = PBXBuildFile; fileRef = B36059381E1C3F0700EBE620 /* CompleteButton.swift */; };
		B32525EB1E768C08003835DF /* UIAlertController+Extensions.swift in Sources */ = {isa = PBXBuildFile; fileRef = B360593E1E1C4B1700EBE620 /* UIAlertController+Extensions.swift */; };
		B32525EC1E768C08003835DF /* RoutineLiftCell.swift in Sources */ = {isa = PBXBuildFile; fileRef = B36059251E1C3E0800EBE620 /* RoutineLiftCell.swift */; };
		B32525ED1E768C08003835DF /* LiftCell.swift in Sources */ = {isa = PBXBuildFile; fileRef = B31CEC651DDB02A1002F826C /* LiftCell.swift */; };
		B32525EE1E768C08003835DF /* SetNumberLabel.swift in Sources */ = {isa = PBXBuildFile; fileRef = B36059321E1C3EC700EBE620 /* SetNumberLabel.swift */; };
		B32525EF1E768C08003835DF /* RoutinesTVC.swift in Sources */ = {isa = PBXBuildFile; fileRef = B31E9FBE1DD6AE3400B9AEFC /* RoutinesTVC.swift */; };
		B32525F01E768C08003835DF /* BaseWorkoutTVC.swift in Sources */ = {isa = PBXBuildFile; fileRef = B360594F1E1CC71F00EBE620 /* BaseWorkoutTVC.swift */; };
		B32525F11E768C08003835DF /* KeyboardHandler.swift in Sources */ = {isa = PBXBuildFile; fileRef = B3FCCD281E1718E6003EF14E /* KeyboardHandler.swift */; };
		B32525F21E768C08003835DF /* FailButton.swift in Sources */ = {isa = PBXBuildFile; fileRef = B36059361E1C3EF600EBE620 /* FailButton.swift */; };
		B32525F31E768C08003835DF /* MainCoordinator.swift in Sources */ = {isa = PBXBuildFile; fileRef = B3312B331DC12F9700318AA6 /* MainCoordinator.swift */; };
		B32525F41E768C08003835DF /* BaseTVC.swift in Sources */ = {isa = PBXBuildFile; fileRef = B3FCCD241E137828003EF14E /* BaseTVC.swift */; };
		B32525F51E768C08003835DF /* RoutineTVC.swift in Sources */ = {isa = PBXBuildFile; fileRef = B328D80F1DD6FA3C000948ED /* RoutineTVC.swift */; };
		B32525F61E768C08003835DF /* WorkoutsTVC.swift in Sources */ = {isa = PBXBuildFile; fileRef = B382087A1DC2B2C00008D6F8 /* WorkoutsTVC.swift */; };
		B32525F71E768C08003835DF /* StartBlankWorkoutButton.swift in Sources */ = {isa = PBXBuildFile; fileRef = B360593A1E1C41C300EBE620 /* StartBlankWorkoutButton.swift */; };
		B32525F81E768C08003835DF /* Set.swift in Sources */ = {isa = PBXBuildFile; fileRef = B38208761DC2B22A0008D6F8 /* Set.swift */; };
		B32525F91E768C08003835DF /* WorkoutTVC.swift in Sources */ = {isa = PBXBuildFile; fileRef = B382087E1DC2B3EE0008D6F8 /* WorkoutTVC.swift */; };
		B32525FA1E768C08003835DF /* ActiveOrFinished.swift in Sources */ = {isa = PBXBuildFile; fileRef = B3FCCD361E172A9F003EF14E /* ActiveOrFinished.swift */; };
		B32525FB1E768C08003835DF /* BaseChartViewDataSource.swift in Sources */ = {isa = PBXBuildFile; fileRef = B36059231E1C3DCF00EBE620 /* BaseChartViewDataSource.swift */; };
		B32525FC1E768C08003835DF /* Keyboard&KeyboardDelegate.swift in Sources */ = {isa = PBXBuildFile; fileRef = B35DAE3F1DDBDAB300EE5960 /* Keyboard&KeyboardDelegate.swift */; };
		B32525FD1E768C08003835DF /* SingleLiftStatisticsCoordinator.swift in Sources */ = {isa = PBXBuildFile; fileRef = B32504031E34455900C51909 /* SingleLiftStatisticsCoordinator.swift */; };
		B32525FE1E768C08003835DF /* RoutinesDataSource.swift in Sources */ = {isa = PBXBuildFile; fileRef = B31E9FBA1DD6AE2000B9AEFC /* RoutinesDataSource.swift */; };
		B32525FF1E768C08003835DF /* WorkoutDetailVC.swift in Sources */ = {isa = PBXBuildFile; fileRef = B31953A71E305F7900AC2687 /* WorkoutDetailVC.swift */; };
		B32526001E768C08003835DF /* DataProvider.swift in Sources */ = {isa = PBXBuildFile; fileRef = B3D456C21DC1E309008075D5 /* DataProvider.swift */; };
		B32526011E768C08003835DF /* StatisticsTVC.swift in Sources */ = {isa = PBXBuildFile; fileRef = B328D8111DD6FA52000948ED /* StatisticsTVC.swift */; };
		B32526021E768C08003835DF /* WeightAndRepsLabel.swift in Sources */ = {isa = PBXBuildFile; fileRef = B36059341E1C3EDF00EBE620 /* WeightAndRepsLabel.swift */; };
		B32526031E768C08003835DF /* StatisticsChartsTVC.swift in Sources */ = {isa = PBXBuildFile; fileRef = B3852A5D1E767C7200900B24 /* StatisticsChartsTVC.swift */; };
		B32526041E768C08003835DF /* WorkoutDataSource.swift in Sources */ = {isa = PBXBuildFile; fileRef = B31E9FB81DD6AE0100B9AEFC /* WorkoutDataSource.swift */; };
		B32526051E768C08003835DF /* NoteButton.swift in Sources */ = {isa = PBXBuildFile; fileRef = B34E6FD71E1DF33600ACA4D5 /* NoteButton.swift */; };
		B32526061E768C08003835DF /* RoutineCoordinator.swift in Sources */ = {isa = PBXBuildFile; fileRef = B3BB31871DDAA19C0015F9B0 /* RoutineCoordinator.swift */; };
		B32526071E768C08003835DF /* StatisticsCell.swift in Sources */ = {isa = PBXBuildFile; fileRef = B32504011E34447300C51909 /* StatisticsCell.swift */; };
		B32526081E768C08003835DF /* AppDelegate.swift in Sources */ = {isa = PBXBuildFile; fileRef = B356FBC21DC09C160006A0F0 /* AppDelegate.swift */; };
		B32526091E768C08003835DF /* WorkoutsDataSource.swift in Sources */ = {isa = PBXBuildFile; fileRef = B3780EF51DD5AF2D0087CEC1 /* WorkoutsDataSource.swift */; };
		B325260A1E768C08003835DF /* SetRowView.swift in Sources */ = {isa = PBXBuildFile; fileRef = B35DAE3D1DDBC7BD00EE5960 /* SetRowView.swift */; };
		B325260B1E768C08003835DF /* Lets.swift in Sources */ = {isa = PBXBuildFile; fileRef = B34BA0571DC1CC33006B6A51 /* Lets.swift */; };
		B325260F1E768C08003835DF /* LaunchScreen.storyboard in Resources */ = {isa = PBXBuildFile; fileRef = B3D50F041E72337A0062B118 /* LaunchScreen.storyboard */; };
		B32526101E768C08003835DF /* Assets.xcassets in Resources */ = {isa = PBXBuildFile; fileRef = B30314671E302F1F00E13EBE /* Assets.xcassets */; };
		B328D8101DD6FA3C000948ED /* RoutineTVC.swift in Sources */ = {isa = PBXBuildFile; fileRef = B328D80F1DD6FA3C000948ED /* RoutineTVC.swift */; };
		B328D8121DD6FA52000948ED /* StatisticsTVC.swift in Sources */ = {isa = PBXBuildFile; fileRef = B328D8111DD6FA52000948ED /* StatisticsTVC.swift */; };
		B328D8141DD6FA5E000948ED /* SettingsTVC.swift in Sources */ = {isa = PBXBuildFile; fileRef = B328D8131DD6FA5E000948ED /* SettingsTVC.swift */; };
		B3312B341DC12F9700318AA6 /* MainCoordinator.swift in Sources */ = {isa = PBXBuildFile; fileRef = B3312B331DC12F9700318AA6 /* MainCoordinator.swift */; };
		B335C3671DEEAD7100D21562 /* WorkoutFooterView.swift in Sources */ = {isa = PBXBuildFile; fileRef = B335C3661DEEAD7100D21562 /* WorkoutFooterView.swift */; };
		B34BA0561DC1CC29006B6A51 /* Theme.swift in Sources */ = {isa = PBXBuildFile; fileRef = B34BA0551DC1CC29006B6A51 /* Theme.swift */; };
		B34BA0581DC1CC33006B6A51 /* Lets.swift in Sources */ = {isa = PBXBuildFile; fileRef = B34BA0571DC1CC33006B6A51 /* Lets.swift */; };
		B34BA05A1DC1CC4B006B6A51 /* Workout.swift in Sources */ = {isa = PBXBuildFile; fileRef = B34BA0591DC1CC4B006B6A51 /* Workout.swift */; };
		B34BA05C1DC1CCED006B6A51 /* Lift.swift in Sources */ = {isa = PBXBuildFile; fileRef = B34BA05B1DC1CCED006B6A51 /* Lift.swift */; };
		B34E6FD81E1DF33600ACA4D5 /* NoteButton.swift in Sources */ = {isa = PBXBuildFile; fileRef = B34E6FD71E1DF33600ACA4D5 /* NoteButton.swift */; };
		B3540AB21E8E1ECF0001B996 /* BaseRowView.swift in Sources */ = {isa = PBXBuildFile; fileRef = B3540AB11E8E1ECF0001B996 /* BaseRowView.swift */; };
		B3540AD41E8E31720001B996 /* SnapshotTarget.swift in Sources */ = {isa = PBXBuildFile; fileRef = B3540AD31E8E31720001B996 /* SnapshotTarget.swift */; };
		B3540AD51E8E31B90001B996 /* SnapshotHelper.swift in Sources */ = {isa = PBXBuildFile; fileRef = B3540AC11E8E2FE10001B996 /* SnapshotHelper.swift */; };
		B356FBC31DC09C160006A0F0 /* AppDelegate.swift in Sources */ = {isa = PBXBuildFile; fileRef = B356FBC21DC09C160006A0F0 /* AppDelegate.swift */; };
		B35DAE3E1DDBC7BD00EE5960 /* SetRowView.swift in Sources */ = {isa = PBXBuildFile; fileRef = B35DAE3D1DDBC7BD00EE5960 /* SetRowView.swift */; };
		B35DAE401DDBDAB300EE5960 /* Keyboard&KeyboardDelegate.swift in Sources */ = {isa = PBXBuildFile; fileRef = B35DAE3F1DDBDAB300EE5960 /* Keyboard&KeyboardDelegate.swift */; };
		B36059201E1C3D8F00EBE620 /* ColumnRowView.swift in Sources */ = {isa = PBXBuildFile; fileRef = B360591F1E1C3D8F00EBE620 /* ColumnRowView.swift */; };
		B36059221E1C3DB000EBE620 /* RoutineCell.swift in Sources */ = {isa = PBXBuildFile; fileRef = B36059211E1C3DB000EBE620 /* RoutineCell.swift */; };
		B36059241E1C3DCF00EBE620 /* BaseChartViewDataSource.swift in Sources */ = {isa = PBXBuildFile; fileRef = B36059231E1C3DCF00EBE620 /* BaseChartViewDataSource.swift */; };
		B36059261E1C3E0800EBE620 /* RoutineLiftCell.swift in Sources */ = {isa = PBXBuildFile; fileRef = B36059251E1C3E0800EBE620 /* RoutineLiftCell.swift */; };
		B360592C1E1C3E7600EBE620 /* RoutineSetRowView.swift in Sources */ = {isa = PBXBuildFile; fileRef = B360592B1E1C3E7600EBE620 /* RoutineSetRowView.swift */; };
		B360592E1E1C3E8900EBE620 /* WeightAndRepsTextField.swift in Sources */ = {isa = PBXBuildFile; fileRef = B360592D1E1C3E8900EBE620 /* WeightAndRepsTextField.swift */; };
		B36059301E1C3EA700EBE620 /* CompletedWeightAndRepsTextField.swift in Sources */ = {isa = PBXBuildFile; fileRef = B360592F1E1C3EA700EBE620 /* CompletedWeightAndRepsTextField.swift */; };
		B36059331E1C3EC700EBE620 /* SetNumberLabel.swift in Sources */ = {isa = PBXBuildFile; fileRef = B36059321E1C3EC700EBE620 /* SetNumberLabel.swift */; };
		B36059351E1C3EDF00EBE620 /* WeightAndRepsLabel.swift in Sources */ = {isa = PBXBuildFile; fileRef = B36059341E1C3EDF00EBE620 /* WeightAndRepsLabel.swift */; };
		B36059371E1C3EF600EBE620 /* FailButton.swift in Sources */ = {isa = PBXBuildFile; fileRef = B36059361E1C3EF600EBE620 /* FailButton.swift */; };
		B36059391E1C3F0700EBE620 /* CompleteButton.swift in Sources */ = {isa = PBXBuildFile; fileRef = B36059381E1C3F0700EBE620 /* CompleteButton.swift */; };
		B360593B1E1C41C300EBE620 /* StartBlankWorkoutButton.swift in Sources */ = {isa = PBXBuildFile; fileRef = B360593A1E1C41C300EBE620 /* StartBlankWorkoutButton.swift */; };
		B360593D1E1C4ACE00EBE620 /* SelectWorkoutCell.swift in Sources */ = {isa = PBXBuildFile; fileRef = B360593C1E1C4ACE00EBE620 /* SelectWorkoutCell.swift */; };
		B360593F1E1C4B1700EBE620 /* UIAlertController+Extensions.swift in Sources */ = {isa = PBXBuildFile; fileRef = B360593E1E1C4B1700EBE620 /* UIAlertController+Extensions.swift */; };
		B36059411E1C4B5600EBE620 /* LiftTypeCoordinator.swift in Sources */ = {isa = PBXBuildFile; fileRef = B36059401E1C4B5600EBE620 /* LiftTypeCoordinator.swift */; };
		B36059441E1C92A600EBE620 /* ViewInfo.swift in Sources */ = {isa = PBXBuildFile; fileRef = B36059431E1C92A600EBE620 /* ViewInfo.swift */; };
		B36059461E1C92C100EBE620 /* SettingsCell.swift in Sources */ = {isa = PBXBuildFile; fileRef = B36059451E1C92C100EBE620 /* SettingsCell.swift */; };
		B36059481E1C951C00EBE620 /* CombinedView.swift in Sources */ = {isa = PBXBuildFile; fileRef = B36059471E1C951C00EBE620 /* CombinedView.swift */; };
		B36059501E1CC71F00EBE620 /* BaseWorkoutTVC.swift in Sources */ = {isa = PBXBuildFile; fileRef = B360594F1E1CC71F00EBE620 /* BaseWorkoutTVC.swift */; };
		B36F37E81E0F7FF100667263 /* RLM.swift in Sources */ = {isa = PBXBuildFile; fileRef = B36F37E71E0F7FF100667263 /* RLM.swift */; };
		B3773F931DD7CF630067746D /* SelectWorkoutVC.swift in Sources */ = {isa = PBXBuildFile; fileRef = B3773F921DD7CF630067746D /* SelectWorkoutVC.swift */; };
		B3780EF01DD5A7010087CEC1 /* DataSource.swift in Sources */ = {isa = PBXBuildFile; fileRef = B3780EEE1DD5A7010087CEC1 /* DataSource.swift */; };
		B3780EF31DD5A7100087CEC1 /* ArrayProvider.swift in Sources */ = {isa = PBXBuildFile; fileRef = B3780EF21DD5A7100087CEC1 /* ArrayProvider.swift */; };
		B3780EF61DD5AF2D0087CEC1 /* WorkoutsDataSource.swift in Sources */ = {isa = PBXBuildFile; fileRef = B3780EF51DD5AF2D0087CEC1 /* WorkoutsDataSource.swift */; };
		B3780EF81DD5B0C80087CEC1 /* ConfigurableCell.swift in Sources */ = {isa = PBXBuildFile; fileRef = B3780EF71DD5B0C80087CEC1 /* ConfigurableCell.swift */; };
		B37951931E34ACF0000F7428 /* StatisticsHistoryTVC.swift in Sources */ = {isa = PBXBuildFile; fileRef = B37951921E34ACF0000F7428 /* StatisticsHistoryTVC.swift */; };
		B38208721DC2B1850008D6F8 /* WorkoutCell.swift in Sources */ = {isa = PBXBuildFile; fileRef = B38208711DC2B1850008D6F8 /* WorkoutCell.swift */; };
		B38208751DC2B1FA0008D6F8 /* BaseDataProvider.swift in Sources */ = {isa = PBXBuildFile; fileRef = B38208741DC2B1FA0008D6F8 /* BaseDataProvider.swift */; };
		B38208771DC2B22A0008D6F8 /* Set.swift in Sources */ = {isa = PBXBuildFile; fileRef = B38208761DC2B22A0008D6F8 /* Set.swift */; };
		B38208791DC2B23E0008D6F8 /* Base.swift in Sources */ = {isa = PBXBuildFile; fileRef = B38208781DC2B23E0008D6F8 /* Base.swift */; };
		B382087B1DC2B2C00008D6F8 /* WorkoutsTVC.swift in Sources */ = {isa = PBXBuildFile; fileRef = B382087A1DC2B2C00008D6F8 /* WorkoutsTVC.swift */; };
		B382087F1DC2B3EE0008D6F8 /* WorkoutTVC.swift in Sources */ = {isa = PBXBuildFile; fileRef = B382087E1DC2B3EE0008D6F8 /* WorkoutTVC.swift */; };
		B3852A5E1E767C7200900B24 /* StatisticsChartsTVC.swift in Sources */ = {isa = PBXBuildFile; fileRef = B3852A5D1E767C7200900B24 /* StatisticsChartsTVC.swift */; };
		B3B6DB361E1F000700090C45 /* LiftTableHeaderView.swift in Sources */ = {isa = PBXBuildFile; fileRef = B3B6DB351E1F000700090C45 /* LiftTableHeaderView.swift */; };
		B3B7D0131E7FC3A600483D95 /* ChartDataProvider.swift in Sources */ = {isa = PBXBuildFile; fileRef = B3B7D0121E7FC3A600483D95 /* ChartDataProvider.swift */; };
		B3BB31821DDAA1390015F9B0 /* WorkoutsCoordinator.swift in Sources */ = {isa = PBXBuildFile; fileRef = B3BB31811DDAA1390015F9B0 /* WorkoutsCoordinator.swift */; };
		B3BB31841DDAA15B0015F9B0 /* WorkoutCoordinator.swift in Sources */ = {isa = PBXBuildFile; fileRef = B3BB31831DDAA15B0015F9B0 /* WorkoutCoordinator.swift */; };
		B3BB31861DDAA17B0015F9B0 /* RoutinesCoordinator.swift in Sources */ = {isa = PBXBuildFile; fileRef = B3BB31851DDAA17B0015F9B0 /* RoutinesCoordinator.swift */; };
		B3BB31881DDAA19C0015F9B0 /* RoutineCoordinator.swift in Sources */ = {isa = PBXBuildFile; fileRef = B3BB31871DDAA19C0015F9B0 /* RoutineCoordinator.swift */; };
		B3BB318A1DDAA1B60015F9B0 /* AcrtiveWorkoutCoordinator.swift in Sources */ = {isa = PBXBuildFile; fileRef = B3BB31891DDAA1B60015F9B0 /* AcrtiveWorkoutCoordinator.swift */; };
		B3BB318C1DDAA1F10015F9B0 /* SelectWorkoutCoordinator.swift in Sources */ = {isa = PBXBuildFile; fileRef = B3BB318B1DDAA1F10015F9B0 /* SelectWorkoutCoordinator.swift */; };
		B3BB318E1DDAA2360015F9B0 /* StatisticsCoordinator.swift in Sources */ = {isa = PBXBuildFile; fileRef = B3BB318D1DDAA2360015F9B0 /* StatisticsCoordinator.swift */; };
		B3BB31901DDAA24C0015F9B0 /* SettingsCoordinator.swift in Sources */ = {isa = PBXBuildFile; fileRef = B3BB318F1DDAA24C0015F9B0 /* SettingsCoordinator.swift */; };
		B3D456C31DC1E309008075D5 /* DataProvider.swift in Sources */ = {isa = PBXBuildFile; fileRef = B3D456C21DC1E309008075D5 /* DataProvider.swift */; };
		B3D50F051E72337A0062B118 /* LaunchScreen.storyboard in Resources */ = {isa = PBXBuildFile; fileRef = B3D50F041E72337A0062B118 /* LaunchScreen.storyboard */; };
		B3EA19FA1E83BEEA00B277E2 /* StatisticsPersonalRecordTVC.swift in Sources */ = {isa = PBXBuildFile; fileRef = B3EA19F91E83BEEA00B277E2 /* StatisticsPersonalRecordTVC.swift */; };
		B3EA19FC1E83BF3E00B277E2 /* StatisticsHistoryCell.swift in Sources */ = {isa = PBXBuildFile; fileRef = B3EA19FB1E83BF3E00B277E2 /* StatisticsHistoryCell.swift */; };
		B3EA19FE1E83BF6D00B277E2 /* Rx+Extensions.swift in Sources */ = {isa = PBXBuildFile; fileRef = B3EA19FD1E83BF6D00B277E2 /* Rx+Extensions.swift */; };
		B3EA1A001E83BF8B00B277E2 /* StatisticsHistorySetRowView.swift in Sources */ = {isa = PBXBuildFile; fileRef = B3EA19FF1E83BF8B00B277E2 /* StatisticsHistorySetRowView.swift */; };
		B3EA1A031E83BFC400B277E2 /* ChartSectionModel.swift in Sources */ = {isa = PBXBuildFile; fileRef = B3EA1A021E83BFC400B277E2 /* ChartSectionModel.swift */; };
		B3EA1A061E83C04E00B277E2 /* ChartCell.swift in Sources */ = {isa = PBXBuildFile; fileRef = B3EA1A051E83C04E00B277E2 /* ChartCell.swift */; };
		B3EA1A091E83C13000B277E2 /* SettingsSectionModel.swift in Sources */ = {isa = PBXBuildFile; fileRef = B3EA1A081E83C13000B277E2 /* SettingsSectionModel.swift */; };
		B3EA1A0C1E83C20D00B277E2 /* LiftTableHeaderRowView.swift in Sources */ = {isa = PBXBuildFile; fileRef = B3EA1A0B1E83C20D00B277E2 /* LiftTableHeaderRowView.swift */; };
		B3EA1A0E1E83C23800B277E2 /* LiftTableHeaderLabel.swift in Sources */ = {isa = PBXBuildFile; fileRef = B3EA1A0D1E83C23800B277E2 /* LiftTableHeaderLabel.swift */; };
		B3EA1A101E83C25800B277E2 /* LiftTableHeaderLabelHolder.swift in Sources */ = {isa = PBXBuildFile; fileRef = B3EA1A0F1E83C25800B277E2 /* LiftTableHeaderLabelHolder.swift */; };
		B3EA1A151E83D20200B277E2 /* WorkoutCellRowView.swift in Sources */ = {isa = PBXBuildFile; fileRef = B3EA1A141E83D20200B277E2 /* WorkoutCellRowView.swift */; };
		B3EA1A171E83D26200B277E2 /* DarkLabel.swift in Sources */ = {isa = PBXBuildFile; fileRef = B3EA1A161E83D26200B277E2 /* DarkLabel.swift */; };
		B3FCCD231E137728003EF14E /* BaseWorkoutsTVC.swift in Sources */ = {isa = PBXBuildFile; fileRef = B3FCCD221E137728003EF14E /* BaseWorkoutsTVC.swift */; };
		B3FCCD251E137828003EF14E /* BaseTVC.swift in Sources */ = {isa = PBXBuildFile; fileRef = B3FCCD241E137828003EF14E /* BaseTVC.swift */; };
		B3FCCD291E1718E6003EF14E /* KeyboardHandler.swift in Sources */ = {isa = PBXBuildFile; fileRef = B3FCCD281E1718E6003EF14E /* KeyboardHandler.swift */; };
		B3FCCD321E17249D003EF14E /* WorkoutFooterViewButton.swift in Sources */ = {isa = PBXBuildFile; fileRef = B3FCCD311E17249D003EF14E /* WorkoutFooterViewButton.swift */; };
		B3FCCD371E172A9F003EF14E /* ActiveOrFinished.swift in Sources */ = {isa = PBXBuildFile; fileRef = B3FCCD361E172A9F003EF14E /* ActiveOrFinished.swift */; };
		B3FCCD391E172AC3003EF14E /* WorkoutLiftCell.swift in Sources */ = {isa = PBXBuildFile; fileRef = B3FCCD381E172AC3003EF14E /* WorkoutLiftCell.swift */; };
		B3FF69D91E79FE8B005FE6C1 /* EmptyDataSetController.swift in Sources */ = {isa = PBXBuildFile; fileRef = B3FF69D81E79FE8B005FE6C1 /* EmptyDataSetController.swift */; };
		B3FF69DA1E7A002C005FE6C1 /* EmptyDataSetController.swift in Sources */ = {isa = PBXBuildFile; fileRef = B3FF69D81E79FE8B005FE6C1 /* EmptyDataSetController.swift */; };
		B3FF69E01E7A17A2005FE6C1 /* CellSettingsCell.swift in Sources */ = {isa = PBXBuildFile; fileRef = B3FF69DF1E7A17A2005FE6C1 /* CellSettingsCell.swift */; };
/* End PBXBuildFile section */

/* Begin PBXBuildRule section */
		B318DB3D1E72B7BB00AA050B /* PBXBuildRule */ = {
			isa = PBXBuildRule;
			compilerSpec = com.apple.compilers.proxy.script;
			fileType = pattern.proxy;
			isEditable = 1;
			outputFiles = (
			);
		};
		B32526151E768C08003835DF /* PBXBuildRule */ = {
			isa = PBXBuildRule;
			compilerSpec = com.apple.compilers.proxy.script;
			fileType = pattern.proxy;
			isEditable = 1;
			outputFiles = (
			);
		};
/* End PBXBuildRule section */

/* Begin PBXContainerItemProxy section */
		B3540ACC1E8E31150001B996 /* PBXContainerItemProxy */ = {
			isa = PBXContainerItemProxy;
			containerPortal = B356FBB71DC09C160006A0F0 /* Project object */;
			proxyType = 1;
			remoteGlobalIDString = B356FBBE1DC09C160006A0F0;
			remoteInfo = nWorkout;
		};
/* End PBXContainerItemProxy section */

/* Begin PBXFileReference section */
		297284437228E456B1EA50E8 /* Pods_nWorkout.framework */ = {isa = PBXFileReference; explicitFileType = wrapper.framework; includeInIndex = 0; path = Pods_nWorkout.framework; sourceTree = BUILT_PRODUCTS_DIR; };
		5C58C046C918643D7FB2001E /* Pods-SnapshotTarget.release.xcconfig */ = {isa = PBXFileReference; includeInIndex = 1; lastKnownFileType = text.xcconfig; name = "Pods-SnapshotTarget.release.xcconfig"; path = "Pods/Target Support Files/Pods-SnapshotTarget/Pods-SnapshotTarget.release.xcconfig"; sourceTree = "<group>"; };
		AAA08A9A5FEE3A26B3120289 /* Pods-nWorkout.release.xcconfig */ = {isa = PBXFileReference; includeInIndex = 1; lastKnownFileType = text.xcconfig; name = "Pods-nWorkout.release.xcconfig"; path = "Pods/Target Support Files/Pods-nWorkout/Pods-nWorkout.release.xcconfig"; sourceTree = "<group>"; };
		B30314671E302F1F00E13EBE /* Assets.xcassets */ = {isa = PBXFileReference; lastKnownFileType = folder.assetcatalog; path = Assets.xcassets; sourceTree = "<group>"; };
		B3170D141DE3C405001A11CE /* TextFieldBehaviorHandler.swift */ = {isa = PBXFileReference; fileEncoding = 4; lastKnownFileType = sourcecode.swift; path = TextFieldBehaviorHandler.swift; sourceTree = "<group>"; };
		B31953A51E305F6000AC2687 /* WorkoutDetailCoordinator.swift */ = {isa = PBXFileReference; fileEncoding = 4; lastKnownFileType = sourcecode.swift; path = WorkoutDetailCoordinator.swift; sourceTree = "<group>"; };
		B31953A71E305F7900AC2687 /* WorkoutDetailVC.swift */ = {isa = PBXFileReference; fileEncoding = 4; lastKnownFileType = sourcecode.swift; path = WorkoutDetailVC.swift; sourceTree = "<group>"; };
		B31B63F31ED53D1E0020AF5E /* nWorkout.entitlements */ = {isa = PBXFileReference; lastKnownFileType = text.plist.entitlements; path = nWorkout.entitlements; sourceTree = "<group>"; };
		B31B63F61ED53DEA0020AF5E /* HealthKitManager.swift */ = {isa = PBXFileReference; fileEncoding = 4; lastKnownFileType = sourcecode.swift; path = HealthKitManager.swift; sourceTree = "<group>"; };
		B31CEC631DDAA764002F826C /* LiftTypeTVC.swift */ = {isa = PBXFileReference; fileEncoding = 4; lastKnownFileType = sourcecode.swift; path = LiftTypeTVC.swift; sourceTree = "<group>"; };
		B31CEC651DDB02A1002F826C /* LiftCell.swift */ = {isa = PBXFileReference; fileEncoding = 4; lastKnownFileType = sourcecode.swift; path = LiftCell.swift; sourceTree = "<group>"; };
		B31E9FB81DD6AE0100B9AEFC /* WorkoutDataSource.swift */ = {isa = PBXFileReference; fileEncoding = 4; lastKnownFileType = sourcecode.swift; path = WorkoutDataSource.swift; sourceTree = "<group>"; };
		B31E9FBA1DD6AE2000B9AEFC /* RoutinesDataSource.swift */ = {isa = PBXFileReference; fileEncoding = 4; lastKnownFileType = sourcecode.swift; path = RoutinesDataSource.swift; sourceTree = "<group>"; };
		B31E9FBC1DD6AE2B00B9AEFC /* RoutineDataSource.swift */ = {isa = PBXFileReference; fileEncoding = 4; lastKnownFileType = sourcecode.swift; path = RoutineDataSource.swift; sourceTree = "<group>"; };
		B31E9FBE1DD6AE3400B9AEFC /* RoutinesTVC.swift */ = {isa = PBXFileReference; fileEncoding = 4; lastKnownFileType = sourcecode.swift; path = RoutinesTVC.swift; sourceTree = "<group>"; };
		B32504011E34447300C51909 /* StatisticsCell.swift */ = {isa = PBXFileReference; fileEncoding = 4; lastKnownFileType = sourcecode.swift; path = StatisticsCell.swift; sourceTree = "<group>"; };
		B32504031E34455900C51909 /* SingleLiftStatisticsCoordinator.swift */ = {isa = PBXFileReference; fileEncoding = 4; lastKnownFileType = sourcecode.swift; path = SingleLiftStatisticsCoordinator.swift; sourceTree = "<group>"; };
		B32504051E34456C00C51909 /* CarbonStatisticsVC.swift */ = {isa = PBXFileReference; fileEncoding = 4; lastKnownFileType = sourcecode.swift; path = CarbonStatisticsVC.swift; sourceTree = "<group>"; };
		B32526191E768C08003835DF /* nWorkoutInternal.app */ = {isa = PBXFileReference; explicitFileType = wrapper.application; includeInIndex = 0; path = nWorkoutInternal.app; sourceTree = BUILT_PRODUCTS_DIR; };
		B325261A1E768C09003835DF /* nWorkoutInternal.plist */ = {isa = PBXFileReference; lastKnownFileType = text.plist.xml; name = nWorkoutInternal.plist; path = /Users/lanza/Documents/nWorkout/nWorkoutInternal.plist; sourceTree = "<absolute>"; };
		B328D80F1DD6FA3C000948ED /* RoutineTVC.swift */ = {isa = PBXFileReference; fileEncoding = 4; lastKnownFileType = sourcecode.swift; path = RoutineTVC.swift; sourceTree = "<group>"; };
		B328D8111DD6FA52000948ED /* StatisticsTVC.swift */ = {isa = PBXFileReference; fileEncoding = 4; lastKnownFileType = sourcecode.swift; path = StatisticsTVC.swift; sourceTree = "<group>"; };
		B328D8131DD6FA5E000948ED /* SettingsTVC.swift */ = {isa = PBXFileReference; fileEncoding = 4; lastKnownFileType = sourcecode.swift; name = SettingsTVC.swift; path = Settings/SettingsTVC.swift; sourceTree = "<group>"; };
		B3312B331DC12F9700318AA6 /* MainCoordinator.swift */ = {isa = PBXFileReference; fileEncoding = 4; lastKnownFileType = sourcecode.swift; path = MainCoordinator.swift; sourceTree = "<group>"; };
		B335C3661DEEAD7100D21562 /* WorkoutFooterView.swift */ = {isa = PBXFileReference; fileEncoding = 4; lastKnownFileType = sourcecode.swift; path = WorkoutFooterView.swift; sourceTree = "<group>"; };
		B34BA0551DC1CC29006B6A51 /* Theme.swift */ = {isa = PBXFileReference; fileEncoding = 4; lastKnownFileType = sourcecode.swift; name = Theme.swift; path = ../Theme.swift; sourceTree = "<group>"; };
		B34BA0571DC1CC33006B6A51 /* Lets.swift */ = {isa = PBXFileReference; fileEncoding = 4; lastKnownFileType = sourcecode.swift; name = Lets.swift; path = ../Lets.swift; sourceTree = "<group>"; };
		B34BA0591DC1CC4B006B6A51 /* Workout.swift */ = {isa = PBXFileReference; fileEncoding = 4; lastKnownFileType = sourcecode.swift; path = Workout.swift; sourceTree = "<group>"; };
		B34BA05B1DC1CCED006B6A51 /* Lift.swift */ = {isa = PBXFileReference; fileEncoding = 4; lastKnownFileType = sourcecode.swift; path = Lift.swift; sourceTree = "<group>"; };
		B34E6FD71E1DF33600ACA4D5 /* NoteButton.swift */ = {isa = PBXFileReference; fileEncoding = 4; lastKnownFileType = sourcecode.swift; path = NoteButton.swift; sourceTree = "<group>"; };
		B3540AB11E8E1ECF0001B996 /* BaseRowView.swift */ = {isa = PBXFileReference; fileEncoding = 4; lastKnownFileType = sourcecode.swift; path = BaseRowView.swift; sourceTree = "<group>"; };
		B3540AC11E8E2FE10001B996 /* SnapshotHelper.swift */ = {isa = PBXFileReference; fileEncoding = 4; lastKnownFileType = sourcecode.swift; name = SnapshotHelper.swift; path = fastlane/SnapshotHelper.swift; sourceTree = SOURCE_ROOT; };
		B3540AC71E8E31150001B996 /* SnapshotTarget.xctest */ = {isa = PBXFileReference; explicitFileType = wrapper.cfbundle; includeInIndex = 0; path = SnapshotTarget.xctest; sourceTree = BUILT_PRODUCTS_DIR; };
		B3540ACB1E8E31150001B996 /* Info.plist */ = {isa = PBXFileReference; lastKnownFileType = text.plist.xml; path = Info.plist; sourceTree = "<group>"; };
		B3540AD31E8E31720001B996 /* SnapshotTarget.swift */ = {isa = PBXFileReference; fileEncoding = 4; lastKnownFileType = sourcecode.swift; path = SnapshotTarget.swift; sourceTree = "<group>"; };
		B356FBBF1DC09C160006A0F0 /* nWorkout.app */ = {isa = PBXFileReference; explicitFileType = wrapper.application; includeInIndex = 0; path = nWorkout.app; sourceTree = BUILT_PRODUCTS_DIR; };
		B356FBC21DC09C160006A0F0 /* AppDelegate.swift */ = {isa = PBXFileReference; lastKnownFileType = sourcecode.swift; path = AppDelegate.swift; sourceTree = "<group>"; };
		B356FBCE1DC09C160006A0F0 /* nWorkout.plist */ = {isa = PBXFileReference; lastKnownFileType = text.plist.xml; path = nWorkout.plist; sourceTree = "<group>"; };
		B35DAE3D1DDBC7BD00EE5960 /* SetRowView.swift */ = {isa = PBXFileReference; fileEncoding = 4; lastKnownFileType = sourcecode.swift; name = SetRowView.swift; path = SetRowView/SetRowView.swift; sourceTree = "<group>"; };
		B35DAE3F1DDBDAB300EE5960 /* Keyboard&KeyboardDelegate.swift */ = {isa = PBXFileReference; fileEncoding = 4; lastKnownFileType = sourcecode.swift; name = "Keyboard&KeyboardDelegate.swift"; path = "../Keyboard&KeyboardDelegate.swift"; sourceTree = "<group>"; };
		B360591F1E1C3D8F00EBE620 /* ColumnRowView.swift */ = {isa = PBXFileReference; fileEncoding = 4; lastKnownFileType = sourcecode.swift; name = ColumnRowView.swift; path = ../../Views/Cells/RowView/ColumnRowView.swift; sourceTree = "<group>"; };
		B36059211E1C3DB000EBE620 /* RoutineCell.swift */ = {isa = PBXFileReference; fileEncoding = 4; lastKnownFileType = sourcecode.swift; path = RoutineCell.swift; sourceTree = "<group>"; };
		B36059231E1C3DCF00EBE620 /* BaseChartViewDataSource.swift */ = {isa = PBXFileReference; fileEncoding = 4; lastKnownFileType = sourcecode.swift; name = BaseChartViewDataSource.swift; path = Cells/BaseChartViewDataSource.swift; sourceTree = "<group>"; };
		B36059251E1C3E0800EBE620 /* RoutineLiftCell.swift */ = {isa = PBXFileReference; fileEncoding = 4; lastKnownFileType = sourcecode.swift; path = RoutineLiftCell.swift; sourceTree = "<group>"; };
		B360592B1E1C3E7600EBE620 /* RoutineSetRowView.swift */ = {isa = PBXFileReference; fileEncoding = 4; lastKnownFileType = sourcecode.swift; name = RoutineSetRowView.swift; path = SetRowView/RoutineSetRowView.swift; sourceTree = "<group>"; };
		B360592D1E1C3E8900EBE620 /* WeightAndRepsTextField.swift */ = {isa = PBXFileReference; fileEncoding = 4; lastKnownFileType = sourcecode.swift; path = WeightAndRepsTextField.swift; sourceTree = "<group>"; };
		B360592F1E1C3EA700EBE620 /* CompletedWeightAndRepsTextField.swift */ = {isa = PBXFileReference; fileEncoding = 4; lastKnownFileType = sourcecode.swift; path = CompletedWeightAndRepsTextField.swift; sourceTree = "<group>"; };
		B36059321E1C3EC700EBE620 /* SetNumberLabel.swift */ = {isa = PBXFileReference; fileEncoding = 4; lastKnownFileType = sourcecode.swift; path = SetNumberLabel.swift; sourceTree = "<group>"; };
		B36059341E1C3EDF00EBE620 /* WeightAndRepsLabel.swift */ = {isa = PBXFileReference; fileEncoding = 4; lastKnownFileType = sourcecode.swift; path = WeightAndRepsLabel.swift; sourceTree = "<group>"; };
		B36059361E1C3EF600EBE620 /* FailButton.swift */ = {isa = PBXFileReference; fileEncoding = 4; lastKnownFileType = sourcecode.swift; path = FailButton.swift; sourceTree = "<group>"; };
		B36059381E1C3F0700EBE620 /* CompleteButton.swift */ = {isa = PBXFileReference; fileEncoding = 4; lastKnownFileType = sourcecode.swift; path = CompleteButton.swift; sourceTree = "<group>"; };
		B360593A1E1C41C300EBE620 /* StartBlankWorkoutButton.swift */ = {isa = PBXFileReference; fileEncoding = 4; lastKnownFileType = sourcecode.swift; path = StartBlankWorkoutButton.swift; sourceTree = "<group>"; };
		B360593C1E1C4ACE00EBE620 /* SelectWorkoutCell.swift */ = {isa = PBXFileReference; fileEncoding = 4; lastKnownFileType = sourcecode.swift; path = SelectWorkoutCell.swift; sourceTree = "<group>"; };
		B360593E1E1C4B1700EBE620 /* UIAlertController+Extensions.swift */ = {isa = PBXFileReference; fileEncoding = 4; lastKnownFileType = sourcecode.swift; path = "UIAlertController+Extensions.swift"; sourceTree = "<group>"; };
		B36059401E1C4B5600EBE620 /* LiftTypeCoordinator.swift */ = {isa = PBXFileReference; fileEncoding = 4; lastKnownFileType = sourcecode.swift; path = LiftTypeCoordinator.swift; sourceTree = "<group>"; };
		B36059431E1C92A600EBE620 /* ViewInfo.swift */ = {isa = PBXFileReference; fileEncoding = 4; lastKnownFileType = sourcecode.swift; name = ViewInfo.swift; path = ../Controllers/Settings/Settings/ViewInfo.swift; sourceTree = "<group>"; };
		B36059451E1C92C100EBE620 /* SettingsCell.swift */ = {isa = PBXFileReference; fileEncoding = 4; lastKnownFileType = sourcecode.swift; path = SettingsCell.swift; sourceTree = "<group>"; };
		B36059471E1C951C00EBE620 /* CombinedView.swift */ = {isa = PBXFileReference; fileEncoding = 4; lastKnownFileType = sourcecode.swift; path = CombinedView.swift; sourceTree = "<group>"; };
		B360594F1E1CC71F00EBE620 /* BaseWorkoutTVC.swift */ = {isa = PBXFileReference; fileEncoding = 4; lastKnownFileType = sourcecode.swift; path = BaseWorkoutTVC.swift; sourceTree = "<group>"; };
		B36F37E71E0F7FF100667263 /* RLM.swift */ = {isa = PBXFileReference; fileEncoding = 4; lastKnownFileType = sourcecode.swift; path = RLM.swift; sourceTree = "<group>"; };
		B374C9F81E8B5DA600671A93 /* Realm.framework */ = {isa = PBXFileReference; lastKnownFileType = wrapper.framework; name = Realm.framework; path = Carthage/Build/iOS/Realm.framework; sourceTree = "<group>"; };
		B374C9FA1E8B5DAA00671A93 /* RealmSwift.framework */ = {isa = PBXFileReference; lastKnownFileType = wrapper.framework; name = RealmSwift.framework; path = Carthage/Build/iOS/RealmSwift.framework; sourceTree = "<group>"; };
		B374C9FC1E8B5DAE00671A93 /* RxCocoa.framework */ = {isa = PBXFileReference; lastKnownFileType = wrapper.framework; name = RxCocoa.framework; path = Carthage/Build/iOS/RxCocoa.framework; sourceTree = "<group>"; };
		B374C9FE1E8B5DB200671A93 /* RxDataSources.framework */ = {isa = PBXFileReference; lastKnownFileType = wrapper.framework; name = RxDataSources.framework; path = Carthage/Build/iOS/RxDataSources.framework; sourceTree = "<group>"; };
		B374CA001E8B5DB800671A93 /* RxSwift.framework */ = {isa = PBXFileReference; lastKnownFileType = wrapper.framework; name = RxSwift.framework; path = Carthage/Build/iOS/RxSwift.framework; sourceTree = "<group>"; };
		B3773F921DD7CF630067746D /* SelectWorkoutVC.swift */ = {isa = PBXFileReference; fileEncoding = 4; lastKnownFileType = sourcecode.swift; path = SelectWorkoutVC.swift; sourceTree = "<group>"; };
		B3780EEE1DD5A7010087CEC1 /* DataSource.swift */ = {isa = PBXFileReference; fileEncoding = 4; lastKnownFileType = sourcecode.swift; path = DataSource.swift; sourceTree = "<group>"; };
		B3780EF21DD5A7100087CEC1 /* ArrayProvider.swift */ = {isa = PBXFileReference; fileEncoding = 4; lastKnownFileType = sourcecode.swift; path = ArrayProvider.swift; sourceTree = "<group>"; };
		B3780EF51DD5AF2D0087CEC1 /* WorkoutsDataSource.swift */ = {isa = PBXFileReference; fileEncoding = 4; lastKnownFileType = sourcecode.swift; path = WorkoutsDataSource.swift; sourceTree = "<group>"; };
		B3780EF71DD5B0C80087CEC1 /* ConfigurableCell.swift */ = {isa = PBXFileReference; fileEncoding = 4; lastKnownFileType = sourcecode.swift; path = ConfigurableCell.swift; sourceTree = "<group>"; };
		B37951921E34ACF0000F7428 /* StatisticsHistoryTVC.swift */ = {isa = PBXFileReference; fileEncoding = 4; lastKnownFileType = sourcecode.swift; path = StatisticsHistoryTVC.swift; sourceTree = "<group>"; };
		B38208711DC2B1850008D6F8 /* WorkoutCell.swift */ = {isa = PBXFileReference; fileEncoding = 4; lastKnownFileType = sourcecode.swift; path = WorkoutCell.swift; sourceTree = "<group>"; };
		B38208741DC2B1FA0008D6F8 /* BaseDataProvider.swift */ = {isa = PBXFileReference; fileEncoding = 4; lastKnownFileType = sourcecode.swift; path = BaseDataProvider.swift; sourceTree = "<group>"; };
		B38208761DC2B22A0008D6F8 /* Set.swift */ = {isa = PBXFileReference; fileEncoding = 4; lastKnownFileType = sourcecode.swift; path = Set.swift; sourceTree = "<group>"; };
		B38208781DC2B23E0008D6F8 /* Base.swift */ = {isa = PBXFileReference; fileEncoding = 4; lastKnownFileType = sourcecode.swift; path = Base.swift; sourceTree = "<group>"; };
		B382087A1DC2B2C00008D6F8 /* WorkoutsTVC.swift */ = {isa = PBXFileReference; fileEncoding = 4; lastKnownFileType = sourcecode.swift; path = WorkoutsTVC.swift; sourceTree = "<group>"; };
		B382087E1DC2B3EE0008D6F8 /* WorkoutTVC.swift */ = {isa = PBXFileReference; fileEncoding = 4; lastKnownFileType = sourcecode.swift; path = WorkoutTVC.swift; sourceTree = "<group>"; };
		B3852A5D1E767C7200900B24 /* StatisticsChartsTVC.swift */ = {isa = PBXFileReference; fileEncoding = 4; lastKnownFileType = sourcecode.swift; path = StatisticsChartsTVC.swift; sourceTree = "<group>"; };
		B3B6DB351E1F000700090C45 /* LiftTableHeaderView.swift */ = {isa = PBXFileReference; fileEncoding = 4; lastKnownFileType = sourcecode.swift; path = LiftTableHeaderView.swift; sourceTree = "<group>"; };
		B3B7D0121E7FC3A600483D95 /* ChartDataProvider.swift */ = {isa = PBXFileReference; fileEncoding = 4; lastKnownFileType = sourcecode.swift; path = ChartDataProvider.swift; sourceTree = "<group>"; };
		B3BB31811DDAA1390015F9B0 /* WorkoutsCoordinator.swift */ = {isa = PBXFileReference; fileEncoding = 4; lastKnownFileType = sourcecode.swift; path = WorkoutsCoordinator.swift; sourceTree = "<group>"; };
		B3BB31831DDAA15B0015F9B0 /* WorkoutCoordinator.swift */ = {isa = PBXFileReference; fileEncoding = 4; lastKnownFileType = sourcecode.swift; path = WorkoutCoordinator.swift; sourceTree = "<group>"; };
		B3BB31851DDAA17B0015F9B0 /* RoutinesCoordinator.swift */ = {isa = PBXFileReference; fileEncoding = 4; lastKnownFileType = sourcecode.swift; path = RoutinesCoordinator.swift; sourceTree = "<group>"; };
		B3BB31871DDAA19C0015F9B0 /* RoutineCoordinator.swift */ = {isa = PBXFileReference; fileEncoding = 4; lastKnownFileType = sourcecode.swift; path = RoutineCoordinator.swift; sourceTree = "<group>"; };
		B3BB31891DDAA1B60015F9B0 /* AcrtiveWorkoutCoordinator.swift */ = {isa = PBXFileReference; fileEncoding = 4; lastKnownFileType = sourcecode.swift; path = AcrtiveWorkoutCoordinator.swift; sourceTree = "<group>"; };
		B3BB318B1DDAA1F10015F9B0 /* SelectWorkoutCoordinator.swift */ = {isa = PBXFileReference; fileEncoding = 4; lastKnownFileType = sourcecode.swift; path = SelectWorkoutCoordinator.swift; sourceTree = "<group>"; };
		B3BB318D1DDAA2360015F9B0 /* StatisticsCoordinator.swift */ = {isa = PBXFileReference; fileEncoding = 4; lastKnownFileType = sourcecode.swift; path = StatisticsCoordinator.swift; sourceTree = "<group>"; };
		B3BB318F1DDAA24C0015F9B0 /* SettingsCoordinator.swift */ = {isa = PBXFileReference; fileEncoding = 4; lastKnownFileType = sourcecode.swift; path = SettingsCoordinator.swift; sourceTree = "<group>"; };
		B3D456C21DC1E309008075D5 /* DataProvider.swift */ = {isa = PBXFileReference; fileEncoding = 4; lastKnownFileType = sourcecode.swift; path = DataProvider.swift; sourceTree = "<group>"; };
		B3D50F041E72337A0062B118 /* LaunchScreen.storyboard */ = {isa = PBXFileReference; fileEncoding = 4; lastKnownFileType = file.storyboard; path = LaunchScreen.storyboard; sourceTree = "<group>"; };
		B3EA19F91E83BEEA00B277E2 /* StatisticsPersonalRecordTVC.swift */ = {isa = PBXFileReference; fileEncoding = 4; lastKnownFileType = sourcecode.swift; path = StatisticsPersonalRecordTVC.swift; sourceTree = "<group>"; };
		B3EA19FB1E83BF3E00B277E2 /* StatisticsHistoryCell.swift */ = {isa = PBXFileReference; fileEncoding = 4; lastKnownFileType = sourcecode.swift; path = StatisticsHistoryCell.swift; sourceTree = "<group>"; };
		B3EA19FD1E83BF6D00B277E2 /* Rx+Extensions.swift */ = {isa = PBXFileReference; fileEncoding = 4; lastKnownFileType = sourcecode.swift; path = "Rx+Extensions.swift"; sourceTree = "<group>"; };
		B3EA19FF1E83BF8B00B277E2 /* StatisticsHistorySetRowView.swift */ = {isa = PBXFileReference; fileEncoding = 4; lastKnownFileType = sourcecode.swift; path = StatisticsHistorySetRowView.swift; sourceTree = "<group>"; };
		B3EA1A021E83BFC400B277E2 /* ChartSectionModel.swift */ = {isa = PBXFileReference; fileEncoding = 4; lastKnownFileType = sourcecode.swift; path = ChartSectionModel.swift; sourceTree = "<group>"; };
		B3EA1A051E83C04E00B277E2 /* ChartCell.swift */ = {isa = PBXFileReference; fileEncoding = 4; lastKnownFileType = sourcecode.swift; path = ChartCell.swift; sourceTree = "<group>"; };
		B3EA1A081E83C13000B277E2 /* SettingsSectionModel.swift */ = {isa = PBXFileReference; fileEncoding = 4; lastKnownFileType = sourcecode.swift; path = SettingsSectionModel.swift; sourceTree = "<group>"; };
		B3EA1A0B1E83C20D00B277E2 /* LiftTableHeaderRowView.swift */ = {isa = PBXFileReference; fileEncoding = 4; lastKnownFileType = sourcecode.swift; path = LiftTableHeaderRowView.swift; sourceTree = "<group>"; };
		B3EA1A0D1E83C23800B277E2 /* LiftTableHeaderLabel.swift */ = {isa = PBXFileReference; fileEncoding = 4; lastKnownFileType = sourcecode.swift; path = LiftTableHeaderLabel.swift; sourceTree = "<group>"; };
		B3EA1A0F1E83C25800B277E2 /* LiftTableHeaderLabelHolder.swift */ = {isa = PBXFileReference; fileEncoding = 4; lastKnownFileType = sourcecode.swift; path = LiftTableHeaderLabelHolder.swift; sourceTree = "<group>"; };
		B3EA1A141E83D20200B277E2 /* WorkoutCellRowView.swift */ = {isa = PBXFileReference; fileEncoding = 4; lastKnownFileType = sourcecode.swift; path = WorkoutCellRowView.swift; sourceTree = "<group>"; };
		B3EA1A161E83D26200B277E2 /* DarkLabel.swift */ = {isa = PBXFileReference; fileEncoding = 4; lastKnownFileType = sourcecode.swift; path = DarkLabel.swift; sourceTree = "<group>"; };
		B3FCCD221E137728003EF14E /* BaseWorkoutsTVC.swift */ = {isa = PBXFileReference; fileEncoding = 4; lastKnownFileType = sourcecode.swift; path = BaseWorkoutsTVC.swift; sourceTree = "<group>"; };
		B3FCCD241E137828003EF14E /* BaseTVC.swift */ = {isa = PBXFileReference; fileEncoding = 4; lastKnownFileType = sourcecode.swift; path = BaseTVC.swift; sourceTree = "<group>"; };
		B3FCCD281E1718E6003EF14E /* KeyboardHandler.swift */ = {isa = PBXFileReference; fileEncoding = 4; lastKnownFileType = sourcecode.swift; path = KeyboardHandler.swift; sourceTree = "<group>"; };
		B3FCCD311E17249D003EF14E /* WorkoutFooterViewButton.swift */ = {isa = PBXFileReference; fileEncoding = 4; lastKnownFileType = sourcecode.swift; path = WorkoutFooterViewButton.swift; sourceTree = "<group>"; };
		B3FCCD361E172A9F003EF14E /* ActiveOrFinished.swift */ = {isa = PBXFileReference; fileEncoding = 4; lastKnownFileType = sourcecode.swift; path = ActiveOrFinished.swift; sourceTree = "<group>"; };
		B3FCCD381E172AC3003EF14E /* WorkoutLiftCell.swift */ = {isa = PBXFileReference; fileEncoding = 4; lastKnownFileType = sourcecode.swift; path = WorkoutLiftCell.swift; sourceTree = "<group>"; };
		B3FCF6F71E8B66D800453E0F /* RxRealm.framework */ = {isa = PBXFileReference; lastKnownFileType = wrapper.framework; name = RxRealm.framework; path = Carthage/Build/iOS/RxRealm.framework; sourceTree = "<group>"; };
		B3FF69D81E79FE8B005FE6C1 /* EmptyDataSetController.swift */ = {isa = PBXFileReference; fileEncoding = 4; lastKnownFileType = sourcecode.swift; name = EmptyDataSetController.swift; path = ../Controllers/Plurals/EmptyDataSetController.swift; sourceTree = "<group>"; };
		B3FF69DF1E7A17A2005FE6C1 /* CellSettingsCell.swift */ = {isa = PBXFileReference; fileEncoding = 4; lastKnownFileType = sourcecode.swift; path = CellSettingsCell.swift; sourceTree = "<group>"; };
		C87EDFE07006579770274045 /* Pods-SnapshotTarget.debug.xcconfig */ = {isa = PBXFileReference; includeInIndex = 1; lastKnownFileType = text.xcconfig; name = "Pods-SnapshotTarget.debug.xcconfig"; path = "Pods/Target Support Files/Pods-SnapshotTarget/Pods-SnapshotTarget.debug.xcconfig"; sourceTree = "<group>"; };
		D248BDE05F2A3BFCF6C05C6D /* Pods_SnapshotTarget.framework */ = {isa = PBXFileReference; explicitFileType = wrapper.framework; includeInIndex = 0; path = Pods_SnapshotTarget.framework; sourceTree = BUILT_PRODUCTS_DIR; };
		D86E1D94B445ACD74DD85B56 /* Pods-nWorkout.debug.xcconfig */ = {isa = PBXFileReference; includeInIndex = 1; lastKnownFileType = text.xcconfig; name = "Pods-nWorkout.debug.xcconfig"; path = "Pods/Target Support Files/Pods-nWorkout/Pods-nWorkout.debug.xcconfig"; sourceTree = "<group>"; };
/* End PBXFileReference section */

/* Begin PBXFrameworksBuildPhase section */
		B325260C1E768C08003835DF /* Frameworks */ = {
			isa = PBXFrameworksBuildPhase;
			buildActionMask = 2147483647;
			files = (
			);
			runOnlyForDeploymentPostprocessing = 0;
		};
		B3540AC41E8E31150001B996 /* Frameworks */ = {
			isa = PBXFrameworksBuildPhase;
			buildActionMask = 2147483647;
			files = (
				3C43096E39B063C43C284465 /* Pods_SnapshotTarget.framework in Frameworks */,
			);
			runOnlyForDeploymentPostprocessing = 0;
		};
		B356FBBC1DC09C160006A0F0 /* Frameworks */ = {
			isa = PBXFrameworksBuildPhase;
			buildActionMask = 2147483647;
			files = (
				346BBE7C75AFB8BCAE468978 /* Pods_nWorkout.framework in Frameworks */,
			);
			runOnlyForDeploymentPostprocessing = 0;
		};
/* End PBXFrameworksBuildPhase section */

/* Begin PBXGroup section */
		6F519444AFB6CA12368FB62B /* Pods */ = {
			isa = PBXGroup;
			children = (
				D86E1D94B445ACD74DD85B56 /* Pods-nWorkout.debug.xcconfig */,
				AAA08A9A5FEE3A26B3120289 /* Pods-nWorkout.release.xcconfig */,
				C87EDFE07006579770274045 /* Pods-SnapshotTarget.debug.xcconfig */,
				5C58C046C918643D7FB2001E /* Pods-SnapshotTarget.release.xcconfig */,
			);
			name = Pods;
			sourceTree = "<group>";
		};
		B32887A31E03344100259D66 /* Settings */ = {
			isa = PBXGroup;
			children = (
				B328D8131DD6FA5E000948ED /* SettingsTVC.swift */,
				B3EA1A081E83C13000B277E2 /* SettingsSectionModel.swift */,
				B3FF69DF1E7A17A2005FE6C1 /* CellSettingsCell.swift */,
			);
			path = Settings;
			sourceTree = "<group>";
		};
		B3540AC81E8E31150001B996 /* SnapshotTarget */ = {
			isa = PBXGroup;
			children = (
				B3540AD31E8E31720001B996 /* SnapshotTarget.swift */,
				B3540AC11E8E2FE10001B996 /* SnapshotHelper.swift */,
				B3540ACB1E8E31150001B996 /* Info.plist */,
			);
			path = SnapshotTarget;
			sourceTree = "<group>";
		};
		B356FBB61DC09C160006A0F0 = {
			isa = PBXGroup;
			children = (
				B31B63F31ED53D1E0020AF5E /* nWorkout.entitlements */,
				B3FF69D71E79FC49005FE6C1 /* Source */,
				B356FBC11DC09C160006A0F0 /* Other */,
				6F519444AFB6CA12368FB62B /* Pods */,
				B3540AC81E8E31150001B996 /* SnapshotTarget */,
				C0C59FE9EF2670D17C13FC78 /* Frameworks */,
			);
			sourceTree = "<group>";
		};
		B356FBC01DC09C160006A0F0 /* Products */ = {
			isa = PBXGroup;
			children = (
				B356FBBF1DC09C160006A0F0 /* nWorkout.app */,
				B32526191E768C08003835DF /* nWorkoutInternal.app */,
				B3540AC71E8E31150001B996 /* SnapshotTarget.xctest */,
			);
			path = Products;
			sourceTree = "<group>";
		};
		B356FBC11DC09C160006A0F0 /* Other */ = {
			isa = PBXGroup;
			children = (
				B356FBC01DC09C160006A0F0 /* Products */,
				B30314671E302F1F00E13EBE /* Assets.xcassets */,
				B325261A1E768C09003835DF /* nWorkoutInternal.plist */,
				B356FBCE1DC09C160006A0F0 /* nWorkout.plist */,
				B3D50F041E72337A0062B118 /* LaunchScreen.storyboard */,
			);
			path = Other;
			sourceTree = "<group>";
		};
		B35DFC441E42B8C0005D770B /* SelectWorkout */ = {
			isa = PBXGroup;
			children = (
				B3773F921DD7CF630067746D /* SelectWorkoutVC.swift */,
				B360593C1E1C4ACE00EBE620 /* SelectWorkoutCell.swift */,
			);
			path = SelectWorkout;
			sourceTree = "<group>";
		};
		B36059271E1C3E2B00EBE620 /* WorkoutCell */ = {
			isa = PBXGroup;
			children = (
				B38208711DC2B1850008D6F8 /* WorkoutCell.swift */,
				B36059211E1C3DB000EBE620 /* RoutineCell.swift */,
				B3EA1A161E83D26200B277E2 /* DarkLabel.swift */,
			);
			path = WorkoutCell;
			sourceTree = "<group>";
		};
		B36059281E1C3E3C00EBE620 /* LiftCell */ = {
			isa = PBXGroup;
			children = (
				B31CEC651DDB02A1002F826C /* LiftCell.swift */,
				B36059251E1C3E0800EBE620 /* RoutineLiftCell.swift */,
				B3FCCD381E172AC3003EF14E /* WorkoutLiftCell.swift */,
			);
			path = LiftCell;
			sourceTree = "<group>";
		};
		B36059291E1C3E4600EBE620 /* RowViews */ = {
			isa = PBXGroup;
			children = (
				B3540AB11E8E1ECF0001B996 /* BaseRowView.swift */,
				B35DAE3D1DDBC7BD00EE5960 /* SetRowView.swift */,
				B360592B1E1C3E7600EBE620 /* RoutineSetRowView.swift */,
				B3EA1A141E83D20200B277E2 /* WorkoutCellRowView.swift */,
				B36059311E1C3EB400EBE620 /* View types */,
			);
			name = RowViews;
			path = Cells/RowView;
			sourceTree = "<group>";
		};
		B36059311E1C3EB400EBE620 /* View types */ = {
			isa = PBXGroup;
			children = (
				B36059471E1C951C00EBE620 /* CombinedView.swift */,
				B36059381E1C3F0700EBE620 /* CompleteButton.swift */,
				B360592F1E1C3EA700EBE620 /* CompletedWeightAndRepsTextField.swift */,
				B36059361E1C3EF600EBE620 /* FailButton.swift */,
				B34E6FD71E1DF33600ACA4D5 /* NoteButton.swift */,
				B36059321E1C3EC700EBE620 /* SetNumberLabel.swift */,
				B36059341E1C3EDF00EBE620 /* WeightAndRepsLabel.swift */,
				B360592D1E1C3E8900EBE620 /* WeightAndRepsTextField.swift */,
			);
			name = "View types";
			path = "SetRowView/View types";
			sourceTree = "<group>";
		};
		B36059511E1CC74A00EBE620 /* Singulars */ = {
			isa = PBXGroup;
			children = (
				B360594F1E1CC71F00EBE620 /* BaseWorkoutTVC.swift */,
				B328D80F1DD6FA3C000948ED /* RoutineTVC.swift */,
				B382087E1DC2B3EE0008D6F8 /* WorkoutTVC.swift */,
			);
			path = Singulars;
			sourceTree = "<group>";
		};
		B36059521E1CC74D00EBE620 /* Plurals */ = {
			isa = PBXGroup;
			children = (
				B3FCCD221E137728003EF14E /* BaseWorkoutsTVC.swift */,
				B31E9FBE1DD6AE3400B9AEFC /* RoutinesTVC.swift */,
				B382087A1DC2B2C00008D6F8 /* WorkoutsTVC.swift */,
			);
			path = Plurals;
			sourceTree = "<group>";
		};
		B366E56F1E309B17006658D7 /* Statistics */ = {
			isa = PBXGroup;
			children = (
				B3EA19F51E83BE9E00B277E2 /* First */,
				B3EA19F61E83BEAE00B277E2 /* Carbon */,
				B3EA19F71E83BEB500B277E2 /* Trio */,
			);
			name = Statistics;
			path = ../Statistics;
			sourceTree = "<group>";
		};
		B3780EF41DD5AF1B0087CEC1 /* Data Sources */ = {
			isa = PBXGroup;
			children = (
				B3780EEE1DD5A7010087CEC1 /* DataSource.swift */,
				B31E9FB81DD6AE0100B9AEFC /* WorkoutDataSource.swift */,
				B3780EF51DD5AF2D0087CEC1 /* WorkoutsDataSource.swift */,
			);
			name = "Data Sources";
			path = "../Data Sources";
			sourceTree = "<group>";
		};
		B38208731DC2B1930008D6F8 /* Cells */ = {
			isa = PBXGroup;
			children = (
				B3780EF71DD5B0C80087CEC1 /* ConfigurableCell.swift */,
				B36059281E1C3E3C00EBE620 /* LiftCell */,
				B36059271E1C3E2B00EBE620 /* WorkoutCell */,
				B3FF69DE1E7A061E005FE6C1 /* SettingsCell */,
			);
			path = Cells;
			sourceTree = "<group>";
		};
		B382087C1DC2B3D40008D6F8 /* Data Providers */ = {
			isa = PBXGroup;
			children = (
				B3780EF21DD5A7100087CEC1 /* ArrayProvider.swift */,
				B38208741DC2B1FA0008D6F8 /* BaseDataProvider.swift */,
				B3D456C21DC1E309008075D5 /* DataProvider.swift */,
			);
			path = "Data Providers";
			sourceTree = "<group>";
		};
		B382087D1DC2B3DD0008D6F8 /* Objects */ = {
			isa = PBXGroup;
			children = (
				B38208781DC2B23E0008D6F8 /* Base.swift */,
				B34BA0591DC1CC4B006B6A51 /* Workout.swift */,
				B34BA05B1DC1CCED006B6A51 /* Lift.swift */,
				B38208761DC2B22A0008D6F8 /* Set.swift */,
			);
			path = Objects;
			sourceTree = "<group>";
		};
		B3D456C41DC1E48C008075D5 /* Model */ = {
			isa = PBXGroup;
			children = (
				B36059431E1C92A600EBE620 /* ViewInfo.swift */,
				B36F37E71E0F7FF100667263 /* RLM.swift */,
				B3B7D0121E7FC3A600483D95 /* ChartDataProvider.swift */,
				B382087C1DC2B3D40008D6F8 /* Data Providers */,
				B382087D1DC2B3DD0008D6F8 /* Objects */,
				B3FCCD361E172A9F003EF14E /* ActiveOrFinished.swift */,
			);
			path = Model;
			sourceTree = "<group>";
		};
		B3D456C51DC1E494008075D5 /* Coordinators */ = {
			isa = PBXGroup;
			children = (
				B356FBC21DC09C160006A0F0 /* AppDelegate.swift */,
				B3312B331DC12F9700318AA6 /* MainCoordinator.swift */,
				B3BB31891DDAA1B60015F9B0 /* AcrtiveWorkoutCoordinator.swift */,
				B36059401E1C4B5600EBE620 /* LiftTypeCoordinator.swift */,
				B3BB31871DDAA19C0015F9B0 /* RoutineCoordinator.swift */,
				B3BB31851DDAA17B0015F9B0 /* RoutinesCoordinator.swift */,
				B3BB318B1DDAA1F10015F9B0 /* SelectWorkoutCoordinator.swift */,
				B3BB318F1DDAA24C0015F9B0 /* SettingsCoordinator.swift */,
				B3BB31831DDAA15B0015F9B0 /* WorkoutCoordinator.swift */,
				B31953A51E305F6000AC2687 /* WorkoutDetailCoordinator.swift */,
				B31953A71E305F7900AC2687 /* WorkoutDetailVC.swift */,
				B3BB31811DDAA1390015F9B0 /* WorkoutsCoordinator.swift */,
			);
			path = Coordinators;
			sourceTree = "<group>";
		};
		B3D456C61DC1E4A0008075D5 /* Extensions */ = {
			isa = PBXGroup;
			children = (
				B360593E1E1C4B1700EBE620 /* UIAlertController+Extensions.swift */,
				B3EA19FD1E83BF6D00B277E2 /* Rx+Extensions.swift */,
			);
			name = Extensions;
			path = "UIKit Extensions";
			sourceTree = "<group>";
		};
		B3D456C71DC1E4AD008075D5 /* Controllers */ = {
			isa = PBXGroup;
			children = (
				B3EA1A111E83D0E300B277E2 /* Workouts and Routines */,
				B3FCCD241E137828003EF14E /* BaseTVC.swift */,
				B31CEC631DDAA764002F826C /* LiftTypeTVC.swift */,
				B32887A31E03344100259D66 /* Settings */,
				B366E56F1E309B17006658D7 /* Statistics */,
				B35DFC441E42B8C0005D770B /* SelectWorkout */,
			);
			path = Controllers;
			sourceTree = "<group>";
		};
		B3EA19F51E83BE9E00B277E2 /* First */ = {
			isa = PBXGroup;
			children = (
				B3BB318D1DDAA2360015F9B0 /* StatisticsCoordinator.swift */,
				B328D8111DD6FA52000948ED /* StatisticsTVC.swift */,
				B32504011E34447300C51909 /* StatisticsCell.swift */,
			);
			name = First;
			sourceTree = "<group>";
		};
		B3EA19F61E83BEAE00B277E2 /* Carbon */ = {
			isa = PBXGroup;
			children = (
				B32504031E34455900C51909 /* SingleLiftStatisticsCoordinator.swift */,
				B32504051E34456C00C51909 /* CarbonStatisticsVC.swift */,
			);
			name = Carbon;
			sourceTree = "<group>";
		};
		B3EA19F71E83BEB500B277E2 /* Trio */ = {
			isa = PBXGroup;
			children = (
				B3EA1A011E83BFAB00B277E2 /* History */,
				B3EA1A041E83C03800B277E2 /* Charts */,
				B3EA1A071E83C06900B277E2 /* Personal Record */,
			);
			name = Trio;
			sourceTree = "<group>";
		};
		B3EA1A011E83BFAB00B277E2 /* History */ = {
			isa = PBXGroup;
			children = (
				B37951921E34ACF0000F7428 /* StatisticsHistoryTVC.swift */,
				B3EA19FB1E83BF3E00B277E2 /* StatisticsHistoryCell.swift */,
				B3EA19FF1E83BF8B00B277E2 /* StatisticsHistorySetRowView.swift */,
			);
			name = History;
			sourceTree = "<group>";
		};
		B3EA1A041E83C03800B277E2 /* Charts */ = {
			isa = PBXGroup;
			children = (
				B3852A5D1E767C7200900B24 /* StatisticsChartsTVC.swift */,
				B3EA1A021E83BFC400B277E2 /* ChartSectionModel.swift */,
				B3EA1A051E83C04E00B277E2 /* ChartCell.swift */,
			);
			name = Charts;
			sourceTree = "<group>";
		};
		B3EA1A071E83C06900B277E2 /* Personal Record */ = {
			isa = PBXGroup;
			children = (
				B3EA19F91E83BEEA00B277E2 /* StatisticsPersonalRecordTVC.swift */,
			);
			name = "Personal Record";
			sourceTree = "<group>";
		};
		B3EA1A111E83D0E300B277E2 /* Workouts and Routines */ = {
			isa = PBXGroup;
			children = (
				B3780EF41DD5AF1B0087CEC1 /* Data Sources */,
				B36059511E1CC74A00EBE620 /* Singulars */,
				B36059521E1CC74D00EBE620 /* Plurals */,
			);
			name = "Workouts and Routines";
			sourceTree = "<group>";
		};
		B3FCCD261E15C9F9003EF14E /* Removed */ = {
			isa = PBXGroup;
			children = (
				B360591F1E1C3D8F00EBE620 /* ColumnRowView.swift */,
				B31E9FBC1DD6AE2B00B9AEFC /* RoutineDataSource.swift */,
				B31E9FBA1DD6AE2000B9AEFC /* RoutinesDataSource.swift */,
			);
			name = Removed;
			path = "Data Sources/Removed";
			sourceTree = "<group>";
		};
		B3FCCD271E171736003EF14E /* Views */ = {
			isa = PBXGroup;
			children = (
				B36059231E1C3DCF00EBE620 /* BaseChartViewDataSource.swift */,
				B36059291E1C3E4600EBE620 /* RowViews */,
				B38208731DC2B1930008D6F8 /* Cells */,
				B3FF69DC1E7A0560005FE6C1 /* ChartViewHeaderView */,
				B3FF69DB1E7A0551005FE6C1 /* TableViewFooterView */,
				B3FF69DD1E7A0576005FE6C1 /* Buttons */,
			);
			path = Views;
			sourceTree = "<group>";
		};
		B3FCCD2A1E171906003EF14E /* Auxiliary */ = {
			isa = PBXGroup;
			children = (
				B31B63F61ED53DEA0020AF5E /* HealthKitManager.swift */,
				B34BA0551DC1CC29006B6A51 /* Theme.swift */,
				B34BA0571DC1CC33006B6A51 /* Lets.swift */,
				B3FF69D81E79FE8B005FE6C1 /* EmptyDataSetController.swift */,
				B3FCCD281E1718E6003EF14E /* KeyboardHandler.swift */,
				B3170D141DE3C405001A11CE /* TextFieldBehaviorHandler.swift */,
				B35DAE3F1DDBDAB300EE5960 /* Keyboard&KeyboardDelegate.swift */,
			);
			name = Auxiliary;
			path = "Auxiliary Classes";
			sourceTree = "<group>";
		};
		B3FF69D71E79FC49005FE6C1 /* Source */ = {
			isa = PBXGroup;
			children = (
				B3D456C61DC1E4A0008075D5 /* Extensions */,
				B3FCCD2A1E171906003EF14E /* Auxiliary */,
				B3D456C51DC1E494008075D5 /* Coordinators */,
				B3D456C71DC1E4AD008075D5 /* Controllers */,
				B3D456C41DC1E48C008075D5 /* Model */,
				B3FCCD271E171736003EF14E /* Views */,
				B3FCCD261E15C9F9003EF14E /* Removed */,
			);
			name = Source;
			sourceTree = "<group>";
		};
		B3FF69DB1E7A0551005FE6C1 /* TableViewFooterView */ = {
			isa = PBXGroup;
			children = (
				B335C3661DEEAD7100D21562 /* WorkoutFooterView.swift */,
				B3FCCD311E17249D003EF14E /* WorkoutFooterViewButton.swift */,
			);
			name = TableViewFooterView;
			sourceTree = "<group>";
		};
		B3FF69DC1E7A0560005FE6C1 /* ChartViewHeaderView */ = {
			isa = PBXGroup;
			children = (
				B3B6DB351E1F000700090C45 /* LiftTableHeaderView.swift */,
				B3EA1A0B1E83C20D00B277E2 /* LiftTableHeaderRowView.swift */,
				B3EA1A0F1E83C25800B277E2 /* LiftTableHeaderLabelHolder.swift */,
				B3EA1A0D1E83C23800B277E2 /* LiftTableHeaderLabel.swift */,
			);
			name = ChartViewHeaderView;
			sourceTree = "<group>";
		};
		B3FF69DD1E7A0576005FE6C1 /* Buttons */ = {
			isa = PBXGroup;
			children = (
				B360593A1E1C41C300EBE620 /* StartBlankWorkoutButton.swift */,
			);
			name = Buttons;
			sourceTree = "<group>";
		};
		B3FF69DE1E7A061E005FE6C1 /* SettingsCell */ = {
			isa = PBXGroup;
			children = (
				B36059451E1C92C100EBE620 /* SettingsCell.swift */,
			);
			name = SettingsCell;
			sourceTree = "<group>";
		};
		C0C59FE9EF2670D17C13FC78 /* Frameworks */ = {
			isa = PBXGroup;
			children = (
				B3FCF6F71E8B66D800453E0F /* RxRealm.framework */,
				B374CA001E8B5DB800671A93 /* RxSwift.framework */,
				B374C9FE1E8B5DB200671A93 /* RxDataSources.framework */,
				B374C9FC1E8B5DAE00671A93 /* RxCocoa.framework */,
				B374C9FA1E8B5DAA00671A93 /* RealmSwift.framework */,
				B374C9F81E8B5DA600671A93 /* Realm.framework */,
				297284437228E456B1EA50E8 /* Pods_nWorkout.framework */,
				D248BDE05F2A3BFCF6C05C6D /* Pods_SnapshotTarget.framework */,
			);
			name = Frameworks;
			sourceTree = "<group>";
		};
/* End PBXGroup section */

/* Begin PBXNativeTarget section */
		B32525BF1E768C08003835DF /* nWorkoutInternal */ = {
			isa = PBXNativeTarget;
			buildConfigurationList = B32526161E768C08003835DF /* Build configuration list for PBXNativeTarget "nWorkoutInternal" */;
			buildPhases = (
				B32525C11E768C08003835DF /* Sources */,
				B325260C1E768C08003835DF /* Frameworks */,
				B325260E1E768C08003835DF /* Resources */,
				B32526131E768C08003835DF /* Increment Build Number */,
				B32526141E768C08003835DF /* ShellScript */,
			);
			buildRules = (
				B32526151E768C08003835DF /* PBXBuildRule */,
			);
			dependencies = (
			);
			name = nWorkoutInternal;
			productName = nWorkout;
			productReference = B32526191E768C08003835DF /* nWorkoutInternal.app */;
			productType = "com.apple.product-type.application";
		};
		B3540AC61E8E31150001B996 /* SnapshotTarget */ = {
			isa = PBXNativeTarget;
			buildConfigurationList = B3540ACE1E8E31150001B996 /* Build configuration list for PBXNativeTarget "SnapshotTarget" */;
			buildPhases = (
				E01C2BD7521B500A35E94F91 /* [CP] Check Pods Manifest.lock */,
				B3540AC31E8E31150001B996 /* Sources */,
				B3540AC41E8E31150001B996 /* Frameworks */,
				B3540AC51E8E31150001B996 /* Resources */,
				B2F4AA531A4A97BF54858679 /* [CP] Embed Pods Frameworks */,
			);
			buildRules = (
			);
			dependencies = (
				B3540ACD1E8E31150001B996 /* PBXTargetDependency */,
			);
			name = SnapshotTarget;
			productName = SnapshotTarget;
			productReference = B3540AC71E8E31150001B996 /* SnapshotTarget.xctest */;
			productType = "com.apple.product-type.bundle.ui-testing";
		};
		B356FBBE1DC09C160006A0F0 /* nWorkout */ = {
			isa = PBXNativeTarget;
			buildConfigurationList = B356FBD11DC09C160006A0F0 /* Build configuration list for PBXNativeTarget "nWorkout" */;
			buildPhases = (
				D95836F09FF4B1CDA8034F4F /* [CP] Check Pods Manifest.lock */,
				B356FBBB1DC09C160006A0F0 /* Sources */,
				B356FBBC1DC09C160006A0F0 /* Frameworks */,
				B356FBBD1DC09C160006A0F0 /* Resources */,
				AFE1A5B9D350CB177D504F80 /* [CP] Embed Pods Frameworks */,
			);
			buildRules = (
				B318DB3D1E72B7BB00AA050B /* PBXBuildRule */,
			);
			dependencies = (
			);
			name = nWorkout;
			productName = nWorkout;
			productReference = B356FBBF1DC09C160006A0F0 /* nWorkout.app */;
			productType = "com.apple.product-type.application";
		};
/* End PBXNativeTarget section */

/* Begin PBXProject section */
		B356FBB71DC09C160006A0F0 /* Project object */ = {
			isa = PBXProject;
			attributes = {
				LastSwiftUpdateCheck = 0830;
				LastUpgradeCheck = 1010;
				ORGANIZATIONNAME = "Nathan Lanza";
				TargetAttributes = {
					B32525BF1E768C08003835DF = {
						DevelopmentTeam = 72MNHNDUNH;
					};
					B3540AC61E8E31150001B996 = {
						CreatedOnToolsVersion = 8.3;
						DevelopmentTeam = 72MNHNDUNH;
						LastSwiftMigration = 0830;
						ProvisioningStyle = Automatic;
						TestTargetID = B356FBBE1DC09C160006A0F0;
					};
					B356FBBE1DC09C160006A0F0 = {
						CreatedOnToolsVersion = 8.1;
						DevelopmentTeam = 72MNHNDUNH;
						ProvisioningStyle = Automatic;
						SystemCapabilities = {
							com.apple.HealthKit = {
								enabled = 0;
							};
						};
					};
				};
			};
			buildConfigurationList = B356FBBA1DC09C160006A0F0 /* Build configuration list for PBXProject "nWorkout" */;
			compatibilityVersion = "Xcode 3.2";
			developmentRegion = English;
			hasScannedForEncodings = 0;
			knownRegions = (
				en,
				Base,
			);
			mainGroup = B356FBB61DC09C160006A0F0;
			productRefGroup = B356FBC01DC09C160006A0F0 /* Products */;
			projectDirPath = "";
			projectRoot = "";
			targets = (
				B356FBBE1DC09C160006A0F0 /* nWorkout */,
				B32525BF1E768C08003835DF /* nWorkoutInternal */,
				B3540AC61E8E31150001B996 /* SnapshotTarget */,
			);
		};
/* End PBXProject section */

/* Begin PBXResourcesBuildPhase section */
		B325260E1E768C08003835DF /* Resources */ = {
			isa = PBXResourcesBuildPhase;
			buildActionMask = 2147483647;
			files = (
				B325260F1E768C08003835DF /* LaunchScreen.storyboard in Resources */,
				B32526101E768C08003835DF /* Assets.xcassets in Resources */,
			);
			runOnlyForDeploymentPostprocessing = 0;
		};
		B3540AC51E8E31150001B996 /* Resources */ = {
			isa = PBXResourcesBuildPhase;
			buildActionMask = 2147483647;
			files = (
			);
			runOnlyForDeploymentPostprocessing = 0;
		};
		B356FBBD1DC09C160006A0F0 /* Resources */ = {
			isa = PBXResourcesBuildPhase;
			buildActionMask = 2147483647;
			files = (
				B3D50F051E72337A0062B118 /* LaunchScreen.storyboard in Resources */,
				B30314681E302F1F00E13EBE /* Assets.xcassets in Resources */,
			);
			runOnlyForDeploymentPostprocessing = 0;
		};
/* End PBXResourcesBuildPhase section */

/* Begin PBXShellScriptBuildPhase section */
		AFE1A5B9D350CB177D504F80 /* [CP] Embed Pods Frameworks */ = {
			isa = PBXShellScriptBuildPhase;
			buildActionMask = 2147483647;
			files = (
			);
			inputPaths = (
				"${SRCROOT}/Pods/Target Support Files/Pods-nWorkout/Pods-nWorkout-frameworks.sh",
				"${BUILT_PRODUCTS_DIR}/BonMot/BonMot.framework",
				"${BUILT_PRODUCTS_DIR}/CarbonKit/CarbonKit.framework",
				"${BUILT_PRODUCTS_DIR}/ChartView/ChartView.framework",
				"${BUILT_PRODUCTS_DIR}/Charts/Charts.framework",
				"${BUILT_PRODUCTS_DIR}/CoordinatorKit/CoordinatorKit.framework",
				"${BUILT_PRODUCTS_DIR}/CustomIOSAlertView/CustomIOSAlertView.framework",
				"${BUILT_PRODUCTS_DIR}/DZNEmptyDataSet/DZNEmptyDataSet.framework",
				"${BUILT_PRODUCTS_DIR}/Differentiator/Differentiator.framework",
				"${BUILT_PRODUCTS_DIR}/Eureka/Eureka.framework",
				"${BUILT_PRODUCTS_DIR}/Realm/Realm.framework",
				"${BUILT_PRODUCTS_DIR}/RealmSwift/RealmSwift.framework",
				"${BUILT_PRODUCTS_DIR}/Reuse/Reuse.framework",
				"${BUILT_PRODUCTS_DIR}/RxAtomic/RxAtomic.framework",
				"${BUILT_PRODUCTS_DIR}/RxCocoa/RxCocoa.framework",
				"${BUILT_PRODUCTS_DIR}/RxDataSources/RxDataSources.framework",
				"${BUILT_PRODUCTS_DIR}/RxRealm/RxRealm.framework",
				"${BUILT_PRODUCTS_DIR}/RxSwift/RxSwift.framework",
			);
			name = "[CP] Embed Pods Frameworks";
			outputPaths = (
				"${TARGET_BUILD_DIR}/${FRAMEWORKS_FOLDER_PATH}/BonMot.framework",
				"${TARGET_BUILD_DIR}/${FRAMEWORKS_FOLDER_PATH}/CarbonKit.framework",
				"${TARGET_BUILD_DIR}/${FRAMEWORKS_FOLDER_PATH}/ChartView.framework",
				"${TARGET_BUILD_DIR}/${FRAMEWORKS_FOLDER_PATH}/Charts.framework",
				"${TARGET_BUILD_DIR}/${FRAMEWORKS_FOLDER_PATH}/CoordinatorKit.framework",
				"${TARGET_BUILD_DIR}/${FRAMEWORKS_FOLDER_PATH}/CustomIOSAlertView.framework",
				"${TARGET_BUILD_DIR}/${FRAMEWORKS_FOLDER_PATH}/DZNEmptyDataSet.framework",
				"${TARGET_BUILD_DIR}/${FRAMEWORKS_FOLDER_PATH}/Differentiator.framework",
				"${TARGET_BUILD_DIR}/${FRAMEWORKS_FOLDER_PATH}/Eureka.framework",
				"${TARGET_BUILD_DIR}/${FRAMEWORKS_FOLDER_PATH}/Realm.framework",
				"${TARGET_BUILD_DIR}/${FRAMEWORKS_FOLDER_PATH}/RealmSwift.framework",
				"${TARGET_BUILD_DIR}/${FRAMEWORKS_FOLDER_PATH}/Reuse.framework",
				"${TARGET_BUILD_DIR}/${FRAMEWORKS_FOLDER_PATH}/RxAtomic.framework",
				"${TARGET_BUILD_DIR}/${FRAMEWORKS_FOLDER_PATH}/RxCocoa.framework",
				"${TARGET_BUILD_DIR}/${FRAMEWORKS_FOLDER_PATH}/RxDataSources.framework",
				"${TARGET_BUILD_DIR}/${FRAMEWORKS_FOLDER_PATH}/RxRealm.framework",
				"${TARGET_BUILD_DIR}/${FRAMEWORKS_FOLDER_PATH}/RxSwift.framework",
			);
			runOnlyForDeploymentPostprocessing = 0;
			shellPath = /bin/sh;
			shellScript = "\"${SRCROOT}/Pods/Target Support Files/Pods-nWorkout/Pods-nWorkout-frameworks.sh\"\n";
			showEnvVarsInLog = 0;
		};
		B2F4AA531A4A97BF54858679 /* [CP] Embed Pods Frameworks */ = {
			isa = PBXShellScriptBuildPhase;
			buildActionMask = 2147483647;
			files = (
			);
			inputPaths = (
				"${SRCROOT}/Pods/Target Support Files/Pods-SnapshotTarget/Pods-SnapshotTarget-frameworks.sh",
				"${BUILT_PRODUCTS_DIR}/Nimble/Nimble.framework",
				"${BUILT_PRODUCTS_DIR}/Quick/Quick.framework",
			);
			name = "[CP] Embed Pods Frameworks";
			outputPaths = (
				"${TARGET_BUILD_DIR}/${FRAMEWORKS_FOLDER_PATH}/Nimble.framework",
				"${TARGET_BUILD_DIR}/${FRAMEWORKS_FOLDER_PATH}/Quick.framework",
			);
			runOnlyForDeploymentPostprocessing = 0;
			shellPath = /bin/sh;
			shellScript = "\"${SRCROOT}/Pods/Target Support Files/Pods-SnapshotTarget/Pods-SnapshotTarget-frameworks.sh\"\n";
			showEnvVarsInLog = 0;
		};
		B32526131E768C08003835DF /* Increment Build Number */ = {
			isa = PBXShellScriptBuildPhase;
			buildActionMask = 2147483647;
			files = (
			);
			inputPaths = (
			);
			name = "Increment Build Number";
			outputPaths = (
			);
			runOnlyForDeploymentPostprocessing = 0;
			shellPath = /bin/sh;
			shellScript = "if [[ $USER == 'lanza' ]]; then\n    /Users/lanza/bin/incrementXcodeBuild\nfi ";
		};
		B32526141E768C08003835DF /* ShellScript */ = {
			isa = PBXShellScriptBuildPhase;
			buildActionMask = 2147483647;
			files = (
			);
			inputPaths = (
			);
			outputPaths = (
			);
			runOnlyForDeploymentPostprocessing = 0;
			shellPath = /bin/sh;
			shellScript = "";
		};
		D95836F09FF4B1CDA8034F4F /* [CP] Check Pods Manifest.lock */ = {
			isa = PBXShellScriptBuildPhase;
			buildActionMask = 2147483647;
			files = (
			);
			inputPaths = (
				"${PODS_PODFILE_DIR_PATH}/Podfile.lock",
				"${PODS_ROOT}/Manifest.lock",
			);
			name = "[CP] Check Pods Manifest.lock";
			outputPaths = (
				"$(DERIVED_FILE_DIR)/Pods-nWorkout-checkManifestLockResult.txt",
			);
			runOnlyForDeploymentPostprocessing = 0;
			shellPath = /bin/sh;
			shellScript = "diff \"${PODS_PODFILE_DIR_PATH}/Podfile.lock\" \"${PODS_ROOT}/Manifest.lock\" > /dev/null\nif [ $? != 0 ] ; then\n    # print error to STDERR\n    echo \"error: The sandbox is not in sync with the Podfile.lock. Run 'pod install' or update your CocoaPods installation.\" >&2\n    exit 1\nfi\n# This output is used by Xcode 'outputs' to avoid re-running this script phase.\necho \"SUCCESS\" > \"${SCRIPT_OUTPUT_FILE_0}\"\n";
			showEnvVarsInLog = 0;
		};
		E01C2BD7521B500A35E94F91 /* [CP] Check Pods Manifest.lock */ = {
			isa = PBXShellScriptBuildPhase;
			buildActionMask = 2147483647;
			files = (
			);
			inputPaths = (
				"${PODS_PODFILE_DIR_PATH}/Podfile.lock",
				"${PODS_ROOT}/Manifest.lock",
			);
			name = "[CP] Check Pods Manifest.lock";
			outputPaths = (
				"$(DERIVED_FILE_DIR)/Pods-SnapshotTarget-checkManifestLockResult.txt",
			);
			runOnlyForDeploymentPostprocessing = 0;
			shellPath = /bin/sh;
			shellScript = "diff \"${PODS_PODFILE_DIR_PATH}/Podfile.lock\" \"${PODS_ROOT}/Manifest.lock\" > /dev/null\nif [ $? != 0 ] ; then\n    # print error to STDERR\n    echo \"error: The sandbox is not in sync with the Podfile.lock. Run 'pod install' or update your CocoaPods installation.\" >&2\n    exit 1\nfi\n# This output is used by Xcode 'outputs' to avoid re-running this script phase.\necho \"SUCCESS\" > \"${SCRIPT_OUTPUT_FILE_0}\"\n";
			showEnvVarsInLog = 0;
		};
/* End PBXShellScriptBuildPhase section */

/* Begin PBXSourcesBuildPhase section */
		B32525C11E768C08003835DF /* Sources */ = {
			isa = PBXSourcesBuildPhase;
			buildActionMask = 2147483647;
			files = (
				B32525C21E768C08003835DF /* SelectWorkoutCell.swift in Sources */,
				B32525C31E768C08003835DF /* BaseDataProvider.swift in Sources */,
				B32525C41E768C08003835DF /* DataSource.swift in Sources */,
				B32525C51E768C08003835DF /* LiftTypeCoordinator.swift in Sources */,
				B32525C61E768C08003835DF /* WorkoutCell.swift in Sources */,
				B32525C71E768C08003835DF /* BaseWorkoutsTVC.swift in Sources */,
				B3FF69DA1E7A002C005FE6C1 /* EmptyDataSetController.swift in Sources */,
				B32525C81E768C08003835DF /* WeightAndRepsTextField.swift in Sources */,
				B32525C91E768C08003835DF /* ViewInfo.swift in Sources */,
				B32525CA1E768C08003835DF /* WorkoutFooterView.swift in Sources */,
				B32525CB1E768C08003835DF /* CombinedView.swift in Sources */,
				B32525CC1E768C08003835DF /* TextFieldBehaviorHandler.swift in Sources */,
				B32525CD1E768C08003835DF /* SettingsCell.swift in Sources */,
				B32525CE1E768C08003835DF /* CompletedWeightAndRepsTextField.swift in Sources */,
				B32525CF1E768C08003835DF /* SelectWorkoutVC.swift in Sources */,
				B32525D01E768C08003835DF /* Workout.swift in Sources */,
				B32525D11E768C08003835DF /* Base.swift in Sources */,
				B32525D21E768C08003835DF /* SettingsCoordinator.swift in Sources */,
				B32525D31E768C08003835DF /* StatisticsCoordinator.swift in Sources */,
				B32525D41E768C08003835DF /* StatisticsHistoryTVC.swift in Sources */,
				B32525D51E768C08003835DF /* Theme.swift in Sources */,
				B32525D61E768C08003835DF /* LiftTypeTVC.swift in Sources */,
				B32525D71E768C08003835DF /* WorkoutFooterViewButton.swift in Sources */,
				B32525D81E768C08003835DF /* WorkoutDetailCoordinator.swift in Sources */,
				B32525D91E768C08003835DF /* ColumnRowView.swift in Sources */,
				B32525DA1E768C08003835DF /* Lift.swift in Sources */,
				B32525DB1E768C08003835DF /* WorkoutCoordinator.swift in Sources */,
				B32525DC1E768C08003835DF /* SettingsTVC.swift in Sources */,
				B32525DD1E768C08003835DF /* AcrtiveWorkoutCoordinator.swift in Sources */,
				B32525DE1E768C08003835DF /* RoutineCell.swift in Sources */,
				B32525DF1E768C08003835DF /* RoutineSetRowView.swift in Sources */,
				B32525E01E768C08003835DF /* WorkoutLiftCell.swift in Sources */,
				B32525E11E768C08003835DF /* WorkoutsCoordinator.swift in Sources */,
				B32525E21E768C08003835DF /* ArrayProvider.swift in Sources */,
				B32525E31E768C08003835DF /* RoutineDataSource.swift in Sources */,
				B32525E41E768C08003835DF /* SelectWorkoutCoordinator.swift in Sources */,
				B32525E51E768C08003835DF /* RLM.swift in Sources */,
				B32525E61E768C08003835DF /* ConfigurableCell.swift in Sources */,
				B32525E71E768C08003835DF /* LiftTableHeaderView.swift in Sources */,
				B32525E81E768C08003835DF /* RoutinesCoordinator.swift in Sources */,
				B32525E91E768C08003835DF /* CarbonStatisticsVC.swift in Sources */,
				B32525EA1E768C08003835DF /* CompleteButton.swift in Sources */,
				B32525EB1E768C08003835DF /* UIAlertController+Extensions.swift in Sources */,
				B32525EC1E768C08003835DF /* RoutineLiftCell.swift in Sources */,
				B32525ED1E768C08003835DF /* LiftCell.swift in Sources */,
				B32525EE1E768C08003835DF /* SetNumberLabel.swift in Sources */,
				B32525EF1E768C08003835DF /* RoutinesTVC.swift in Sources */,
				B32525F01E768C08003835DF /* BaseWorkoutTVC.swift in Sources */,
				B32525F11E768C08003835DF /* KeyboardHandler.swift in Sources */,
				B32525F21E768C08003835DF /* FailButton.swift in Sources */,
				B32525F31E768C08003835DF /* MainCoordinator.swift in Sources */,
				B32525F41E768C08003835DF /* BaseTVC.swift in Sources */,
				B32525F51E768C08003835DF /* RoutineTVC.swift in Sources */,
				B32525F61E768C08003835DF /* WorkoutsTVC.swift in Sources */,
				B32525F71E768C08003835DF /* StartBlankWorkoutButton.swift in Sources */,
				B32525F81E768C08003835DF /* Set.swift in Sources */,
				B32525F91E768C08003835DF /* WorkoutTVC.swift in Sources */,
				B32525FA1E768C08003835DF /* ActiveOrFinished.swift in Sources */,
				B32525FB1E768C08003835DF /* BaseChartViewDataSource.swift in Sources */,
				B32525FC1E768C08003835DF /* Keyboard&KeyboardDelegate.swift in Sources */,
				B32525FD1E768C08003835DF /* SingleLiftStatisticsCoordinator.swift in Sources */,
				B32525FE1E768C08003835DF /* RoutinesDataSource.swift in Sources */,
				B32525FF1E768C08003835DF /* WorkoutDetailVC.swift in Sources */,
				B32526001E768C08003835DF /* DataProvider.swift in Sources */,
				B32526011E768C08003835DF /* StatisticsTVC.swift in Sources */,
				B32526021E768C08003835DF /* WeightAndRepsLabel.swift in Sources */,
				B32526031E768C08003835DF /* StatisticsChartsTVC.swift in Sources */,
				B32526041E768C08003835DF /* WorkoutDataSource.swift in Sources */,
				B32526051E768C08003835DF /* NoteButton.swift in Sources */,
				B32526061E768C08003835DF /* RoutineCoordinator.swift in Sources */,
				B32526071E768C08003835DF /* StatisticsCell.swift in Sources */,
				B32526081E768C08003835DF /* AppDelegate.swift in Sources */,
				B32526091E768C08003835DF /* WorkoutsDataSource.swift in Sources */,
				B325260A1E768C08003835DF /* SetRowView.swift in Sources */,
				B325260B1E768C08003835DF /* Lets.swift in Sources */,
			);
			runOnlyForDeploymentPostprocessing = 0;
		};
		B3540AC31E8E31150001B996 /* Sources */ = {
			isa = PBXSourcesBuildPhase;
			buildActionMask = 2147483647;
			files = (
				B3540AD41E8E31720001B996 /* SnapshotTarget.swift in Sources */,
				B3540AD51E8E31B90001B996 /* SnapshotHelper.swift in Sources */,
			);
			runOnlyForDeploymentPostprocessing = 0;
		};
		B356FBBB1DC09C160006A0F0 /* Sources */ = {
			isa = PBXSourcesBuildPhase;
			buildActionMask = 2147483647;
			files = (
				B360593D1E1C4ACE00EBE620 /* SelectWorkoutCell.swift in Sources */,
				B3EA1A001E83BF8B00B277E2 /* StatisticsHistorySetRowView.swift in Sources */,
				B38208751DC2B1FA0008D6F8 /* BaseDataProvider.swift in Sources */,
				B3780EF01DD5A7010087CEC1 /* DataSource.swift in Sources */,
				B36059411E1C4B5600EBE620 /* LiftTypeCoordinator.swift in Sources */,
				B38208721DC2B1850008D6F8 /* WorkoutCell.swift in Sources */,
				B3FCCD231E137728003EF14E /* BaseWorkoutsTVC.swift in Sources */,
				B3FF69D91E79FE8B005FE6C1 /* EmptyDataSetController.swift in Sources */,
				B360592E1E1C3E8900EBE620 /* WeightAndRepsTextField.swift in Sources */,
				B36059441E1C92A600EBE620 /* ViewInfo.swift in Sources */,
				B335C3671DEEAD7100D21562 /* WorkoutFooterView.swift in Sources */,
				B36059481E1C951C00EBE620 /* CombinedView.swift in Sources */,
				B3170D151DE3C405001A11CE /* TextFieldBehaviorHandler.swift in Sources */,
				B3EA1A0E1E83C23800B277E2 /* LiftTableHeaderLabel.swift in Sources */,
				B3EA19FC1E83BF3E00B277E2 /* StatisticsHistoryCell.swift in Sources */,
				B36059461E1C92C100EBE620 /* SettingsCell.swift in Sources */,
				B36059301E1C3EA700EBE620 /* CompletedWeightAndRepsTextField.swift in Sources */,
				B3773F931DD7CF630067746D /* SelectWorkoutVC.swift in Sources */,
				B34BA05A1DC1CC4B006B6A51 /* Workout.swift in Sources */,
				B38208791DC2B23E0008D6F8 /* Base.swift in Sources */,
				B3BB31901DDAA24C0015F9B0 /* SettingsCoordinator.swift in Sources */,
				B3BB318E1DDAA2360015F9B0 /* StatisticsCoordinator.swift in Sources */,
				B37951931E34ACF0000F7428 /* StatisticsHistoryTVC.swift in Sources */,
				B34BA0561DC1CC29006B6A51 /* Theme.swift in Sources */,
				B31CEC641DDAA764002F826C /* LiftTypeTVC.swift in Sources */,
				B3FCCD321E17249D003EF14E /* WorkoutFooterViewButton.swift in Sources */,
				B31953A61E305F6000AC2687 /* WorkoutDetailCoordinator.swift in Sources */,
				B36059201E1C3D8F00EBE620 /* ColumnRowView.swift in Sources */,
				B34BA05C1DC1CCED006B6A51 /* Lift.swift in Sources */,
				B3BB31841DDAA15B0015F9B0 /* WorkoutCoordinator.swift in Sources */,
				B328D8141DD6FA5E000948ED /* SettingsTVC.swift in Sources */,
				B3B7D0131E7FC3A600483D95 /* ChartDataProvider.swift in Sources */,
				B3BB318A1DDAA1B60015F9B0 /* AcrtiveWorkoutCoordinator.swift in Sources */,
				B36059221E1C3DB000EBE620 /* RoutineCell.swift in Sources */,
				B360592C1E1C3E7600EBE620 /* RoutineSetRowView.swift in Sources */,
				B3EA1A101E83C25800B277E2 /* LiftTableHeaderLabelHolder.swift in Sources */,
				B3FCCD391E172AC3003EF14E /* WorkoutLiftCell.swift in Sources */,
				B3BB31821DDAA1390015F9B0 /* WorkoutsCoordinator.swift in Sources */,
				B3780EF31DD5A7100087CEC1 /* ArrayProvider.swift in Sources */,
				B31E9FBD1DD6AE2B00B9AEFC /* RoutineDataSource.swift in Sources */,
				B3BB318C1DDAA1F10015F9B0 /* SelectWorkoutCoordinator.swift in Sources */,
				B36F37E81E0F7FF100667263 /* RLM.swift in Sources */,
				B3780EF81DD5B0C80087CEC1 /* ConfigurableCell.swift in Sources */,
				B3B6DB361E1F000700090C45 /* LiftTableHeaderView.swift in Sources */,
				B3BB31861DDAA17B0015F9B0 /* RoutinesCoordinator.swift in Sources */,
				B32504061E34456C00C51909 /* CarbonStatisticsVC.swift in Sources */,
				B36059391E1C3F0700EBE620 /* CompleteButton.swift in Sources */,
				B3FF69E01E7A17A2005FE6C1 /* CellSettingsCell.swift in Sources */,
				B360593F1E1C4B1700EBE620 /* UIAlertController+Extensions.swift in Sources */,
				B36059261E1C3E0800EBE620 /* RoutineLiftCell.swift in Sources */,
				B31CEC661DDB02A1002F826C /* LiftCell.swift in Sources */,
				B36059331E1C3EC700EBE620 /* SetNumberLabel.swift in Sources */,
				B31E9FBF1DD6AE3400B9AEFC /* RoutinesTVC.swift in Sources */,
				B3EA1A031E83BFC400B277E2 /* ChartSectionModel.swift in Sources */,
				B36059501E1CC71F00EBE620 /* BaseWorkoutTVC.swift in Sources */,
				B3EA19FE1E83BF6D00B277E2 /* Rx+Extensions.swift in Sources */,
				B3FCCD291E1718E6003EF14E /* KeyboardHandler.swift in Sources */,
				B36059371E1C3EF600EBE620 /* FailButton.swift in Sources */,
				B3312B341DC12F9700318AA6 /* MainCoordinator.swift in Sources */,
				B3FCCD251E137828003EF14E /* BaseTVC.swift in Sources */,
				B328D8101DD6FA3C000948ED /* RoutineTVC.swift in Sources */,
				B382087B1DC2B2C00008D6F8 /* WorkoutsTVC.swift in Sources */,
				B360593B1E1C41C300EBE620 /* StartBlankWorkoutButton.swift in Sources */,
				B38208771DC2B22A0008D6F8 /* Set.swift in Sources */,
				B382087F1DC2B3EE0008D6F8 /* WorkoutTVC.swift in Sources */,
				B3EA1A171E83D26200B277E2 /* DarkLabel.swift in Sources */,
				B3EA1A151E83D20200B277E2 /* WorkoutCellRowView.swift in Sources */,
				B3FCCD371E172A9F003EF14E /* ActiveOrFinished.swift in Sources */,
				B36059241E1C3DCF00EBE620 /* BaseChartViewDataSource.swift in Sources */,
				B35DAE401DDBDAB300EE5960 /* Keyboard&KeyboardDelegate.swift in Sources */,
				B32504041E34455900C51909 /* SingleLiftStatisticsCoordinator.swift in Sources */,
				B31E9FBB1DD6AE2000B9AEFC /* RoutinesDataSource.swift in Sources */,
				B31953A81E305F7900AC2687 /* WorkoutDetailVC.swift in Sources */,
				B3D456C31DC1E309008075D5 /* DataProvider.swift in Sources */,
				B328D8121DD6FA52000948ED /* StatisticsTVC.swift in Sources */,
				B31B63F71ED53DEA0020AF5E /* HealthKitManager.swift in Sources */,
				B3EA1A061E83C04E00B277E2 /* ChartCell.swift in Sources */,
				B36059351E1C3EDF00EBE620 /* WeightAndRepsLabel.swift in Sources */,
				B3852A5E1E767C7200900B24 /* StatisticsChartsTVC.swift in Sources */,
				B3EA19FA1E83BEEA00B277E2 /* StatisticsPersonalRecordTVC.swift in Sources */,
				B31E9FB91DD6AE0100B9AEFC /* WorkoutDataSource.swift in Sources */,
				B3EA1A091E83C13000B277E2 /* SettingsSectionModel.swift in Sources */,
				B34E6FD81E1DF33600ACA4D5 /* NoteButton.swift in Sources */,
				B3EA1A0C1E83C20D00B277E2 /* LiftTableHeaderRowView.swift in Sources */,
				B3BB31881DDAA19C0015F9B0 /* RoutineCoordinator.swift in Sources */,
				B32504021E34447300C51909 /* StatisticsCell.swift in Sources */,
				B356FBC31DC09C160006A0F0 /* AppDelegate.swift in Sources */,
				B3780EF61DD5AF2D0087CEC1 /* WorkoutsDataSource.swift in Sources */,
				B35DAE3E1DDBC7BD00EE5960 /* SetRowView.swift in Sources */,
				B3540AB21E8E1ECF0001B996 /* BaseRowView.swift in Sources */,
				B34BA0581DC1CC33006B6A51 /* Lets.swift in Sources */,
			);
			runOnlyForDeploymentPostprocessing = 0;
		};
/* End PBXSourcesBuildPhase section */

/* Begin PBXTargetDependency section */
		B3540ACD1E8E31150001B996 /* PBXTargetDependency */ = {
			isa = PBXTargetDependency;
			target = B356FBBE1DC09C160006A0F0 /* nWorkout */;
			targetProxy = B3540ACC1E8E31150001B996 /* PBXContainerItemProxy */;
		};
/* End PBXTargetDependency section */

/* Begin XCBuildConfiguration section */
		B32526171E768C08003835DF /* Debug */ = {
			isa = XCBuildConfiguration;
			buildSettings = {
				ASSETCATALOG_COMPILER_APPICON_NAME = AppIcon;
				DEVELOPMENT_TEAM = 72MNHNDUNH;
				INFOPLIST_FILE = "$(SRCROOT)/nWorkoutInternal.plist";
				IPHONEOS_DEPLOYMENT_TARGET = 10.2;
				OTHER_SWIFT_FLAGS = "$(inherited) \"-D\" \"COCOAPODS\" -Xfrontend -debug-time-function-bodies";
				PRODUCT_BUNDLE_IDENTIFIER = io.lanza.nWorkout;
				PRODUCT_NAME = "$(TARGET_NAME)";
				SWIFT_VERSION = 3.0;
				TARGETED_DEVICE_FAMILY = 1;
			};
			name = Debug;
		};
		B32526181E768C08003835DF /* Release */ = {
			isa = XCBuildConfiguration;
			buildSettings = {
				ASSETCATALOG_COMPILER_APPICON_NAME = AppIcon;
				DEVELOPMENT_TEAM = 72MNHNDUNH;
				INFOPLIST_FILE = "$(SRCROOT)/nWorkoutInternal.plist";
				IPHONEOS_DEPLOYMENT_TARGET = 10.2;
				OTHER_SWIFT_FLAGS = "$(inherited) \"-D\" \"COCOAPODS\" -Xfrontend -debug-time-function-bodies";
				PRODUCT_BUNDLE_IDENTIFIER = io.lanza.nWorkout;
				PRODUCT_NAME = "$(TARGET_NAME)";
				SWIFT_VERSION = 3.0;
				TARGETED_DEVICE_FAMILY = 1;
			};
			name = Release;
		};
		B3540ACF1E8E31150001B996 /* Debug */ = {
			isa = XCBuildConfiguration;
			baseConfigurationReference = C87EDFE07006579770274045 /* Pods-SnapshotTarget.debug.xcconfig */;
			buildSettings = {
				CLANG_ANALYZER_NUMBER_OBJECT_CONVERSION = YES_AGGRESSIVE;
				CLANG_ENABLE_MODULES = YES;
				DEVELOPMENT_TEAM = 72MNHNDUNH;
				FRAMEWORK_SEARCH_PATHS = (
					"$(inherited)",
					"$(PROJECT_DIR)/Carthage/Build/iOS",
				);
				INFOPLIST_FILE = SnapshotTarget/Info.plist;
				IPHONEOS_DEPLOYMENT_TARGET = 10.3;
				LD_RUNPATH_SEARCH_PATHS = "$(inherited) @executable_path/Frameworks @loader_path/Frameworks";
				PRODUCT_BUNDLE_IDENTIFIER = io.lanza.SnapshotTarget;
				PRODUCT_NAME = "$(TARGET_NAME)";
				SWIFT_OPTIMIZATION_LEVEL = "-Onone";
				SWIFT_VERSION = 3.0;
				TEST_TARGET_NAME = nWorkout;
			};
			name = Debug;
		};
		B3540AD01E8E31150001B996 /* Release */ = {
			isa = XCBuildConfiguration;
			baseConfigurationReference = 5C58C046C918643D7FB2001E /* Pods-SnapshotTarget.release.xcconfig */;
			buildSettings = {
				CLANG_ANALYZER_NUMBER_OBJECT_CONVERSION = YES_AGGRESSIVE;
				CLANG_ENABLE_MODULES = YES;
				DEVELOPMENT_TEAM = 72MNHNDUNH;
				FRAMEWORK_SEARCH_PATHS = (
					"$(inherited)",
					"$(PROJECT_DIR)/Carthage/Build/iOS",
				);
				INFOPLIST_FILE = SnapshotTarget/Info.plist;
				IPHONEOS_DEPLOYMENT_TARGET = 10.3;
				LD_RUNPATH_SEARCH_PATHS = "$(inherited) @executable_path/Frameworks @loader_path/Frameworks";
				PRODUCT_BUNDLE_IDENTIFIER = io.lanza.SnapshotTarget;
				PRODUCT_NAME = "$(TARGET_NAME)";
				SWIFT_VERSION = 3.0;
				TEST_TARGET_NAME = nWorkout;
			};
			name = Release;
		};
		B356FBCF1DC09C160006A0F0 /* Debug */ = {
			isa = XCBuildConfiguration;
			buildSettings = {
				ALWAYS_SEARCH_USER_PATHS = NO;
				CLANG_ANALYZER_NONNULL = YES;
				CLANG_CXX_LANGUAGE_STANDARD = "gnu++0x";
				CLANG_CXX_LIBRARY = "libc++";
				CLANG_ENABLE_MODULES = YES;
				CLANG_ENABLE_OBJC_ARC = YES;
				CLANG_WARN_BLOCK_CAPTURE_AUTORELEASING = YES;
				CLANG_WARN_BOOL_CONVERSION = YES;
				CLANG_WARN_COMMA = YES;
				CLANG_WARN_CONSTANT_CONVERSION = YES;
				CLANG_WARN_DEPRECATED_OBJC_IMPLEMENTATIONS = YES;
				CLANG_WARN_DIRECT_OBJC_ISA_USAGE = YES_ERROR;
				CLANG_WARN_DOCUMENTATION_COMMENTS = YES;
				CLANG_WARN_EMPTY_BODY = YES;
				CLANG_WARN_ENUM_CONVERSION = YES;
				CLANG_WARN_INFINITE_RECURSION = YES;
				CLANG_WARN_INT_CONVERSION = YES;
				CLANG_WARN_NON_LITERAL_NULL_CONVERSION = YES;
				CLANG_WARN_OBJC_IMPLICIT_RETAIN_SELF = YES;
				CLANG_WARN_OBJC_LITERAL_CONVERSION = YES;
				CLANG_WARN_OBJC_ROOT_CLASS = YES_ERROR;
				CLANG_WARN_RANGE_LOOP_ANALYSIS = YES;
				CLANG_WARN_STRICT_PROTOTYPES = YES;
				CLANG_WARN_SUSPICIOUS_MOVE = YES;
				CLANG_WARN_SUSPICIOUS_MOVES = YES;
				CLANG_WARN_UNREACHABLE_CODE = YES;
				CLANG_WARN__DUPLICATE_METHOD_MATCH = YES;
				"CODE_SIGN_IDENTITY[sdk=iphoneos*]" = "iPhone Developer";
				COPY_PHASE_STRIP = NO;
				DEBUG_INFORMATION_FORMAT = dwarf;
				ENABLE_STRICT_OBJC_MSGSEND = YES;
				ENABLE_TESTABILITY = YES;
				GCC_C_LANGUAGE_STANDARD = gnu99;
				GCC_DYNAMIC_NO_PIC = NO;
				GCC_NO_COMMON_BLOCKS = YES;
				GCC_OPTIMIZATION_LEVEL = 0;
				GCC_PREPROCESSOR_DEFINITIONS = (
					"DEBUG=1",
					"$(inherited)",
				);
				GCC_WARN_64_TO_32_BIT_CONVERSION = YES;
				GCC_WARN_ABOUT_RETURN_TYPE = YES_ERROR;
				GCC_WARN_UNDECLARED_SELECTOR = YES;
				GCC_WARN_UNINITIALIZED_AUTOS = YES_AGGRESSIVE;
				GCC_WARN_UNUSED_FUNCTION = YES;
				GCC_WARN_UNUSED_VARIABLE = YES;
				IPHONEOS_DEPLOYMENT_TARGET = 10.1;
				MTL_ENABLE_DEBUG_INFO = YES;
				ONLY_ACTIVE_ARCH = YES;
				SDKROOT = iphoneos;
				SWIFT_ACTIVE_COMPILATION_CONDITIONS = DEBUG;
				SWIFT_OPTIMIZATION_LEVEL = "-Onone";
				TARGETED_DEVICE_FAMILY = "1,2";
			};
			name = Debug;
		};
		B356FBD01DC09C160006A0F0 /* Release */ = {
			isa = XCBuildConfiguration;
			buildSettings = {
				ALWAYS_SEARCH_USER_PATHS = NO;
				CLANG_ANALYZER_NONNULL = YES;
				CLANG_CXX_LANGUAGE_STANDARD = "gnu++0x";
				CLANG_CXX_LIBRARY = "libc++";
				CLANG_ENABLE_MODULES = YES;
				CLANG_ENABLE_OBJC_ARC = YES;
				CLANG_WARN_BLOCK_CAPTURE_AUTORELEASING = YES;
				CLANG_WARN_BOOL_CONVERSION = YES;
				CLANG_WARN_COMMA = YES;
				CLANG_WARN_CONSTANT_CONVERSION = YES;
				CLANG_WARN_DEPRECATED_OBJC_IMPLEMENTATIONS = YES;
				CLANG_WARN_DIRECT_OBJC_ISA_USAGE = YES_ERROR;
				CLANG_WARN_DOCUMENTATION_COMMENTS = YES;
				CLANG_WARN_EMPTY_BODY = YES;
				CLANG_WARN_ENUM_CONVERSION = YES;
				CLANG_WARN_INFINITE_RECURSION = YES;
				CLANG_WARN_INT_CONVERSION = YES;
				CLANG_WARN_NON_LITERAL_NULL_CONVERSION = YES;
				CLANG_WARN_OBJC_IMPLICIT_RETAIN_SELF = YES;
				CLANG_WARN_OBJC_LITERAL_CONVERSION = YES;
				CLANG_WARN_OBJC_ROOT_CLASS = YES_ERROR;
				CLANG_WARN_RANGE_LOOP_ANALYSIS = YES;
				CLANG_WARN_STRICT_PROTOTYPES = YES;
				CLANG_WARN_SUSPICIOUS_MOVE = YES;
				CLANG_WARN_SUSPICIOUS_MOVES = YES;
				CLANG_WARN_UNREACHABLE_CODE = YES;
				CLANG_WARN__DUPLICATE_METHOD_MATCH = YES;
				"CODE_SIGN_IDENTITY[sdk=iphoneos*]" = "iPhone Developer";
				COPY_PHASE_STRIP = NO;
				DEBUG_INFORMATION_FORMAT = "dwarf-with-dsym";
				ENABLE_NS_ASSERTIONS = NO;
				ENABLE_STRICT_OBJC_MSGSEND = YES;
				GCC_C_LANGUAGE_STANDARD = gnu99;
				GCC_NO_COMMON_BLOCKS = YES;
				GCC_WARN_64_TO_32_BIT_CONVERSION = YES;
				GCC_WARN_ABOUT_RETURN_TYPE = YES_ERROR;
				GCC_WARN_UNDECLARED_SELECTOR = YES;
				GCC_WARN_UNINITIALIZED_AUTOS = YES_AGGRESSIVE;
				GCC_WARN_UNUSED_FUNCTION = YES;
				GCC_WARN_UNUSED_VARIABLE = YES;
				IPHONEOS_DEPLOYMENT_TARGET = 10.1;
				MTL_ENABLE_DEBUG_INFO = NO;
				SDKROOT = iphoneos;
				SWIFT_OPTIMIZATION_LEVEL = "-Owholemodule";
				TARGETED_DEVICE_FAMILY = "1,2";
				VALIDATE_PRODUCT = YES;
			};
			name = Release;
		};
		B356FBD21DC09C160006A0F0 /* Debug */ = {
			isa = XCBuildConfiguration;
			baseConfigurationReference = D86E1D94B445ACD74DD85B56 /* Pods-nWorkout.debug.xcconfig */;
			buildSettings = {
				ASSETCATALOG_COMPILER_APPICON_NAME = AppIcon;
				DEVELOPMENT_TEAM = 72MNHNDUNH;
				FRAMEWORK_SEARCH_PATHS = (
					"$(inherited)",
					"$(PROJECT_DIR)/Carthage/Build/iOS",
				);
				INFOPLIST_FILE = Other/nWorkout.plist;
				IPHONEOS_DEPLOYMENT_TARGET = 10.2;
				OTHER_SWIFT_FLAGS = "$(inherited) \"-D\" \"COCOAPODS\" -Xfrontend -debug-time-function-bodies";
				PRODUCT_BUNDLE_IDENTIFIER = io.lanza.nWorkout;
				PRODUCT_NAME = "$(TARGET_NAME)";
				SWIFT_VERSION = 4.2;
				TARGETED_DEVICE_FAMILY = 1;
			};
			name = Debug;
		};
		B356FBD31DC09C160006A0F0 /* Release */ = {
			isa = XCBuildConfiguration;
			baseConfigurationReference = AAA08A9A5FEE3A26B3120289 /* Pods-nWorkout.release.xcconfig */;
			buildSettings = {
				ASSETCATALOG_COMPILER_APPICON_NAME = AppIcon;
				DEVELOPMENT_TEAM = 72MNHNDUNH;
				FRAMEWORK_SEARCH_PATHS = (
					"$(inherited)",
					"$(PROJECT_DIR)/Carthage/Build/iOS",
				);
				INFOPLIST_FILE = Other/nWorkout.plist;
				IPHONEOS_DEPLOYMENT_TARGET = 10.2;
				OTHER_SWIFT_FLAGS = "$(inherited) \"-D\" \"COCOAPODS\" -Xfrontend -debug-time-function-bodies";
				PRODUCT_BUNDLE_IDENTIFIER = io.lanza.nWorkout;
				PRODUCT_NAME = "$(TARGET_NAME)";
				SWIFT_VERSION = 4.2;
				TARGETED_DEVICE_FAMILY = 1;
			};
			name = Release;
		};
/* End XCBuildConfiguration section */

/* Begin XCConfigurationList section */
		B32526161E768C08003835DF /* Build configuration list for PBXNativeTarget "nWorkoutInternal" */ = {
			isa = XCConfigurationList;
			buildConfigurations = (
				B32526171E768C08003835DF /* Debug */,
				B32526181E768C08003835DF /* Release */,
			);
			defaultConfigurationIsVisible = 0;
			defaultConfigurationName = Release;
		};
		B3540ACE1E8E31150001B996 /* Build configuration list for PBXNativeTarget "SnapshotTarget" */ = {
			isa = XCConfigurationList;
			buildConfigurations = (
				B3540ACF1E8E31150001B996 /* Debug */,
				B3540AD01E8E31150001B996 /* Release */,
			);
			defaultConfigurationIsVisible = 0;
			defaultConfigurationName = Release;
		};
		B356FBBA1DC09C160006A0F0 /* Build configuration list for PBXProject "nWorkout" */ = {
			isa = XCConfigurationList;
			buildConfigurations = (
				B356FBCF1DC09C160006A0F0 /* Debug */,
				B356FBD01DC09C160006A0F0 /* Release */,
			);
			defaultConfigurationIsVisible = 0;
			defaultConfigurationName = Release;
		};
		B356FBD11DC09C160006A0F0 /* Build configuration list for PBXNativeTarget "nWorkout" */ = {
			isa = XCConfigurationList;
			buildConfigurations = (
				B356FBD21DC09C160006A0F0 /* Debug */,
				B356FBD31DC09C160006A0F0 /* Release */,
			);
			defaultConfigurationIsVisible = 0;
			defaultConfigurationName = Release;
		};
/* End XCConfigurationList section */
	};
	rootObject = B356FBB71DC09C160006A0F0 /* Project object */;
}
