// !$*UTF8*$!
{
	archiveVersion = 1;
	classes = {
	};
	objectVersion = 46;
	objects = {

/* Begin PBXBuildFile section */
		B30314681E302F1F00E13EBE /* Assets.xcassets in Resources */ = {isa = PBXBuildFile; fileRef = B30314671E302F1F00E13EBE /* Assets.xcassets */; };
		B3170D151DE3C405001A11CE /* TextFieldBehaviorHandler.swift in Sources */ = {isa = PBXBuildFile; fileRef = B3170D141DE3C405001A11CE /* TextFieldBehaviorHandler.swift */; };
		B31953A61E305F6000AC2687 /* WorkoutDetailCoordinator.swift in Sources */ = {isa = PBXBuildFile; fileRef = B31953A51E305F6000AC2687 /* WorkoutDetailCoordinator.swift */; };
		B31953A81E305F7900AC2687 /* WorkoutDetailVC.swift in Sources */ = {isa = PBXBuildFile; fileRef = B31953A71E305F7900AC2687 /* WorkoutDetailVC.swift */; };
		B31CEC641DDAA764002F826C /* LiftTypeTVC.swift in Sources */ = {isa = PBXBuildFile; fileRef = B31CEC631DDAA764002F826C /* LiftTypeTVC.swift */; };
		B31CEC661DDB02A1002F826C /* LiftCell.swift in Sources */ = {isa = PBXBuildFile; fileRef = B31CEC651DDB02A1002F826C /* LiftCell.swift */; };
		B31E9FB91DD6AE0100B9AEFC /* WorkoutDataSource.swift in Sources */ = {isa = PBXBuildFile; fileRef = B31E9FB81DD6AE0100B9AEFC /* WorkoutDataSource.swift */; };
		B31E9FBB1DD6AE2000B9AEFC /* Removed - RoutinesDataSource.swift in Sources */ = {isa = PBXBuildFile; fileRef = B31E9FBA1DD6AE2000B9AEFC /* Removed - RoutinesDataSource.swift */; };
		B31E9FBD1DD6AE2B00B9AEFC /* Removed - RoutineDataSource.swift in Sources */ = {isa = PBXBuildFile; fileRef = B31E9FBC1DD6AE2B00B9AEFC /* Removed - RoutineDataSource.swift */; };
		B31E9FBF1DD6AE3400B9AEFC /* RoutinesTVC.swift in Sources */ = {isa = PBXBuildFile; fileRef = B31E9FBE1DD6AE3400B9AEFC /* RoutinesTVC.swift */; };
		B32504021E34447300C51909 /* StatisticsCell.swift in Sources */ = {isa = PBXBuildFile; fileRef = B32504011E34447300C51909 /* StatisticsCell.swift */; };
		B32504041E34455900C51909 /* SingleLiftStatisticsCoordinator.swift in Sources */ = {isa = PBXBuildFile; fileRef = B32504031E34455900C51909 /* SingleLiftStatisticsCoordinator.swift */; };
		B32504061E34456C00C51909 /* CarbonStatisticsVC.swift in Sources */ = {isa = PBXBuildFile; fileRef = B32504051E34456C00C51909 /* CarbonStatisticsVC.swift */; };
		B328D8101DD6FA3C000948ED /* RoutineTVC.swift in Sources */ = {isa = PBXBuildFile; fileRef = B328D80F1DD6FA3C000948ED /* RoutineTVC.swift */; };
		B328D8121DD6FA52000948ED /* StatisticsTVC.swift in Sources */ = {isa = PBXBuildFile; fileRef = B328D8111DD6FA52000948ED /* StatisticsTVC.swift */; };
		B328D8141DD6FA5E000948ED /* SettingsTVC.swift in Sources */ = {isa = PBXBuildFile; fileRef = B328D8131DD6FA5E000948ED /* SettingsTVC.swift */; };
		B3312B341DC12F9700318AA6 /* MainCoordinator.swift in Sources */ = {isa = PBXBuildFile; fileRef = B3312B331DC12F9700318AA6 /* MainCoordinator.swift */; };
		B335C3671DEEAD7100D21562 /* WorkoutFooterView.swift in Sources */ = {isa = PBXBuildFile; fileRef = B335C3661DEEAD7100D21562 /* WorkoutFooterView.swift */; };
		B34BA0561DC1CC29006B6A51 /* Theme.swift in Sources */ = {isa = PBXBuildFile; fileRef = B34BA0551DC1CC29006B6A51 /* Theme.swift */; };
		B34BA0581DC1CC33006B6A51 /* Lets.swift in Sources */ = {isa = PBXBuildFile; fileRef = B34BA0571DC1CC33006B6A51 /* Lets.swift */; };
		B34BA05A1DC1CC4B006B6A51 /* Workout.swift in Sources */ = {isa = PBXBuildFile; fileRef = B34BA0591DC1CC4B006B6A51 /* Workout.swift */; };
		B34BA05C1DC1CCED006B6A51 /* Lift.swift in Sources */ = {isa = PBXBuildFile; fileRef = B34BA05B1DC1CCED006B6A51 /* Lift.swift */; };
		B34E6FD81E1DF33600ACA4D5 /* NoteButton.swift in Sources */ = {isa = PBXBuildFile; fileRef = B34E6FD71E1DF33600ACA4D5 /* NoteButton.swift */; };
		B356FBC31DC09C160006A0F0 /* AppDelegate.swift in Sources */ = {isa = PBXBuildFile; fileRef = B356FBC21DC09C160006A0F0 /* AppDelegate.swift */; };
		B356FBCD1DC09C160006A0F0 /* LaunchScreen.storyboard in Resources */ = {isa = PBXBuildFile; fileRef = B356FBCB1DC09C160006A0F0 /* LaunchScreen.storyboard */; };
		B35DAE3E1DDBC7BD00EE5960 /* SetRowView.swift in Sources */ = {isa = PBXBuildFile; fileRef = B35DAE3D1DDBC7BD00EE5960 /* SetRowView.swift */; };
		B35DAE401DDBDAB300EE5960 /* Keyboard&KeyboardDelegate.swift in Sources */ = {isa = PBXBuildFile; fileRef = B35DAE3F1DDBDAB300EE5960 /* Keyboard&KeyboardDelegate.swift */; };
		B36059201E1C3D8F00EBE620 /* ColumnRowView.swift in Sources */ = {isa = PBXBuildFile; fileRef = B360591F1E1C3D8F00EBE620 /* ColumnRowView.swift */; };
		B36059221E1C3DB000EBE620 /* RoutineCell.swift in Sources */ = {isa = PBXBuildFile; fileRef = B36059211E1C3DB000EBE620 /* RoutineCell.swift */; };
		B36059241E1C3DCF00EBE620 /* BaseChartViewDataSource.swift in Sources */ = {isa = PBXBuildFile; fileRef = B36059231E1C3DCF00EBE620 /* BaseChartViewDataSource.swift */; };
		B36059261E1C3E0800EBE620 /* RoutineLiftCell.swift in Sources */ = {isa = PBXBuildFile; fileRef = B36059251E1C3E0800EBE620 /* RoutineLiftCell.swift */; };
		B360592C1E1C3E7600EBE620 /* RoutineSetRowView.swift in Sources */ = {isa = PBXBuildFile; fileRef = B360592B1E1C3E7600EBE620 /* RoutineSetRowView.swift */; };
		B360592E1E1C3E8900EBE620 /* WeightAndRepsTextField.swift in Sources */ = {isa = PBXBuildFile; fileRef = B360592D1E1C3E8900EBE620 /* WeightAndRepsTextField.swift */; };
		B36059301E1C3EA700EBE620 /* CompletedWeightAndRepsTextField.swift in Sources */ = {isa = PBXBuildFile; fileRef = B360592F1E1C3EA700EBE620 /* CompletedWeightAndRepsTextField.swift */; };
		B36059331E1C3EC700EBE620 /* SetNumberLabel.swift in Sources */ = {isa = PBXBuildFile; fileRef = B36059321E1C3EC700EBE620 /* SetNumberLabel.swift */; };
		B36059351E1C3EDF00EBE620 /* WeightAndRepsLabel.swift in Sources */ = {isa = PBXBuildFile; fileRef = B36059341E1C3EDF00EBE620 /* WeightAndRepsLabel.swift */; };
		B36059371E1C3EF600EBE620 /* FailButton.swift in Sources */ = {isa = PBXBuildFile; fileRef = B36059361E1C3EF600EBE620 /* FailButton.swift */; };
		B36059391E1C3F0700EBE620 /* CompleteButton.swift in Sources */ = {isa = PBXBuildFile; fileRef = B36059381E1C3F0700EBE620 /* CompleteButton.swift */; };
		B360593B1E1C41C300EBE620 /* StartBlankWorkoutButton.swift in Sources */ = {isa = PBXBuildFile; fileRef = B360593A1E1C41C300EBE620 /* StartBlankWorkoutButton.swift */; };
		B360593D1E1C4ACE00EBE620 /* SelectWorkoutCell.swift in Sources */ = {isa = PBXBuildFile; fileRef = B360593C1E1C4ACE00EBE620 /* SelectWorkoutCell.swift */; };
		B360593F1E1C4B1700EBE620 /* UIAlertController+Extensions.swift in Sources */ = {isa = PBXBuildFile; fileRef = B360593E1E1C4B1700EBE620 /* UIAlertController+Extensions.swift */; };
		B36059411E1C4B5600EBE620 /* LiftTypeCoordinator.swift in Sources */ = {isa = PBXBuildFile; fileRef = B36059401E1C4B5600EBE620 /* LiftTypeCoordinator.swift */; };
		B36059441E1C92A600EBE620 /* ViewInfo.swift in Sources */ = {isa = PBXBuildFile; fileRef = B36059431E1C92A600EBE620 /* ViewInfo.swift */; };
		B36059461E1C92C100EBE620 /* SettingsCell.swift in Sources */ = {isa = PBXBuildFile; fileRef = B36059451E1C92C100EBE620 /* SettingsCell.swift */; };
		B36059481E1C951C00EBE620 /* CombinedView.swift in Sources */ = {isa = PBXBuildFile; fileRef = B36059471E1C951C00EBE620 /* CombinedView.swift */; };
		B36059501E1CC71F00EBE620 /* BaseWorkoutTVC.swift in Sources */ = {isa = PBXBuildFile; fileRef = B360594F1E1CC71F00EBE620 /* BaseWorkoutTVC.swift */; };
		B36F37E81E0F7FF100667263 /* RLM.swift in Sources */ = {isa = PBXBuildFile; fileRef = B36F37E71E0F7FF100667263 /* RLM.swift */; };
		B3773F931DD7CF630067746D /* SelectWorkoutVC.swift in Sources */ = {isa = PBXBuildFile; fileRef = B3773F921DD7CF630067746D /* SelectWorkoutVC.swift */; };
		B3780EF01DD5A7010087CEC1 /* DataSource.swift in Sources */ = {isa = PBXBuildFile; fileRef = B3780EEE1DD5A7010087CEC1 /* DataSource.swift */; };
		B3780EF31DD5A7100087CEC1 /* ArrayProvider.swift in Sources */ = {isa = PBXBuildFile; fileRef = B3780EF21DD5A7100087CEC1 /* ArrayProvider.swift */; };
		B3780EF61DD5AF2D0087CEC1 /* WorkoutsDataSource.swift in Sources */ = {isa = PBXBuildFile; fileRef = B3780EF51DD5AF2D0087CEC1 /* WorkoutsDataSource.swift */; };
		B3780EF81DD5B0C80087CEC1 /* ConfigurableCell.swift in Sources */ = {isa = PBXBuildFile; fileRef = B3780EF71DD5B0C80087CEC1 /* ConfigurableCell.swift */; };
		B37951931E34ACF0000F7428 /* StatisticsHistoryTVC.swift in Sources */ = {isa = PBXBuildFile; fileRef = B37951921E34ACF0000F7428 /* StatisticsHistoryTVC.swift */; };
		B38208721DC2B1850008D6F8 /* WorkoutCell.swift in Sources */ = {isa = PBXBuildFile; fileRef = B38208711DC2B1850008D6F8 /* WorkoutCell.swift */; };
		B38208751DC2B1FA0008D6F8 /* BaseDataProvider.swift in Sources */ = {isa = PBXBuildFile; fileRef = B38208741DC2B1FA0008D6F8 /* BaseDataProvider.swift */; };
		B38208771DC2B22A0008D6F8 /* Set.swift in Sources */ = {isa = PBXBuildFile; fileRef = B38208761DC2B22A0008D6F8 /* Set.swift */; };
		B38208791DC2B23E0008D6F8 /* Base.swift in Sources */ = {isa = PBXBuildFile; fileRef = B38208781DC2B23E0008D6F8 /* Base.swift */; };
		B382087B1DC2B2C00008D6F8 /* WorkoutsTVC.swift in Sources */ = {isa = PBXBuildFile; fileRef = B382087A1DC2B2C00008D6F8 /* WorkoutsTVC.swift */; };
		B382087F1DC2B3EE0008D6F8 /* WorkoutTVC.swift in Sources */ = {isa = PBXBuildFile; fileRef = B382087E1DC2B3EE0008D6F8 /* WorkoutTVC.swift */; };
		B3B6DB361E1F000700090C45 /* LiftTableHeaderView.swift in Sources */ = {isa = PBXBuildFile; fileRef = B3B6DB351E1F000700090C45 /* LiftTableHeaderView.swift */; };
		B3BB31821DDAA1390015F9B0 /* WorkoutsCoordinator.swift in Sources */ = {isa = PBXBuildFile; fileRef = B3BB31811DDAA1390015F9B0 /* WorkoutsCoordinator.swift */; };
		B3BB31841DDAA15B0015F9B0 /* WorkoutCoordinator.swift in Sources */ = {isa = PBXBuildFile; fileRef = B3BB31831DDAA15B0015F9B0 /* WorkoutCoordinator.swift */; };
		B3BB31861DDAA17B0015F9B0 /* RoutinesCoordinator.swift in Sources */ = {isa = PBXBuildFile; fileRef = B3BB31851DDAA17B0015F9B0 /* RoutinesCoordinator.swift */; };
		B3BB31881DDAA19C0015F9B0 /* RoutineCoordinator.swift in Sources */ = {isa = PBXBuildFile; fileRef = B3BB31871DDAA19C0015F9B0 /* RoutineCoordinator.swift */; };
		B3BB318A1DDAA1B60015F9B0 /* AcrtiveWorkoutCoordinator.swift in Sources */ = {isa = PBXBuildFile; fileRef = B3BB31891DDAA1B60015F9B0 /* AcrtiveWorkoutCoordinator.swift */; };
		B3BB318C1DDAA1F10015F9B0 /* SelectWorkoutCoordinator.swift in Sources */ = {isa = PBXBuildFile; fileRef = B3BB318B1DDAA1F10015F9B0 /* SelectWorkoutCoordinator.swift */; };
		B3BB318E1DDAA2360015F9B0 /* StatisticsCoordinator.swift in Sources */ = {isa = PBXBuildFile; fileRef = B3BB318D1DDAA2360015F9B0 /* StatisticsCoordinator.swift */; };
		B3BB31901DDAA24C0015F9B0 /* SettingsCoordinator.swift in Sources */ = {isa = PBXBuildFile; fileRef = B3BB318F1DDAA24C0015F9B0 /* SettingsCoordinator.swift */; };
		B3D456C31DC1E309008075D5 /* DataProvider.swift in Sources */ = {isa = PBXBuildFile; fileRef = B3D456C21DC1E309008075D5 /* DataProvider.swift */; };
		B3FCCD231E137728003EF14E /* BaseWorkoutsTVC.swift in Sources */ = {isa = PBXBuildFile; fileRef = B3FCCD221E137728003EF14E /* BaseWorkoutsTVC.swift */; };
		B3FCCD251E137828003EF14E /* BaseTVC.swift in Sources */ = {isa = PBXBuildFile; fileRef = B3FCCD241E137828003EF14E /* BaseTVC.swift */; };
		B3FCCD291E1718E6003EF14E /* KeyboardHandler.swift in Sources */ = {isa = PBXBuildFile; fileRef = B3FCCD281E1718E6003EF14E /* KeyboardHandler.swift */; };
		B3FCCD321E17249D003EF14E /* WorkoutFooterViewButton.swift in Sources */ = {isa = PBXBuildFile; fileRef = B3FCCD311E17249D003EF14E /* WorkoutFooterViewButton.swift */; };
		B3FCCD371E172A9F003EF14E /* ActiveOrFinished.swift in Sources */ = {isa = PBXBuildFile; fileRef = B3FCCD361E172A9F003EF14E /* ActiveOrFinished.swift */; };
		B3FCCD391E172AC3003EF14E /* WorkoutLiftCell.swift in Sources */ = {isa = PBXBuildFile; fileRef = B3FCCD381E172AC3003EF14E /* WorkoutLiftCell.swift */; };
/* End PBXBuildFile section */

/* Begin PBXFileReference section */
		B30314671E302F1F00E13EBE /* Assets.xcassets */ = {isa = PBXFileReference; lastKnownFileType = folder.assetcatalog; path = Assets.xcassets; sourceTree = "<group>"; };
		B3170D141DE3C405001A11CE /* TextFieldBehaviorHandler.swift */ = {isa = PBXFileReference; fileEncoding = 4; lastKnownFileType = sourcecode.swift; path = TextFieldBehaviorHandler.swift; sourceTree = "<group>"; };
		B31953A51E305F6000AC2687 /* WorkoutDetailCoordinator.swift */ = {isa = PBXFileReference; fileEncoding = 4; lastKnownFileType = sourcecode.swift; path = WorkoutDetailCoordinator.swift; sourceTree = "<group>"; };
		B31953A71E305F7900AC2687 /* WorkoutDetailVC.swift */ = {isa = PBXFileReference; fileEncoding = 4; lastKnownFileType = sourcecode.swift; path = WorkoutDetailVC.swift; sourceTree = "<group>"; };
		B31CEC631DDAA764002F826C /* LiftTypeTVC.swift */ = {isa = PBXFileReference; fileEncoding = 4; lastKnownFileType = sourcecode.swift; path = LiftTypeTVC.swift; sourceTree = "<group>"; };
		B31CEC651DDB02A1002F826C /* LiftCell.swift */ = {isa = PBXFileReference; fileEncoding = 4; lastKnownFileType = sourcecode.swift; path = LiftCell.swift; sourceTree = "<group>"; };
		B31E9FB81DD6AE0100B9AEFC /* WorkoutDataSource.swift */ = {isa = PBXFileReference; fileEncoding = 4; lastKnownFileType = sourcecode.swift; path = WorkoutDataSource.swift; sourceTree = "<group>"; };
		B31E9FBA1DD6AE2000B9AEFC /* Removed - RoutinesDataSource.swift */ = {isa = PBXFileReference; fileEncoding = 4; lastKnownFileType = sourcecode.swift; path = "Removed - RoutinesDataSource.swift"; sourceTree = "<group>"; };
		B31E9FBC1DD6AE2B00B9AEFC /* Removed - RoutineDataSource.swift */ = {isa = PBXFileReference; fileEncoding = 4; lastKnownFileType = sourcecode.swift; path = "Removed - RoutineDataSource.swift"; sourceTree = "<group>"; };
		B31E9FBE1DD6AE3400B9AEFC /* RoutinesTVC.swift */ = {isa = PBXFileReference; fileEncoding = 4; lastKnownFileType = sourcecode.swift; path = RoutinesTVC.swift; sourceTree = "<group>"; };
		B32504011E34447300C51909 /* StatisticsCell.swift */ = {isa = PBXFileReference; fileEncoding = 4; lastKnownFileType = sourcecode.swift; path = StatisticsCell.swift; sourceTree = "<group>"; };
		B32504031E34455900C51909 /* SingleLiftStatisticsCoordinator.swift */ = {isa = PBXFileReference; fileEncoding = 4; lastKnownFileType = sourcecode.swift; path = SingleLiftStatisticsCoordinator.swift; sourceTree = "<group>"; };
		B32504051E34456C00C51909 /* CarbonStatisticsVC.swift */ = {isa = PBXFileReference; fileEncoding = 4; lastKnownFileType = sourcecode.swift; path = CarbonStatisticsVC.swift; sourceTree = "<group>"; };
		B328D80F1DD6FA3C000948ED /* RoutineTVC.swift */ = {isa = PBXFileReference; fileEncoding = 4; lastKnownFileType = sourcecode.swift; path = RoutineTVC.swift; sourceTree = "<group>"; };
		B328D8111DD6FA52000948ED /* StatisticsTVC.swift */ = {isa = PBXFileReference; fileEncoding = 4; lastKnownFileType = sourcecode.swift; path = StatisticsTVC.swift; sourceTree = "<group>"; };
		B328D8131DD6FA5E000948ED /* SettingsTVC.swift */ = {isa = PBXFileReference; fileEncoding = 4; lastKnownFileType = sourcecode.swift; path = SettingsTVC.swift; sourceTree = "<group>"; };
		B3312B331DC12F9700318AA6 /* MainCoordinator.swift */ = {isa = PBXFileReference; fileEncoding = 4; lastKnownFileType = sourcecode.swift; path = MainCoordinator.swift; sourceTree = "<group>"; };
		B335C3661DEEAD7100D21562 /* WorkoutFooterView.swift */ = {isa = PBXFileReference; fileEncoding = 4; lastKnownFileType = sourcecode.swift; path = WorkoutFooterView.swift; sourceTree = "<group>"; };
		B34BA0551DC1CC29006B6A51 /* Theme.swift */ = {isa = PBXFileReference; fileEncoding = 4; lastKnownFileType = sourcecode.swift; path = Theme.swift; sourceTree = "<group>"; };
		B34BA0571DC1CC33006B6A51 /* Lets.swift */ = {isa = PBXFileReference; fileEncoding = 4; lastKnownFileType = sourcecode.swift; path = Lets.swift; sourceTree = "<group>"; };
		B34BA0591DC1CC4B006B6A51 /* Workout.swift */ = {isa = PBXFileReference; fileEncoding = 4; lastKnownFileType = sourcecode.swift; path = Workout.swift; sourceTree = "<group>"; };
		B34BA05B1DC1CCED006B6A51 /* Lift.swift */ = {isa = PBXFileReference; fileEncoding = 4; lastKnownFileType = sourcecode.swift; path = Lift.swift; sourceTree = "<group>"; };
		B34E6FD71E1DF33600ACA4D5 /* NoteButton.swift */ = {isa = PBXFileReference; fileEncoding = 4; lastKnownFileType = sourcecode.swift; path = NoteButton.swift; sourceTree = "<group>"; };
		B356FBBF1DC09C160006A0F0 /* nWorkout.app */ = {isa = PBXFileReference; explicitFileType = wrapper.application; includeInIndex = 0; path = nWorkout.app; sourceTree = BUILT_PRODUCTS_DIR; };
		B356FBC21DC09C160006A0F0 /* AppDelegate.swift */ = {isa = PBXFileReference; lastKnownFileType = sourcecode.swift; path = AppDelegate.swift; sourceTree = "<group>"; };
		B356FBCC1DC09C160006A0F0 /* Base */ = {isa = PBXFileReference; lastKnownFileType = file.storyboard; name = Base; path = Base.lproj/LaunchScreen.storyboard; sourceTree = "<group>"; };
		B356FBCE1DC09C160006A0F0 /* Info.plist */ = {isa = PBXFileReference; lastKnownFileType = text.plist.xml; path = Info.plist; sourceTree = "<group>"; };
		B35DAE3D1DDBC7BD00EE5960 /* SetRowView.swift */ = {isa = PBXFileReference; fileEncoding = 4; lastKnownFileType = sourcecode.swift; path = SetRowView.swift; sourceTree = "<group>"; };
		B35DAE3F1DDBDAB300EE5960 /* Keyboard&KeyboardDelegate.swift */ = {isa = PBXFileReference; fileEncoding = 4; lastKnownFileType = sourcecode.swift; path = "Keyboard&KeyboardDelegate.swift"; sourceTree = "<group>"; };
		B360591F1E1C3D8F00EBE620 /* ColumnRowView.swift */ = {isa = PBXFileReference; fileEncoding = 4; lastKnownFileType = sourcecode.swift; path = ColumnRowView.swift; sourceTree = "<group>"; };
		B36059211E1C3DB000EBE620 /* RoutineCell.swift */ = {isa = PBXFileReference; fileEncoding = 4; lastKnownFileType = sourcecode.swift; path = RoutineCell.swift; sourceTree = "<group>"; };
		B36059231E1C3DCF00EBE620 /* BaseChartViewDataSource.swift */ = {isa = PBXFileReference; fileEncoding = 4; lastKnownFileType = sourcecode.swift; path = BaseChartViewDataSource.swift; sourceTree = "<group>"; };
		B36059251E1C3E0800EBE620 /* RoutineLiftCell.swift */ = {isa = PBXFileReference; fileEncoding = 4; lastKnownFileType = sourcecode.swift; path = RoutineLiftCell.swift; sourceTree = "<group>"; };
		B360592B1E1C3E7600EBE620 /* RoutineSetRowView.swift */ = {isa = PBXFileReference; fileEncoding = 4; lastKnownFileType = sourcecode.swift; path = RoutineSetRowView.swift; sourceTree = "<group>"; };
		B360592D1E1C3E8900EBE620 /* WeightAndRepsTextField.swift */ = {isa = PBXFileReference; fileEncoding = 4; lastKnownFileType = sourcecode.swift; path = WeightAndRepsTextField.swift; sourceTree = "<group>"; };
		B360592F1E1C3EA700EBE620 /* CompletedWeightAndRepsTextField.swift */ = {isa = PBXFileReference; fileEncoding = 4; lastKnownFileType = sourcecode.swift; path = CompletedWeightAndRepsTextField.swift; sourceTree = "<group>"; };
		B36059321E1C3EC700EBE620 /* SetNumberLabel.swift */ = {isa = PBXFileReference; fileEncoding = 4; lastKnownFileType = sourcecode.swift; path = SetNumberLabel.swift; sourceTree = "<group>"; };
		B36059341E1C3EDF00EBE620 /* WeightAndRepsLabel.swift */ = {isa = PBXFileReference; fileEncoding = 4; lastKnownFileType = sourcecode.swift; path = WeightAndRepsLabel.swift; sourceTree = "<group>"; };
		B36059361E1C3EF600EBE620 /* FailButton.swift */ = {isa = PBXFileReference; fileEncoding = 4; lastKnownFileType = sourcecode.swift; path = FailButton.swift; sourceTree = "<group>"; };
		B36059381E1C3F0700EBE620 /* CompleteButton.swift */ = {isa = PBXFileReference; fileEncoding = 4; lastKnownFileType = sourcecode.swift; path = CompleteButton.swift; sourceTree = "<group>"; };
		B360593A1E1C41C300EBE620 /* StartBlankWorkoutButton.swift */ = {isa = PBXFileReference; fileEncoding = 4; lastKnownFileType = sourcecode.swift; path = StartBlankWorkoutButton.swift; sourceTree = "<group>"; };
		B360593C1E1C4ACE00EBE620 /* SelectWorkoutCell.swift */ = {isa = PBXFileReference; fileEncoding = 4; lastKnownFileType = sourcecode.swift; path = SelectWorkoutCell.swift; sourceTree = "<group>"; };
		B360593E1E1C4B1700EBE620 /* UIAlertController+Extensions.swift */ = {isa = PBXFileReference; fileEncoding = 4; lastKnownFileType = sourcecode.swift; path = "UIAlertController+Extensions.swift"; sourceTree = "<group>"; };
		B36059401E1C4B5600EBE620 /* LiftTypeCoordinator.swift */ = {isa = PBXFileReference; fileEncoding = 4; lastKnownFileType = sourcecode.swift; path = LiftTypeCoordinator.swift; sourceTree = "<group>"; };
		B36059431E1C92A600EBE620 /* ViewInfo.swift */ = {isa = PBXFileReference; fileEncoding = 4; lastKnownFileType = sourcecode.swift; path = ViewInfo.swift; sourceTree = "<group>"; };
		B36059451E1C92C100EBE620 /* SettingsCell.swift */ = {isa = PBXFileReference; fileEncoding = 4; lastKnownFileType = sourcecode.swift; path = SettingsCell.swift; sourceTree = "<group>"; };
		B36059471E1C951C00EBE620 /* CombinedView.swift */ = {isa = PBXFileReference; fileEncoding = 4; lastKnownFileType = sourcecode.swift; path = CombinedView.swift; sourceTree = "<group>"; };
		B360594F1E1CC71F00EBE620 /* BaseWorkoutTVC.swift */ = {isa = PBXFileReference; fileEncoding = 4; lastKnownFileType = sourcecode.swift; path = BaseWorkoutTVC.swift; sourceTree = "<group>"; };
		B36F37E71E0F7FF100667263 /* RLM.swift */ = {isa = PBXFileReference; fileEncoding = 4; lastKnownFileType = sourcecode.swift; path = RLM.swift; sourceTree = "<group>"; };
		B3773F921DD7CF630067746D /* SelectWorkoutVC.swift */ = {isa = PBXFileReference; fileEncoding = 4; lastKnownFileType = sourcecode.swift; path = SelectWorkoutVC.swift; sourceTree = "<group>"; };
		B3780EEE1DD5A7010087CEC1 /* DataSource.swift */ = {isa = PBXFileReference; fileEncoding = 4; lastKnownFileType = sourcecode.swift; path = DataSource.swift; sourceTree = "<group>"; };
		B3780EF21DD5A7100087CEC1 /* ArrayProvider.swift */ = {isa = PBXFileReference; fileEncoding = 4; lastKnownFileType = sourcecode.swift; path = ArrayProvider.swift; sourceTree = "<group>"; };
		B3780EF51DD5AF2D0087CEC1 /* WorkoutsDataSource.swift */ = {isa = PBXFileReference; fileEncoding = 4; lastKnownFileType = sourcecode.swift; path = WorkoutsDataSource.swift; sourceTree = "<group>"; };
		B3780EF71DD5B0C80087CEC1 /* ConfigurableCell.swift */ = {isa = PBXFileReference; fileEncoding = 4; lastKnownFileType = sourcecode.swift; path = ConfigurableCell.swift; sourceTree = "<group>"; };
		B37951921E34ACF0000F7428 /* StatisticsHistoryTVC.swift */ = {isa = PBXFileReference; fileEncoding = 4; lastKnownFileType = sourcecode.swift; path = StatisticsHistoryTVC.swift; sourceTree = "<group>"; };
		B38208711DC2B1850008D6F8 /* WorkoutCell.swift */ = {isa = PBXFileReference; fileEncoding = 4; lastKnownFileType = sourcecode.swift; path = WorkoutCell.swift; sourceTree = "<group>"; };
		B38208741DC2B1FA0008D6F8 /* BaseDataProvider.swift */ = {isa = PBXFileReference; fileEncoding = 4; lastKnownFileType = sourcecode.swift; path = BaseDataProvider.swift; sourceTree = "<group>"; };
		B38208761DC2B22A0008D6F8 /* Set.swift */ = {isa = PBXFileReference; fileEncoding = 4; lastKnownFileType = sourcecode.swift; path = Set.swift; sourceTree = "<group>"; };
		B38208781DC2B23E0008D6F8 /* Base.swift */ = {isa = PBXFileReference; fileEncoding = 4; lastKnownFileType = sourcecode.swift; path = Base.swift; sourceTree = "<group>"; };
		B382087A1DC2B2C00008D6F8 /* WorkoutsTVC.swift */ = {isa = PBXFileReference; fileEncoding = 4; lastKnownFileType = sourcecode.swift; path = WorkoutsTVC.swift; sourceTree = "<group>"; };
		B382087E1DC2B3EE0008D6F8 /* WorkoutTVC.swift */ = {isa = PBXFileReference; fileEncoding = 4; lastKnownFileType = sourcecode.swift; path = WorkoutTVC.swift; sourceTree = "<group>"; };
		B39E3A6A1E47D8F100440F28 /* nWorkoutTests.swift */ = {isa = PBXFileReference; lastKnownFileType = sourcecode.swift; path = nWorkoutTests.swift; sourceTree = "<group>"; };
		B39E3A6C1E47D8F100440F28 /* Info.plist */ = {isa = PBXFileReference; lastKnownFileType = text.plist.xml; path = Info.plist; sourceTree = "<group>"; };
		B3B6DB351E1F000700090C45 /* LiftTableHeaderView.swift */ = {isa = PBXFileReference; fileEncoding = 4; lastKnownFileType = sourcecode.swift; path = LiftTableHeaderView.swift; sourceTree = "<group>"; };
		B3BB31811DDAA1390015F9B0 /* WorkoutsCoordinator.swift */ = {isa = PBXFileReference; fileEncoding = 4; lastKnownFileType = sourcecode.swift; path = WorkoutsCoordinator.swift; sourceTree = "<group>"; };
		B3BB31831DDAA15B0015F9B0 /* WorkoutCoordinator.swift */ = {isa = PBXFileReference; fileEncoding = 4; lastKnownFileType = sourcecode.swift; path = WorkoutCoordinator.swift; sourceTree = "<group>"; };
		B3BB31851DDAA17B0015F9B0 /* RoutinesCoordinator.swift */ = {isa = PBXFileReference; fileEncoding = 4; lastKnownFileType = sourcecode.swift; path = RoutinesCoordinator.swift; sourceTree = "<group>"; };
		B3BB31871DDAA19C0015F9B0 /* RoutineCoordinator.swift */ = {isa = PBXFileReference; fileEncoding = 4; lastKnownFileType = sourcecode.swift; path = RoutineCoordinator.swift; sourceTree = "<group>"; };
		B3BB31891DDAA1B60015F9B0 /* AcrtiveWorkoutCoordinator.swift */ = {isa = PBXFileReference; fileEncoding = 4; lastKnownFileType = sourcecode.swift; path = AcrtiveWorkoutCoordinator.swift; sourceTree = "<group>"; };
		B3BB318B1DDAA1F10015F9B0 /* SelectWorkoutCoordinator.swift */ = {isa = PBXFileReference; fileEncoding = 4; lastKnownFileType = sourcecode.swift; path = SelectWorkoutCoordinator.swift; sourceTree = "<group>"; };
		B3BB318D1DDAA2360015F9B0 /* StatisticsCoordinator.swift */ = {isa = PBXFileReference; fileEncoding = 4; lastKnownFileType = sourcecode.swift; path = StatisticsCoordinator.swift; sourceTree = "<group>"; };
		B3BB318F1DDAA24C0015F9B0 /* SettingsCoordinator.swift */ = {isa = PBXFileReference; fileEncoding = 4; lastKnownFileType = sourcecode.swift; path = SettingsCoordinator.swift; sourceTree = "<group>"; };
		B3D456C21DC1E309008075D5 /* DataProvider.swift */ = {isa = PBXFileReference; fileEncoding = 4; lastKnownFileType = sourcecode.swift; path = DataProvider.swift; sourceTree = "<group>"; };
		B3FCCD221E137728003EF14E /* BaseWorkoutsTVC.swift */ = {isa = PBXFileReference; fileEncoding = 4; lastKnownFileType = sourcecode.swift; path = BaseWorkoutsTVC.swift; sourceTree = "<group>"; };
		B3FCCD241E137828003EF14E /* BaseTVC.swift */ = {isa = PBXFileReference; fileEncoding = 4; lastKnownFileType = sourcecode.swift; path = BaseTVC.swift; sourceTree = "<group>"; };
		B3FCCD281E1718E6003EF14E /* KeyboardHandler.swift */ = {isa = PBXFileReference; fileEncoding = 4; lastKnownFileType = sourcecode.swift; path = KeyboardHandler.swift; sourceTree = "<group>"; };
		B3FCCD311E17249D003EF14E /* WorkoutFooterViewButton.swift */ = {isa = PBXFileReference; fileEncoding = 4; lastKnownFileType = sourcecode.swift; path = WorkoutFooterViewButton.swift; sourceTree = "<group>"; };
		B3FCCD361E172A9F003EF14E /* ActiveOrFinished.swift */ = {isa = PBXFileReference; fileEncoding = 4; lastKnownFileType = sourcecode.swift; path = ActiveOrFinished.swift; sourceTree = "<group>"; };
		B3FCCD381E172AC3003EF14E /* WorkoutLiftCell.swift */ = {isa = PBXFileReference; fileEncoding = 4; lastKnownFileType = sourcecode.swift; path = WorkoutLiftCell.swift; sourceTree = "<group>"; };
		D148E4FD66FFC0CA971296DF /* Pods-nWorkout.release.xcconfig */ = {isa = PBXFileReference; includeInIndex = 1; lastKnownFileType = text.xcconfig; path = "Pods-nWorkout.release.xcconfig"; sourceTree = "<group>"; };
		F5DF9B2951A07F3A468D8C66 /* Pods-nWorkout.debug.xcconfig */ = {isa = PBXFileReference; includeInIndex = 1; lastKnownFileType = text.xcconfig; path = "Pods-nWorkout.debug.xcconfig"; sourceTree = "<group>"; };
/* End PBXFileReference section */

/* Begin PBXFrameworksBuildPhase section */
		B356FBBC1DC09C160006A0F0 /* Frameworks */ = {
			isa = PBXFrameworksBuildPhase;
			buildActionMask = 2147483647;
			files = (
			);
			runOnlyForDeploymentPostprocessing = 0;
		};
/* End PBXFrameworksBuildPhase section */

/* Begin PBXGroup section */
		95234BE99C341F7210A0C624 /* Frameworks */ = {
			isa = PBXGroup;
			children = (
			);
			path = Frameworks;
			sourceTree = "<group>";
		};
		B32887A31E03344100259D66 /* Settings */ = {
			isa = PBXGroup;
			children = (
				B36059421E1C929700EBE620 /* Settings */,
			);
			path = Settings;
			sourceTree = "<group>";
		};
		B356FBB61DC09C160006A0F0 = {
			isa = PBXGroup;
			children = (
				B3FCCD2A1E171906003EF14E /* Auxiliary Classes */,
				B3D456C71DC1E4AD008075D5 /* Controllers */,
				B3D456C51DC1E494008075D5 /* Coordinators */,
				B3780EF41DD5AF1B0087CEC1 /* Data Sources */,
				B39E3A691E47D8F100440F28 /* nWorkoutTests */,
				B3D456C41DC1E48C008075D5 /* Model */,
				B356FBC11DC09C160006A0F0 /* Other */,
				B366E56F1E309B17006658D7 /* Statistics */,
				B3D456C61DC1E4A0008075D5 /* UIKit Extensions */,
				B3FCCD271E171736003EF14E /* Views */,
				B35DAE3F1DDBDAB300EE5960 /* Keyboard&KeyboardDelegate.swift */,
				B34BA0571DC1CC33006B6A51 /* Lets.swift */,
				B34BA0551DC1CC29006B6A51 /* Theme.swift */,
			);
			sourceTree = "<group>";
		};
		B356FBC01DC09C160006A0F0 /* Products */ = {
			isa = PBXGroup;
			children = (
				B356FBBF1DC09C160006A0F0 /* nWorkout.app */,
			);
			path = Products;
			sourceTree = "<group>";
		};
		B356FBC11DC09C160006A0F0 /* Other */ = {
			isa = PBXGroup;
			children = (
				95234BE99C341F7210A0C624 /* Frameworks */,
				DBD3A75B04BA5C514F4A4D03 /* Pods */,
				B356FBC01DC09C160006A0F0 /* Products */,
				B30314671E302F1F00E13EBE /* Assets.xcassets */,
				B356FBCE1DC09C160006A0F0 /* Info.plist */,
				B356FBCB1DC09C160006A0F0 /* LaunchScreen.storyboard */,
			);
			path = Other;
			sourceTree = "<group>";
		};
		B35DFC441E42B8C0005D770B /* SelectWorkout */ = {
			isa = PBXGroup;
			children = (
				B360593C1E1C4ACE00EBE620 /* SelectWorkoutCell.swift */,
				B3773F921DD7CF630067746D /* SelectWorkoutVC.swift */,
			);
			path = SelectWorkout;
			sourceTree = "<group>";
		};
		B36059271E1C3E2B00EBE620 /* WorkoutCell */ = {
			isa = PBXGroup;
			children = (
				B36059211E1C3DB000EBE620 /* RoutineCell.swift */,
				B38208711DC2B1850008D6F8 /* WorkoutCell.swift */,
			);
			path = WorkoutCell;
			sourceTree = "<group>";
		};
		B36059281E1C3E3C00EBE620 /* LiftCell */ = {
			isa = PBXGroup;
			children = (
				B31CEC651DDB02A1002F826C /* LiftCell.swift */,
				B36059251E1C3E0800EBE620 /* RoutineLiftCell.swift */,
				B3FCCD381E172AC3003EF14E /* WorkoutLiftCell.swift */,
			);
			path = LiftCell;
			sourceTree = "<group>";
		};
		B36059291E1C3E4600EBE620 /* RowView */ = {
			isa = PBXGroup;
			children = (
				B360592A1E1C3E6900EBE620 /* SetRowView */,
				B360591F1E1C3D8F00EBE620 /* ColumnRowView.swift */,
			);
			path = RowView;
			sourceTree = "<group>";
		};
		B360592A1E1C3E6900EBE620 /* SetRowView */ = {
			isa = PBXGroup;
			children = (
				B36059311E1C3EB400EBE620 /* View types */,
				B360592B1E1C3E7600EBE620 /* RoutineSetRowView.swift */,
				B35DAE3D1DDBC7BD00EE5960 /* SetRowView.swift */,
			);
			path = SetRowView;
			sourceTree = "<group>";
		};
		B36059311E1C3EB400EBE620 /* View types */ = {
			isa = PBXGroup;
			children = (
				B36059471E1C951C00EBE620 /* CombinedView.swift */,
				B36059381E1C3F0700EBE620 /* CompleteButton.swift */,
				B360592F1E1C3EA700EBE620 /* CompletedWeightAndRepsTextField.swift */,
				B36059361E1C3EF600EBE620 /* FailButton.swift */,
				B34E6FD71E1DF33600ACA4D5 /* NoteButton.swift */,
				B36059321E1C3EC700EBE620 /* SetNumberLabel.swift */,
				B36059341E1C3EDF00EBE620 /* WeightAndRepsLabel.swift */,
				B360592D1E1C3E8900EBE620 /* WeightAndRepsTextField.swift */,
			);
			path = "View types";
			sourceTree = "<group>";
		};
		B36059421E1C929700EBE620 /* Settings */ = {
			isa = PBXGroup;
			children = (
				B328D8131DD6FA5E000948ED /* SettingsTVC.swift */,
				B36059431E1C92A600EBE620 /* ViewInfo.swift */,
			);
			path = Settings;
			sourceTree = "<group>";
		};
		B36059511E1CC74A00EBE620 /* Singulars */ = {
			isa = PBXGroup;
			children = (
				B360594F1E1CC71F00EBE620 /* BaseWorkoutTVC.swift */,
				B328D80F1DD6FA3C000948ED /* RoutineTVC.swift */,
				B382087E1DC2B3EE0008D6F8 /* WorkoutTVC.swift */,
			);
			path = Singulars;
			sourceTree = "<group>";
		};
		B36059521E1CC74D00EBE620 /* Plurals */ = {
			isa = PBXGroup;
			children = (
				B3FCCD221E137728003EF14E /* BaseWorkoutsTVC.swift */,
				B31E9FBE1DD6AE3400B9AEFC /* RoutinesTVC.swift */,
				B382087A1DC2B2C00008D6F8 /* WorkoutsTVC.swift */,
			);
			path = Plurals;
			sourceTree = "<group>";
		};
		B366E56F1E309B17006658D7 /* Statistics */ = {
			isa = PBXGroup;
			children = (
				B32504051E34456C00C51909 /* CarbonStatisticsVC.swift */,
				B32504031E34455900C51909 /* SingleLiftStatisticsCoordinator.swift */,
				B32504011E34447300C51909 /* StatisticsCell.swift */,
				B3BB318D1DDAA2360015F9B0 /* StatisticsCoordinator.swift */,
				B37951921E34ACF0000F7428 /* StatisticsHistoryTVC.swift */,
				B328D8111DD6FA52000948ED /* StatisticsTVC.swift */,
			);
			path = Statistics;
			sourceTree = "<group>";
		};
		B3780EF41DD5AF1B0087CEC1 /* Data Sources */ = {
			isa = PBXGroup;
			children = (
				B3FCCD261E15C9F9003EF14E /* Removed */,
				B3780EEE1DD5A7010087CEC1 /* DataSource.swift */,
				B31E9FB81DD6AE0100B9AEFC /* WorkoutDataSource.swift */,
				B3780EF51DD5AF2D0087CEC1 /* WorkoutsDataSource.swift */,
			);
			path = "Data Sources";
			sourceTree = "<group>";
		};
		B38208731DC2B1930008D6F8 /* Cells */ = {
			isa = PBXGroup;
			children = (
				B36059281E1C3E3C00EBE620 /* LiftCell */,
				B36059291E1C3E4600EBE620 /* RowView */,
				B36059271E1C3E2B00EBE620 /* WorkoutCell */,
				B36059231E1C3DCF00EBE620 /* BaseChartViewDataSource.swift */,
				B3780EF71DD5B0C80087CEC1 /* ConfigurableCell.swift */,
				B36059451E1C92C100EBE620 /* SettingsCell.swift */,
			);
			path = Cells;
			sourceTree = "<group>";
		};
		B382087C1DC2B3D40008D6F8 /* Data Providers */ = {
			isa = PBXGroup;
			children = (
				B3780EF21DD5A7100087CEC1 /* ArrayProvider.swift */,
				B38208741DC2B1FA0008D6F8 /* BaseDataProvider.swift */,
				B3D456C21DC1E309008075D5 /* DataProvider.swift */,
			);
			path = "Data Providers";
			sourceTree = "<group>";
		};
		B382087D1DC2B3DD0008D6F8 /* Objects */ = {
			isa = PBXGroup;
			children = (
				B38208781DC2B23E0008D6F8 /* Base.swift */,
				B34BA0591DC1CC4B006B6A51 /* Workout.swift */,
				B34BA05B1DC1CCED006B6A51 /* Lift.swift */,
				B38208761DC2B22A0008D6F8 /* Set.swift */,
			);
			path = Objects;
			sourceTree = "<group>";
		};
		B39E3A691E47D8F100440F28 /* nWorkoutTests */ = {
			isa = PBXGroup;
			children = (
				B39E3A6A1E47D8F100440F28 /* nWorkoutTests.swift */,
				B39E3A6C1E47D8F100440F28 /* Info.plist */,
			);
			path = nWorkoutTests;
			sourceTree = "<group>";
		};
		B3D456C41DC1E48C008075D5 /* Model */ = {
			isa = PBXGroup;
			children = (
				B382087C1DC2B3D40008D6F8 /* Data Providers */,
				B382087D1DC2B3DD0008D6F8 /* Objects */,
				B3FCCD361E172A9F003EF14E /* ActiveOrFinished.swift */,
				B36F37E71E0F7FF100667263 /* RLM.swift */,
			);
			path = Model;
			sourceTree = "<group>";
		};
		B3D456C51DC1E494008075D5 /* Coordinators */ = {
			isa = PBXGroup;
			children = (
				B3312B331DC12F9700318AA6 /* MainCoordinator.swift */,
				B3BB31891DDAA1B60015F9B0 /* AcrtiveWorkoutCoordinator.swift */,
				B356FBC21DC09C160006A0F0 /* AppDelegate.swift */,
				B36059401E1C4B5600EBE620 /* LiftTypeCoordinator.swift */,
				B3BB31871DDAA19C0015F9B0 /* RoutineCoordinator.swift */,
				B3BB31851DDAA17B0015F9B0 /* RoutinesCoordinator.swift */,
				B3BB318B1DDAA1F10015F9B0 /* SelectWorkoutCoordinator.swift */,
				B3BB318F1DDAA24C0015F9B0 /* SettingsCoordinator.swift */,
				B3BB31831DDAA15B0015F9B0 /* WorkoutCoordinator.swift */,
				B31953A51E305F6000AC2687 /* WorkoutDetailCoordinator.swift */,
				B31953A71E305F7900AC2687 /* WorkoutDetailVC.swift */,
				B3BB31811DDAA1390015F9B0 /* WorkoutsCoordinator.swift */,
			);
			path = Coordinators;
			sourceTree = "<group>";
		};
		B3D456C61DC1E4A0008075D5 /* UIKit Extensions */ = {
			isa = PBXGroup;
			children = (
				B360593E1E1C4B1700EBE620 /* UIAlertController+Extensions.swift */,
			);
			path = "UIKit Extensions";
			sourceTree = "<group>";
		};
		B3D456C71DC1E4AD008075D5 /* Controllers */ = {
			isa = PBXGroup;
			children = (
				B36059521E1CC74D00EBE620 /* Plurals */,
				B35DFC441E42B8C0005D770B /* SelectWorkout */,
				B32887A31E03344100259D66 /* Settings */,
				B36059511E1CC74A00EBE620 /* Singulars */,
				B3FCCD241E137828003EF14E /* BaseTVC.swift */,
				B31CEC631DDAA764002F826C /* LiftTypeTVC.swift */,
			);
			path = Controllers;
			sourceTree = "<group>";
		};
		B3FCCD261E15C9F9003EF14E /* Removed */ = {
			isa = PBXGroup;
			children = (
				B31E9FBC1DD6AE2B00B9AEFC /* Removed - RoutineDataSource.swift */,
				B31E9FBA1DD6AE2000B9AEFC /* Removed - RoutinesDataSource.swift */,
			);
			path = Removed;
			sourceTree = "<group>";
		};
		B3FCCD271E171736003EF14E /* Views */ = {
			isa = PBXGroup;
			children = (
				B38208731DC2B1930008D6F8 /* Cells */,
				B3B6DB351E1F000700090C45 /* LiftTableHeaderView.swift */,
				B360593A1E1C41C300EBE620 /* StartBlankWorkoutButton.swift */,
				B335C3661DEEAD7100D21562 /* WorkoutFooterView.swift */,
				B3FCCD311E17249D003EF14E /* WorkoutFooterViewButton.swift */,
			);
			path = Views;
			sourceTree = "<group>";
		};
		B3FCCD2A1E171906003EF14E /* Auxiliary Classes */ = {
			isa = PBXGroup;
			children = (
				B3FCCD281E1718E6003EF14E /* KeyboardHandler.swift */,
				B3170D141DE3C405001A11CE /* TextFieldBehaviorHandler.swift */,
			);
			path = "Auxiliary Classes";
			sourceTree = "<group>";
		};
		DBD3A75B04BA5C514F4A4D03 /* Pods */ = {
			isa = PBXGroup;
			children = (
				F5DF9B2951A07F3A468D8C66 /* Pods-nWorkout.debug.xcconfig */,
				D148E4FD66FFC0CA971296DF /* Pods-nWorkout.release.xcconfig */,
			);
			path = Pods;
			sourceTree = "<group>";
		};
/* End PBXGroup section */

/* Begin PBXNativeTarget section */
		B356FBBE1DC09C160006A0F0 /* nWorkout */ = {
			isa = PBXNativeTarget;
			buildConfigurationList = B356FBD11DC09C160006A0F0 /* Build configuration list for PBXNativeTarget "nWorkout" */;
			buildPhases = (
				B356FBBB1DC09C160006A0F0 /* Sources */,
				B356FBBC1DC09C160006A0F0 /* Frameworks */,
				B356FBBD1DC09C160006A0F0 /* Resources */,
			);
			buildRules = (
			);
			dependencies = (
			);
			name = nWorkout;
			productName = nWorkout;
			productReference = B356FBBF1DC09C160006A0F0 /* nWorkout.app */;
			productType = "com.apple.product-type.application";
		};
/* End PBXNativeTarget section */

/* Begin PBXProject section */
		B356FBB71DC09C160006A0F0 /* Project object */ = {
			isa = PBXProject;
			attributes = {
				LastSwiftUpdateCheck = 0820;
				LastUpgradeCheck = 0820;
				ORGANIZATIONNAME = "Nathan Lanza";
				TargetAttributes = {
					B356FBBE1DC09C160006A0F0 = {
						CreatedOnToolsVersion = 8.1;
						DevelopmentTeam = 72MNHNDUNH;
						ProvisioningStyle = Automatic;
					};
				};
			};
			buildConfigurationList = B356FBBA1DC09C160006A0F0 /* Build configuration list for PBXProject "nWorkout" */;
			compatibilityVersion = "Xcode 3.2";
			developmentRegion = English;
			hasScannedForEncodings = 0;
			knownRegions = (
				en,
				Base,
			);
			mainGroup = B356FBB61DC09C160006A0F0;
			productRefGroup = B356FBC01DC09C160006A0F0 /* Products */;
			projectDirPath = "";
			projectRoot = "";
			targets = (
				B356FBBE1DC09C160006A0F0 /* nWorkout */,
			);
		};
/* End PBXProject section */

/* Begin PBXResourcesBuildPhase section */
		B356FBBD1DC09C160006A0F0 /* Resources */ = {
			isa = PBXResourcesBuildPhase;
			buildActionMask = 2147483647;
			files = (
				B356FBCD1DC09C160006A0F0 /* LaunchScreen.storyboard in Resources */,
				B30314681E302F1F00E13EBE /* Assets.xcassets in Resources */,
			);
			runOnlyForDeploymentPostprocessing = 0;
		};
/* End PBXResourcesBuildPhase section */

/* Begin PBXSourcesBuildPhase section */
		B356FBBB1DC09C160006A0F0 /* Sources */ = {
			isa = PBXSourcesBuildPhase;
			buildActionMask = 2147483647;
			files = (
				B360593D1E1C4ACE00EBE620 /* SelectWorkoutCell.swift in Sources */,
				B38208751DC2B1FA0008D6F8 /* BaseDataProvider.swift in Sources */,
				B3780EF01DD5A7010087CEC1 /* DataSource.swift in Sources */,
				B36059411E1C4B5600EBE620 /* LiftTypeCoordinator.swift in Sources */,
				B38208721DC2B1850008D6F8 /* WorkoutCell.swift in Sources */,
				B3FCCD231E137728003EF14E /* BaseWorkoutsTVC.swift in Sources */,
				B360592E1E1C3E8900EBE620 /* WeightAndRepsTextField.swift in Sources */,
				B36059441E1C92A600EBE620 /* ViewInfo.swift in Sources */,
				B335C3671DEEAD7100D21562 /* WorkoutFooterView.swift in Sources */,
				B36059481E1C951C00EBE620 /* CombinedView.swift in Sources */,
				B3170D151DE3C405001A11CE /* TextFieldBehaviorHandler.swift in Sources */,
				B36059461E1C92C100EBE620 /* SettingsCell.swift in Sources */,
				B36059301E1C3EA700EBE620 /* CompletedWeightAndRepsTextField.swift in Sources */,
				B3773F931DD7CF630067746D /* SelectWorkoutVC.swift in Sources */,
				B34BA05A1DC1CC4B006B6A51 /* Workout.swift in Sources */,
				B38208791DC2B23E0008D6F8 /* Base.swift in Sources */,
				B3BB31901DDAA24C0015F9B0 /* SettingsCoordinator.swift in Sources */,
				B3BB318E1DDAA2360015F9B0 /* StatisticsCoordinator.swift in Sources */,
				B37951931E34ACF0000F7428 /* StatisticsHistoryTVC.swift in Sources */,
				B34BA0561DC1CC29006B6A51 /* Theme.swift in Sources */,
				B31CEC641DDAA764002F826C /* LiftTypeTVC.swift in Sources */,
				B3FCCD321E17249D003EF14E /* WorkoutFooterViewButton.swift in Sources */,
				B31953A61E305F6000AC2687 /* WorkoutDetailCoordinator.swift in Sources */,
				B36059201E1C3D8F00EBE620 /* ColumnRowView.swift in Sources */,
				B34BA05C1DC1CCED006B6A51 /* Lift.swift in Sources */,
				B3BB31841DDAA15B0015F9B0 /* WorkoutCoordinator.swift in Sources */,
				B328D8141DD6FA5E000948ED /* SettingsTVC.swift in Sources */,
				B3BB318A1DDAA1B60015F9B0 /* AcrtiveWorkoutCoordinator.swift in Sources */,
				B36059221E1C3DB000EBE620 /* RoutineCell.swift in Sources */,
				B360592C1E1C3E7600EBE620 /* RoutineSetRowView.swift in Sources */,
				B3FCCD391E172AC3003EF14E /* WorkoutLiftCell.swift in Sources */,
				B3BB31821DDAA1390015F9B0 /* WorkoutsCoordinator.swift in Sources */,
				B3780EF31DD5A7100087CEC1 /* ArrayProvider.swift in Sources */,
				B31E9FBD1DD6AE2B00B9AEFC /* Removed - RoutineDataSource.swift in Sources */,
				B3BB318C1DDAA1F10015F9B0 /* SelectWorkoutCoordinator.swift in Sources */,
				B36F37E81E0F7FF100667263 /* RLM.swift in Sources */,
				B3780EF81DD5B0C80087CEC1 /* ConfigurableCell.swift in Sources */,
				B3B6DB361E1F000700090C45 /* LiftTableHeaderView.swift in Sources */,
				B3BB31861DDAA17B0015F9B0 /* RoutinesCoordinator.swift in Sources */,
				B32504061E34456C00C51909 /* CarbonStatisticsVC.swift in Sources */,
				B36059391E1C3F0700EBE620 /* CompleteButton.swift in Sources */,
				B360593F1E1C4B1700EBE620 /* UIAlertController+Extensions.swift in Sources */,
				B36059261E1C3E0800EBE620 /* RoutineLiftCell.swift in Sources */,
				B31CEC661DDB02A1002F826C /* LiftCell.swift in Sources */,
				B36059331E1C3EC700EBE620 /* SetNumberLabel.swift in Sources */,
				B31E9FBF1DD6AE3400B9AEFC /* RoutinesTVC.swift in Sources */,
				B36059501E1CC71F00EBE620 /* BaseWorkoutTVC.swift in Sources */,
				B3FCCD291E1718E6003EF14E /* KeyboardHandler.swift in Sources */,
				B36059371E1C3EF600EBE620 /* FailButton.swift in Sources */,
				B3312B341DC12F9700318AA6 /* MainCoordinator.swift in Sources */,
				B3FCCD251E137828003EF14E /* BaseTVC.swift in Sources */,
				B328D8101DD6FA3C000948ED /* RoutineTVC.swift in Sources */,
				B382087B1DC2B2C00008D6F8 /* WorkoutsTVC.swift in Sources */,
				B360593B1E1C41C300EBE620 /* StartBlankWorkoutButton.swift in Sources */,
				B38208771DC2B22A0008D6F8 /* Set.swift in Sources */,
				B382087F1DC2B3EE0008D6F8 /* WorkoutTVC.swift in Sources */,
				B3FCCD371E172A9F003EF14E /* ActiveOrFinished.swift in Sources */,
				B36059241E1C3DCF00EBE620 /* BaseChartViewDataSource.swift in Sources */,
				B35DAE401DDBDAB300EE5960 /* Keyboard&KeyboardDelegate.swift in Sources */,
				B32504041E34455900C51909 /* SingleLiftStatisticsCoordinator.swift in Sources */,
				B31E9FBB1DD6AE2000B9AEFC /* Removed - RoutinesDataSource.swift in Sources */,
				B31953A81E305F7900AC2687 /* WorkoutDetailVC.swift in Sources */,
				B3D456C31DC1E309008075D5 /* DataProvider.swift in Sources */,
				B328D8121DD6FA52000948ED /* StatisticsTVC.swift in Sources */,
				B36059351E1C3EDF00EBE620 /* WeightAndRepsLabel.swift in Sources */,
				B31E9FB91DD6AE0100B9AEFC /* WorkoutDataSource.swift in Sources */,
				B34E6FD81E1DF33600ACA4D5 /* NoteButton.swift in Sources */,
				B3BB31881DDAA19C0015F9B0 /* RoutineCoordinator.swift in Sources */,
				B32504021E34447300C51909 /* StatisticsCell.swift in Sources */,
				B356FBC31DC09C160006A0F0 /* AppDelegate.swift in Sources */,
				B3780EF61DD5AF2D0087CEC1 /* WorkoutsDataSource.swift in Sources */,
				B35DAE3E1DDBC7BD00EE5960 /* SetRowView.swift in Sources */,
				B34BA0581DC1CC33006B6A51 /* Lets.swift in Sources */,
			);
			runOnlyForDeploymentPostprocessing = 0;
		};
/* End PBXSourcesBuildPhase section */

/* Begin PBXVariantGroup section */
		B356FBCB1DC09C160006A0F0 /* LaunchScreen.storyboard */ = {
			isa = PBXVariantGroup;
			children = (
				B356FBCC1DC09C160006A0F0 /* Base */,
			);
			name = LaunchScreen.storyboard;
			path = .;
			sourceTree = "<group>";
		};
/* End PBXVariantGroup section */

/* Begin XCBuildConfiguration section */
		B356FBCF1DC09C160006A0F0 /* Debug */ = {
			isa = XCBuildConfiguration;
			buildSettings = {
				ALWAYS_SEARCH_USER_PATHS = NO;
				CLANG_ANALYZER_NONNULL = YES;
				CLANG_CXX_LANGUAGE_STANDARD = "gnu++0x";
				CLANG_CXX_LIBRARY = "libc++";
				CLANG_ENABLE_MODULES = YES;
				CLANG_ENABLE_OBJC_ARC = YES;
				CLANG_WARN_BOOL_CONVERSION = YES;
				CLANG_WARN_CONSTANT_CONVERSION = YES;
				CLANG_WARN_DIRECT_OBJC_ISA_USAGE = YES_ERROR;
				CLANG_WARN_DOCUMENTATION_COMMENTS = YES;
				CLANG_WARN_EMPTY_BODY = YES;
				CLANG_WARN_ENUM_CONVERSION = YES;
				CLANG_WARN_INFINITE_RECURSION = YES;
				CLANG_WARN_INT_CONVERSION = YES;
				CLANG_WARN_OBJC_ROOT_CLASS = YES_ERROR;
				CLANG_WARN_SUSPICIOUS_MOVE = YES;
				CLANG_WARN_SUSPICIOUS_MOVES = YES;
				CLANG_WARN_UNREACHABLE_CODE = YES;
				CLANG_WARN__DUPLICATE_METHOD_MATCH = YES;
				"CODE_SIGN_IDENTITY[sdk=iphoneos*]" = "iPhone Developer";
				COPY_PHASE_STRIP = NO;
				DEBUG_INFORMATION_FORMAT = dwarf;
				ENABLE_STRICT_OBJC_MSGSEND = YES;
				ENABLE_TESTABILITY = YES;
				GCC_C_LANGUAGE_STANDARD = gnu99;
				GCC_DYNAMIC_NO_PIC = NO;
				GCC_NO_COMMON_BLOCKS = YES;
				GCC_OPTIMIZATION_LEVEL = 0;
				GCC_PREPROCESSOR_DEFINITIONS = (
					"DEBUG=1",
					"$(inherited)",
				);
				GCC_WARN_64_TO_32_BIT_CONVERSION = YES;
				GCC_WARN_ABOUT_RETURN_TYPE = YES_ERROR;
				GCC_WARN_UNDECLARED_SELECTOR = YES;
				GCC_WARN_UNINITIALIZED_AUTOS = YES_AGGRESSIVE;
				GCC_WARN_UNUSED_FUNCTION = YES;
				GCC_WARN_UNUSED_VARIABLE = YES;
				IPHONEOS_DEPLOYMENT_TARGET = 10.1;
				MTL_ENABLE_DEBUG_INFO = YES;
				ONLY_ACTIVE_ARCH = YES;
				SDKROOT = iphoneos;
				SWIFT_ACTIVE_COMPILATION_CONDITIONS = DEBUG;
				SWIFT_OPTIMIZATION_LEVEL = "-Onone";
				TARGETED_DEVICE_FAMILY = "1,2";
			};
			name = Debug;
		};
		B356FBD01DC09C160006A0F0 /* Release */ = {
			isa = XCBuildConfiguration;
			buildSettings = {
				ALWAYS_SEARCH_USER_PATHS = NO;
				CLANG_ANALYZER_NONNULL = YES;
				CLANG_CXX_LANGUAGE_STANDARD = "gnu++0x";
				CLANG_CXX_LIBRARY = "libc++";
				CLANG_ENABLE_MODULES = YES;
				CLANG_ENABLE_OBJC_ARC = YES;
				CLANG_WARN_BOOL_CONVERSION = YES;
				CLANG_WARN_CONSTANT_CONVERSION = YES;
				CLANG_WARN_DIRECT_OBJC_ISA_USAGE = YES_ERROR;
				CLANG_WARN_DOCUMENTATION_COMMENTS = YES;
				CLANG_WARN_EMPTY_BODY = YES;
				CLANG_WARN_ENUM_CONVERSION = YES;
				CLANG_WARN_INFINITE_RECURSION = YES;
				CLANG_WARN_INT_CONVERSION = YES;
				CLANG_WARN_OBJC_ROOT_CLASS = YES_ERROR;
				CLANG_WARN_SUSPICIOUS_MOVE = YES;
				CLANG_WARN_SUSPICIOUS_MOVES = YES;
				CLANG_WARN_UNREACHABLE_CODE = YES;
				CLANG_WARN__DUPLICATE_METHOD_MATCH = YES;
				"CODE_SIGN_IDENTITY[sdk=iphoneos*]" = "iPhone Developer";
				COPY_PHASE_STRIP = NO;
				DEBUG_INFORMATION_FORMAT = "dwarf-with-dsym";
				ENABLE_NS_ASSERTIONS = NO;
				ENABLE_STRICT_OBJC_MSGSEND = YES;
				GCC_C_LANGUAGE_STANDARD = gnu99;
				GCC_NO_COMMON_BLOCKS = YES;
				GCC_WARN_64_TO_32_BIT_CONVERSION = YES;
				GCC_WARN_ABOUT_RETURN_TYPE = YES_ERROR;
				GCC_WARN_UNDECLARED_SELECTOR = YES;
				GCC_WARN_UNINITIALIZED_AUTOS = YES_AGGRESSIVE;
				GCC_WARN_UNUSED_FUNCTION = YES;
				GCC_WARN_UNUSED_VARIABLE = YES;
				IPHONEOS_DEPLOYMENT_TARGET = 10.1;
				MTL_ENABLE_DEBUG_INFO = NO;
				SDKROOT = iphoneos;
				SWIFT_OPTIMIZATION_LEVEL = "-Owholemodule";
				TARGETED_DEVICE_FAMILY = "1,2";
				VALIDATE_PRODUCT = YES;
			};
			name = Release;
		};
		B356FBD21DC09C160006A0F0 /* Debug */ = {
			isa = XCBuildConfiguration;
			buildSettings = {
				ASSETCATALOG_COMPILER_APPICON_NAME = AppIcon;
				DEVELOPMENT_TEAM = 72MNHNDUNH;
				INFOPLIST_FILE = Other/Info.plist;
				LD_RUNPATH_SEARCH_PATHS = "@executable_path/Frameworks";
				PRODUCT_BUNDLE_IDENTIFIER = io.lanza.nWorkout;
				PRODUCT_NAME = "$(TARGET_NAME)";
				SWIFT_VERSION = 3.0;
			};
			name = Debug;
		};
		B356FBD31DC09C160006A0F0 /* Release */ = {
			isa = XCBuildConfiguration;
			buildSettings = {
				ASSETCATALOG_COMPILER_APPICON_NAME = AppIcon;
				DEVELOPMENT_TEAM = 72MNHNDUNH;
				INFOPLIST_FILE = Other/Info.plist;
				LD_RUNPATH_SEARCH_PATHS = "@executable_path/Frameworks";
				PRODUCT_BUNDLE_IDENTIFIER = io.lanza.nWorkout;
				PRODUCT_NAME = "$(TARGET_NAME)";
				SWIFT_VERSION = 3.0;
			};
			name = Release;
		};
/* End XCBuildConfiguration section */

/* Begin XCConfigurationList section */
		B356FBBA1DC09C160006A0F0 /* Build configuration list for PBXProject "nWorkout" */ = {
			isa = XCConfigurationList;
			buildConfigurations = (
				B356FBCF1DC09C160006A0F0 /* Debug */,
				B356FBD01DC09C160006A0F0 /* Release */,
			);
			defaultConfigurationIsVisible = 0;
			defaultConfigurationName = Release;
		};
		B356FBD11DC09C160006A0F0 /* Build configuration list for PBXNativeTarget "nWorkout" */ = {
			isa = XCConfigurationList;
			buildConfigurations = (
				B356FBD21DC09C160006A0F0 /* Debug */,
				B356FBD31DC09C160006A0F0 /* Release */,
			);
			defaultConfigurationIsVisible = 0;
			defaultConfigurationName = Release;
		};
/* End XCConfigurationList section */
	};
	rootObject = B356FBB71DC09C160006A0F0 /* Project object */;
}
