PODS:
  - ChartView (0.0.1)
  - CoordinatorKit (0.0.2)
  - DZNEmptyDataSet (1.8.1)
  - Realm (2.0.2):
    - Realm/Headers (= 2.0.2)
  - Realm/Headers (2.0.2)
  - RealmSwift (2.0.2):
    - Realm (= 2.0.2)
  - RxCocoa (3.0.0-rc.1):
    - RxSwift (~> 3.0.0-rc.1)
  - RxSwift (3.0.0-rc.1)

DEPENDENCIES:
  - ChartView (from `~/Documents/ChartView`)
  - CoordinatorKit (from `~/Documents/CoordinatorKit`)
  - DZNEmptyDataSet
  - RealmSwift
  - RxCocoa (= 3.0.0-rc.1)
  - RxSwift (= 3.0.0-rc.1)

EXTERNAL SOURCES:
  ChartView:
    :branch: master
    :path: "~/Documents/ChartView"
  CoordinatorKit:
    :branch: master
    :path: "~/Documents/CoordinatorKit"

SPEC CHECKSUMS:
  ChartView: 39f9d2c61765ca3f00136bf498afb54111f9e0f7
  CoordinatorKit: f7dc06e3760bbd709c7a22bb3cb8378594f3dc60
  DZNEmptyDataSet: 9525833b9e68ac21c30253e1d3d7076cc828eaa7
  Realm: 0f5a194af0b7e6158b83db41b4ee1a00be7ddf1a
  RealmSwift: 0eb5070d851cba7c66e841ca756d83609dc78bc8
  RxCocoa: e72a074a7f38896ec0382d096df5f58df10115c7
  RxSwift: d7a3819dd71789c473e3cbf1a0c02d58b2692739

PODFILE CHECKSUM: 9f3a4e5b9d82eb2406b94e5862763533fbeb32a2

COCOAPODS: 1.1.1
